// !$*UTF8*$!
{
	archiveVersion = 1;
	classes = {
	};
	objectVersion = 50;
	objects = {

/* Begin PBXBuildFile section */
		0433FDA1230CE84A00AC613A /* AppDelegate.swift in Sources */ = {isa = PBXBuildFile; fileRef = 0433FDA0230CE84A00AC613A /* AppDelegate.swift */; };
		0433FDA3230CE84A00AC613A /* ViewController.swift in Sources */ = {isa = PBXBuildFile; fileRef = 0433FDA2230CE84A00AC613A /* ViewController.swift */; };
		0433FDA6230CE84A00AC613A /* Main.storyboard in Resources */ = {isa = PBXBuildFile; fileRef = 0433FDA4230CE84A00AC613A /* Main.storyboard */; };
		0433FDA8230CE84B00AC613A /* Assets.xcassets in Resources */ = {isa = PBXBuildFile; fileRef = 0433FDA7230CE84B00AC613A /* Assets.xcassets */; };
		0433FDAB230CE84B00AC613A /* LaunchScreen.storyboard in Resources */ = {isa = PBXBuildFile; fileRef = 0433FDA9230CE84B00AC613A /* LaunchScreen.storyboard */; };
		0433FDB6230CE84B00AC613A /* idiomTests.swift in Sources */ = {isa = PBXBuildFile; fileRef = 0433FDB5230CE84B00AC613A /* idiomTests.swift */; };
		0433FDC1230CE84B00AC613A /* idiomUITests.swift in Sources */ = {isa = PBXBuildFile; fileRef = 0433FDC0230CE84B00AC613A /* idiomUITests.swift */; };
		0433FDCF230CE85E00AC613A /* idoimlist.plist in Resources */ = {isa = PBXBuildFile; fileRef = 0433FDCE230CE85D00AC613A /* idoimlist.plist */; };
		04342B12230EF42300B1489C /* StarViewController.swift in Sources */ = {isa = PBXBuildFile; fileRef = 04342B11230EF42300B1489C /* StarViewController.swift */; };
		043546E3230E6D210020545F /* ExtendViewController.swift in Sources */ = {isa = PBXBuildFile; fileRef = 043546E2230E6D210020545F /* ExtendViewController.swift */; };
		043546E9230E7AFA0020545F /* ToolsViewController.m in Sources */ = {isa = PBXBuildFile; fileRef = 043546E8230E7AFA0020545F /* ToolsViewController.m */; };
		043546EB230E7E7D0020545F /* IdiomHomeViewController.swift in Sources */ = {isa = PBXBuildFile; fileRef = 043546EA230E7E7D0020545F /* IdiomHomeViewController.swift */; };
		043546ED230E84150020545F /* IdiomSearchViewController.swift in Sources */ = {isa = PBXBuildFile; fileRef = 043546EC230E84150020545F /* IdiomSearchViewController.swift */; };
		A9B8B8B2CD6B852A02655424 /* libPods-idiom.a in Frameworks */ = {isa = PBXBuildFile; fileRef = DB9E0EF891F1EF463BEC355C /* libPods-idiom.a */; };
/* End PBXBuildFile section */

/* Begin PBXContainerItemProxy section */
		0433FDB2230CE84B00AC613A /* PBXContainerItemProxy */ = {
			isa = PBXContainerItemProxy;
			containerPortal = 0433FD95230CE84A00AC613A /* Project object */;
			proxyType = 1;
			remoteGlobalIDString = 0433FD9C230CE84A00AC613A;
			remoteInfo = idiom;
		};
		0433FDBD230CE84B00AC613A /* PBXContainerItemProxy */ = {
			isa = PBXContainerItemProxy;
			containerPortal = 0433FD95230CE84A00AC613A /* Project object */;
			proxyType = 1;
			remoteGlobalIDString = 0433FD9C230CE84A00AC613A;
			remoteInfo = idiom;
		};
/* End PBXContainerItemProxy section */

/* Begin PBXFileReference section */
		0433FD9D230CE84A00AC613A /* idiom.app */ = {isa = PBXFileReference; explicitFileType = wrapper.application; includeInIndex = 0; path = idiom.app; sourceTree = BUILT_PRODUCTS_DIR; };
		0433FDA0230CE84A00AC613A /* AppDelegate.swift */ = {isa = PBXFileReference; lastKnownFileType = sourcecode.swift; path = AppDelegate.swift; sourceTree = "<group>"; };
		0433FDA2230CE84A00AC613A /* ViewController.swift */ = {isa = PBXFileReference; lastKnownFileType = sourcecode.swift; path = ViewController.swift; sourceTree = "<group>"; };
		0433FDA5230CE84A00AC613A /* Base */ = {isa = PBXFileReference; lastKnownFileType = file.storyboard; name = Base; path = Base.lproj/Main.storyboard; sourceTree = "<group>"; };
		0433FDA7230CE84B00AC613A /* Assets.xcassets */ = {isa = PBXFileReference; lastKnownFileType = folder.assetcatalog; path = Assets.xcassets; sourceTree = "<group>"; };
		0433FDAA230CE84B00AC613A /* Base */ = {isa = PBXFileReference; lastKnownFileType = file.storyboard; name = Base; path = Base.lproj/LaunchScreen.storyboard; sourceTree = "<group>"; };
		0433FDAC230CE84B00AC613A /* Info.plist */ = {isa = PBXFileReference; lastKnownFileType = text.plist.xml; path = Info.plist; sourceTree = "<group>"; };
		0433FDB1230CE84B00AC613A /* idiomTests.xctest */ = {isa = PBXFileReference; explicitFileType = wrapper.cfbundle; includeInIndex = 0; path = idiomTests.xctest; sourceTree = BUILT_PRODUCTS_DIR; };
		0433FDB5230CE84B00AC613A /* idiomTests.swift */ = {isa = PBXFileReference; lastKnownFileType = sourcecode.swift; path = idiomTests.swift; sourceTree = "<group>"; };
		0433FDB7230CE84B00AC613A /* Info.plist */ = {isa = PBXFileReference; lastKnownFileType = text.plist.xml; path = Info.plist; sourceTree = "<group>"; };
		0433FDBC230CE84B00AC613A /* idiomUITests.xctest */ = {isa = PBXFileReference; explicitFileType = wrapper.cfbundle; includeInIndex = 0; path = idiomUITests.xctest; sourceTree = BUILT_PRODUCTS_DIR; };
		0433FDC0230CE84B00AC613A /* idiomUITests.swift */ = {isa = PBXFileReference; lastKnownFileType = sourcecode.swift; path = idiomUITests.swift; sourceTree = "<group>"; };
		0433FDC2230CE84B00AC613A /* Info.plist */ = {isa = PBXFileReference; lastKnownFileType = text.plist.xml; path = Info.plist; sourceTree = "<group>"; };
		0433FDCE230CE85D00AC613A /* idoimlist.plist */ = {isa = PBXFileReference; fileEncoding = 4; lastKnownFileType = text.plist.xml; path = idoimlist.plist; sourceTree = "<group>"; };
		04342B11230EF42300B1489C /* StarViewController.swift */ = {isa = PBXFileReference; lastKnownFileType = sourcecode.swift; path = StarViewController.swift; sourceTree = "<group>"; };
		043546E1230E65430020545F /* idiomHeader.h */ = {isa = PBXFileReference; lastKnownFileType = sourcecode.c.h; path = idiomHeader.h; sourceTree = "<group>"; };
		043546E2230E6D210020545F /* ExtendViewController.swift */ = {isa = PBXFileReference; lastKnownFileType = sourcecode.swift; path = ExtendViewController.swift; sourceTree = "<group>"; };
		043546E7230E7AFA0020545F /* ToolsViewController.h */ = {isa = PBXFileReference; lastKnownFileType = sourcecode.c.h; path = ToolsViewController.h; sourceTree = "<group>"; };
		043546E8230E7AFA0020545F /* ToolsViewController.m */ = {isa = PBXFileReference; lastKnownFileType = sourcecode.c.objc; path = ToolsViewController.m; sourceTree = "<group>"; };
		043546EA230E7E7D0020545F /* IdiomHomeViewController.swift */ = {isa = PBXFileReference; lastKnownFileType = sourcecode.swift; path = IdiomHomeViewController.swift; sourceTree = "<group>"; };
		043546EC230E84150020545F /* IdiomSearchViewController.swift */ = {isa = PBXFileReference; lastKnownFileType = sourcecode.swift; path = IdiomSearchViewController.swift; sourceTree = "<group>"; };
		470166ECAF3A60BDCA841334 /* libPods-idiomTests.a */ = {isa = PBXFileReference; explicitFileType = archive.ar; includeInIndex = 0; path = "libPods-idiomTests.a"; sourceTree = BUILT_PRODUCTS_DIR; };
		4CBC5B88FD5BB0EE83B86DE9 /* Pods-idiom.release.xcconfig */ = {isa = PBXFileReference; includeInIndex = 1; lastKnownFileType = text.xcconfig; name = "Pods-idiom.release.xcconfig"; path = "Pods/Target Support Files/Pods-idiom/Pods-idiom.release.xcconfig"; sourceTree = "<group>"; };
		7586761E882039B2EC9FBDBF /* libPods-idiomUITests.a */ = {isa = PBXFileReference; explicitFileType = archive.ar; includeInIndex = 0; path = "libPods-idiomUITests.a"; sourceTree = BUILT_PRODUCTS_DIR; };
		DB9E0EF891F1EF463BEC355C /* libPods-idiom.a */ = {isa = PBXFileReference; explicitFileType = archive.ar; includeInIndex = 0; path = "libPods-idiom.a"; sourceTree = BUILT_PRODUCTS_DIR; };
		EBE1579ABE8255B77B14B2C1 /* Pods-idiom.debug.xcconfig */ = {isa = PBXFileReference; includeInIndex = 1; lastKnownFileType = text.xcconfig; name = "Pods-idiom.debug.xcconfig"; path = "Pods/Target Support Files/Pods-idiom/Pods-idiom.debug.xcconfig"; sourceTree = "<group>"; };
/* End PBXFileReference section */

/* Begin PBXFrameworksBuildPhase section */
		0433FD9A230CE84A00AC613A /* Frameworks */ = {
			isa = PBXFrameworksBuildPhase;
			buildActionMask = 2147483647;
			files = (
				A9B8B8B2CD6B852A02655424 /* libPods-idiom.a in Frameworks */,
			);
			runOnlyForDeploymentPostprocessing = 0;
		};
		0433FDAE230CE84B00AC613A /* Frameworks */ = {
			isa = PBXFrameworksBuildPhase;
			buildActionMask = 2147483647;
			files = (
			);
			runOnlyForDeploymentPostprocessing = 0;
		};
		0433FDB9230CE84B00AC613A /* Frameworks */ = {
			isa = PBXFrameworksBuildPhase;
			buildActionMask = 2147483647;
			files = (
			);
			runOnlyForDeploymentPostprocessing = 0;
		};
/* End PBXFrameworksBuildPhase section */

/* Begin PBXGroup section */
		0433FD94230CE84A00AC613A = {
			isa = PBXGroup;
			children = (
				0433FD9F230CE84A00AC613A /* idiom */,
				0433FDB4230CE84B00AC613A /* idiomTests */,
				0433FDBF230CE84B00AC613A /* idiomUITests */,
				0433FD9E230CE84A00AC613A /* Products */,
				87A33916544AC9B0B7FBB8B1 /* Pods */,
				28E49E54BBFE1ED77FA4FB38 /* Frameworks */,
			);
			sourceTree = "<group>";
		};
		0433FD9E230CE84A00AC613A /* Products */ = {
			isa = PBXGroup;
			children = (
				0433FD9D230CE84A00AC613A /* idiom.app */,
				0433FDB1230CE84B00AC613A /* idiomTests.xctest */,
				0433FDBC230CE84B00AC613A /* idiomUITests.xctest */,
			);
			name = Products;
			sourceTree = "<group>";
		};
		0433FD9F230CE84A00AC613A /* idiom */ = {
			isa = PBXGroup;
			children = (
				0433FDA0230CE84A00AC613A /* AppDelegate.swift */,
				0433FDA2230CE84A00AC613A /* ViewController.swift */,
				0433FDA4230CE84A00AC613A /* Main.storyboard */,
				0433FDA7230CE84B00AC613A /* Assets.xcassets */,
				0433FDA9230CE84B00AC613A /* LaunchScreen.storyboard */,
				0433FDAC230CE84B00AC613A /* Info.plist */,
				0433FDCE230CE85D00AC613A /* idoimlist.plist */,
				043546E1230E65430020545F /* idiomHeader.h */,
				043546E2230E6D210020545F /* ExtendViewController.swift */,
				043546E7230E7AFA0020545F /* ToolsViewController.h */,
				043546E8230E7AFA0020545F /* ToolsViewController.m */,
				043546EA230E7E7D0020545F /* IdiomHomeViewController.swift */,
				043546EC230E84150020545F /* IdiomSearchViewController.swift */,
				04342B11230EF42300B1489C /* StarViewController.swift */,
			);
			path = idiom;
			sourceTree = "<group>";
		};
		0433FDB4230CE84B00AC613A /* idiomTests */ = {
			isa = PBXGroup;
			children = (
				0433FDB5230CE84B00AC613A /* idiomTests.swift */,
				0433FDB7230CE84B00AC613A /* Info.plist */,
			);
			path = idiomTests;
			sourceTree = "<group>";
		};
		0433FDBF230CE84B00AC613A /* idiomUITests */ = {
			isa = PBXGroup;
			children = (
				0433FDC0230CE84B00AC613A /* idiomUITests.swift */,
				0433FDC2230CE84B00AC613A /* Info.plist */,
			);
			path = idiomUITests;
			sourceTree = "<group>";
		};
		28E49E54BBFE1ED77FA4FB38 /* Frameworks */ = {
			isa = PBXGroup;
			children = (
				DB9E0EF891F1EF463BEC355C /* libPods-idiom.a */,
				470166ECAF3A60BDCA841334 /* libPods-idiomTests.a */,
				7586761E882039B2EC9FBDBF /* libPods-idiomUITests.a */,
			);
			name = Frameworks;
			sourceTree = "<group>";
		};
		87A33916544AC9B0B7FBB8B1 /* Pods */ = {
			isa = PBXGroup;
			children = (
				EBE1579ABE8255B77B14B2C1 /* Pods-idiom.debug.xcconfig */,
				4CBC5B88FD5BB0EE83B86DE9 /* Pods-idiom.release.xcconfig */,
			);
			name = Pods;
			sourceTree = "<group>";
		};
/* End PBXGroup section */

/* Begin PBXNativeTarget section */
		0433FD9C230CE84A00AC613A /* idiom */ = {
			isa = PBXNativeTarget;
			buildConfigurationList = 0433FDC5230CE84B00AC613A /* Build configuration list for PBXNativeTarget "idiom" */;
			buildPhases = (
				78F44954BD12F5AAFF4E2407 /* [CP] Check Pods Manifest.lock */,
				0433FD99230CE84A00AC613A /* Sources */,
				0433FD9A230CE84A00AC613A /* Frameworks */,
				0433FD9B230CE84A00AC613A /* Resources */,
				A3A4E7C2D715DE0F80E98404 /* [CP] Copy Pods Resources */,
			);
			buildRules = (
			);
			dependencies = (
			);
			name = idiom;
			productName = idiom;
			productReference = 0433FD9D230CE84A00AC613A /* idiom.app */;
			productType = "com.apple.product-type.application";
		};
		0433FDB0230CE84B00AC613A /* idiomTests */ = {
			isa = PBXNativeTarget;
			buildConfigurationList = 0433FDC8230CE84B00AC613A /* Build configuration list for PBXNativeTarget "idiomTests" */;
			buildPhases = (
				0433FDAD230CE84B00AC613A /* Sources */,
				0433FDAE230CE84B00AC613A /* Frameworks */,
				0433FDAF230CE84B00AC613A /* Resources */,
			);
			buildRules = (
			);
			dependencies = (
				0433FDB3230CE84B00AC613A /* PBXTargetDependency */,
			);
			name = idiomTests;
			productName = idiomTests;
			productReference = 0433FDB1230CE84B00AC613A /* idiomTests.xctest */;
			productType = "com.apple.product-type.bundle.unit-test";
		};
		0433FDBB230CE84B00AC613A /* idiomUITests */ = {
			isa = PBXNativeTarget;
			buildConfigurationList = 0433FDCB230CE84B00AC613A /* Build configuration list for PBXNativeTarget "idiomUITests" */;
			buildPhases = (
				0433FDB8230CE84B00AC613A /* Sources */,
				0433FDB9230CE84B00AC613A /* Frameworks */,
				0433FDBA230CE84B00AC613A /* Resources */,
			);
			buildRules = (
			);
			dependencies = (
				0433FDBE230CE84B00AC613A /* PBXTargetDependency */,
			);
			name = idiomUITests;
			productName = idiomUITests;
			productReference = 0433FDBC230CE84B00AC613A /* idiomUITests.xctest */;
			productType = "com.apple.product-type.bundle.ui-testing";
		};
/* End PBXNativeTarget section */

/* Begin PBXProject section */
		0433FD95230CE84A00AC613A /* Project object */ = {
			isa = PBXProject;
			attributes = {
				LastSwiftUpdateCheck = 1020;
				LastUpgradeCheck = 1020;
				ORGANIZATIONNAME = chang;
				TargetAttributes = {
					0433FD9C230CE84A00AC613A = {
						CreatedOnToolsVersion = 10.2.1;
					};
					0433FDB0230CE84B00AC613A = {
						CreatedOnToolsVersion = 10.2.1;
						TestTargetID = 0433FD9C230CE84A00AC613A;
					};
					0433FDBB230CE84B00AC613A = {
						CreatedOnToolsVersion = 10.2.1;
						TestTargetID = 0433FD9C230CE84A00AC613A;
					};
				};
			};
			buildConfigurationList = 0433FD98230CE84A00AC613A /* Build configuration list for PBXProject "idiom" */;
			compatibilityVersion = "Xcode 9.3";
			developmentRegion = en;
			hasScannedForEncodings = 0;
			knownRegions = (
				en,
				Base,
			);
			mainGroup = 0433FD94230CE84A00AC613A;
			productRefGroup = 0433FD9E230CE84A00AC613A /* Products */;
			projectDirPath = "";
			projectRoot = "";
			targets = (
				0433FD9C230CE84A00AC613A /* idiom */,
				0433FDB0230CE84B00AC613A /* idiomTests */,
				0433FDBB230CE84B00AC613A /* idiomUITests */,
			);
		};
/* End PBXProject section */

/* Begin PBXResourcesBuildPhase section */
		0433FD9B230CE84A00AC613A /* Resources */ = {
			isa = PBXResourcesBuildPhase;
			buildActionMask = 2147483647;
			files = (
				0433FDAB230CE84B00AC613A /* LaunchScreen.storyboard in Resources */,
				0433FDA8230CE84B00AC613A /* Assets.xcassets in Resources */,
				0433FDA6230CE84A00AC613A /* Main.storyboard in Resources */,
				0433FDCF230CE85E00AC613A /* idoimlist.plist in Resources */,
			);
			runOnlyForDeploymentPostprocessing = 0;
		};
		0433FDAF230CE84B00AC613A /* Resources */ = {
			isa = PBXResourcesBuildPhase;
			buildActionMask = 2147483647;
			files = (
			);
			runOnlyForDeploymentPostprocessing = 0;
		};
		0433FDBA230CE84B00AC613A /* Resources */ = {
			isa = PBXResourcesBuildPhase;
			buildActionMask = 2147483647;
			files = (
			);
			runOnlyForDeploymentPostprocessing = 0;
		};
/* End PBXResourcesBuildPhase section */

/* Begin PBXShellScriptBuildPhase section */
		78F44954BD12F5AAFF4E2407 /* [CP] Check Pods Manifest.lock */ = {
			isa = PBXShellScriptBuildPhase;
			buildActionMask = 2147483647;
			files = (
			);
			inputFileListPaths = (
			);
			inputPaths = (
				"${PODS_PODFILE_DIR_PATH}/Podfile.lock",
				"${PODS_ROOT}/Manifest.lock",
			);
			name = "[CP] Check Pods Manifest.lock";
			outputFileListPaths = (
			);
			outputPaths = (
				"$(DERIVED_FILE_DIR)/Pods-idiom-checkManifestLockResult.txt",
			);
			runOnlyForDeploymentPostprocessing = 0;
			shellPath = /bin/sh;
			shellScript = "diff \"${PODS_PODFILE_DIR_PATH}/Podfile.lock\" \"${PODS_ROOT}/Manifest.lock\" > /dev/null\nif [ $? != 0 ] ; then\n    # print error to STDERR\n    echo \"error: The sandbox is not in sync with the Podfile.lock. Run 'pod install' or update your CocoaPods installation.\" >&2\n    exit 1\nfi\n# This output is used by Xcode 'outputs' to avoid re-running this script phase.\necho \"SUCCESS\" > \"${SCRIPT_OUTPUT_FILE_0}\"\n";
			showEnvVarsInLog = 0;
		};
		A3A4E7C2D715DE0F80E98404 /* [CP] Copy Pods Resources */ = {
			isa = PBXShellScriptBuildPhase;
			buildActionMask = 2147483647;
			files = (
			);
			inputFileListPaths = (
			);
			inputPaths = (
				"${SRCROOT}/Pods/Target Support Files/Pods-idiom/Pods-idiom-resources.sh",
				"${PODS_ROOT}/IQKeyboardManager/IQKeyboardManager/Resources/IQKeyboardManager.bundle",
				"${PODS_ROOT}/WSProgressHUD/WSProgressHUD/WSProgressBundle.bundle",
			);
			name = "[CP] Copy Pods Resources";
			outputFileListPaths = (
			);
			outputPaths = (
				"${TARGET_BUILD_DIR}/${UNLOCALIZED_RESOURCES_FOLDER_PATH}/IQKeyboardManager.bundle",
				"${TARGET_BUILD_DIR}/${UNLOCALIZED_RESOURCES_FOLDER_PATH}/WSProgressBundle.bundle",
			);
			runOnlyForDeploymentPostprocessing = 0;
			shellPath = /bin/sh;
			shellScript = "\"${SRCROOT}/Pods/Target Support Files/Pods-idiom/Pods-idiom-resources.sh\"\n";
			showEnvVarsInLog = 0;
		};
/* End PBXShellScriptBuildPhase section */

/* Begin PBXSourcesBuildPhase section */
		0433FD99230CE84A00AC613A /* Sources */ = {
			isa = PBXSourcesBuildPhase;
			buildActionMask = 2147483647;
			files = (
				0433FDA3230CE84A00AC613A /* ViewController.swift in Sources */,
				0433FDA1230CE84A00AC613A /* AppDelegate.swift in Sources */,
				043546EB230E7E7D0020545F /* IdiomHomeViewController.swift in Sources */,
				043546E3230E6D210020545F /* ExtendViewController.swift in Sources */,
				043546E9230E7AFA0020545F /* ToolsViewController.m in Sources */,
				04342B12230EF42300B1489C /* StarViewController.swift in Sources */,
				043546ED230E84150020545F /* IdiomSearchViewController.swift in Sources */,
			);
			runOnlyForDeploymentPostprocessing = 0;
		};
		0433FDAD230CE84B00AC613A /* Sources */ = {
			isa = PBXSourcesBuildPhase;
			buildActionMask = 2147483647;
			files = (
				0433FDB6230CE84B00AC613A /* idiomTests.swift in Sources */,
			);
			runOnlyForDeploymentPostprocessing = 0;
		};
		0433FDB8230CE84B00AC613A /* Sources */ = {
			isa = PBXSourcesBuildPhase;
			buildActionMask = 2147483647;
			files = (
				0433FDC1230CE84B00AC613A /* idiomUITests.swift in Sources */,
			);
			runOnlyForDeploymentPostprocessing = 0;
		};
/* End PBXSourcesBuildPhase section */

/* Begin PBXTargetDependency section */
		0433FDB3230CE84B00AC613A /* PBXTargetDependency */ = {
			isa = PBXTargetDependency;
			target = 0433FD9C230CE84A00AC613A /* idiom */;
			targetProxy = 0433FDB2230CE84B00AC613A /* PBXContainerItemProxy */;
		};
		0433FDBE230CE84B00AC613A /* PBXTargetDependency */ = {
			isa = PBXTargetDependency;
			target = 0433FD9C230CE84A00AC613A /* idiom */;
			targetProxy = 0433FDBD230CE84B00AC613A /* PBXContainerItemProxy */;
		};
/* End PBXTargetDependency section */

/* Begin PBXVariantGroup section */
		0433FDA4230CE84A00AC613A /* Main.storyboard */ = {
			isa = PBXVariantGroup;
			children = (
				0433FDA5230CE84A00AC613A /* Base */,
			);
			name = Main.storyboard;
			sourceTree = "<group>";
		};
		0433FDA9230CE84B00AC613A /* LaunchScreen.storyboard */ = {
			isa = PBXVariantGroup;
			children = (
				0433FDAA230CE84B00AC613A /* Base */,
			);
			name = LaunchScreen.storyboard;
			sourceTree = "<group>";
		};
/* End PBXVariantGroup section */

/* Begin XCBuildConfiguration section */
		0433FDC3230CE84B00AC613A /* Debug */ = {
			isa = XCBuildConfiguration;
			buildSettings = {
				ALWAYS_SEARCH_USER_PATHS = NO;
				CLANG_ANALYZER_NONNULL = YES;
				CLANG_ANALYZER_NUMBER_OBJECT_CONVERSION = YES_AGGRESSIVE;
				CLANG_CXX_LANGUAGE_STANDARD = "gnu++14";
				CLANG_CXX_LIBRARY = "libc++";
				CLANG_ENABLE_MODULES = YES;
				CLANG_ENABLE_OBJC_ARC = YES;
				CLANG_ENABLE_OBJC_WEAK = YES;
				CLANG_WARN_BLOCK_CAPTURE_AUTORELEASING = YES;
				CLANG_WARN_BOOL_CONVERSION = YES;
				CLANG_WARN_COMMA = YES;
				CLANG_WARN_CONSTANT_CONVERSION = YES;
				CLANG_WARN_DEPRECATED_OBJC_IMPLEMENTATIONS = YES;
				CLANG_WARN_DIRECT_OBJC_ISA_USAGE = YES_ERROR;
				CLANG_WARN_DOCUMENTATION_COMMENTS = YES;
				CLANG_WARN_EMPTY_BODY = YES;
				CLANG_WARN_ENUM_CONVERSION = YES;
				CLANG_WARN_INFINITE_RECURSION = YES;
				CLANG_WARN_INT_CONVERSION = YES;
				CLANG_WARN_NON_LITERAL_NULL_CONVERSION = YES;
				CLANG_WARN_OBJC_IMPLICIT_RETAIN_SELF = YES;
				CLANG_WARN_OBJC_LITERAL_CONVERSION = YES;
				CLANG_WARN_OBJC_ROOT_CLASS = YES_ERROR;
				CLANG_WARN_RANGE_LOOP_ANALYSIS = YES;
				CLANG_WARN_STRICT_PROTOTYPES = YES;
				CLANG_WARN_SUSPICIOUS_MOVE = YES;
				CLANG_WARN_UNGUARDED_AVAILABILITY = YES_AGGRESSIVE;
				CLANG_WARN_UNREACHABLE_CODE = YES;
				CLANG_WARN__DUPLICATE_METHOD_MATCH = YES;
				CODE_SIGN_IDENTITY = "iPhone Developer";
				COPY_PHASE_STRIP = NO;
				DEBUG_INFORMATION_FORMAT = dwarf;
				ENABLE_STRICT_OBJC_MSGSEND = YES;
				ENABLE_TESTABILITY = YES;
				GCC_C_LANGUAGE_STANDARD = gnu11;
				GCC_DYNAMIC_NO_PIC = NO;
				GCC_NO_COMMON_BLOCKS = YES;
				GCC_OPTIMIZATION_LEVEL = 0;
				GCC_PREPROCESSOR_DEFINITIONS = (
					"DEBUG=1",
					"$(inherited)",
				);
				GCC_WARN_64_TO_32_BIT_CONVERSION = YES;
				GCC_WARN_ABOUT_RETURN_TYPE = YES_ERROR;
				GCC_WARN_UNDECLARED_SELECTOR = YES;
				GCC_WARN_UNINITIALIZED_AUTOS = YES_AGGRESSIVE;
				GCC_WARN_UNUSED_FUNCTION = YES;
				GCC_WARN_UNUSED_VARIABLE = YES;
				IPHONEOS_DEPLOYMENT_TARGET = 12.2;
				MTL_ENABLE_DEBUG_INFO = INCLUDE_SOURCE;
				MTL_FAST_MATH = YES;
				ONLY_ACTIVE_ARCH = YES;
				SDKROOT = iphoneos;
				SWIFT_ACTIVE_COMPILATION_CONDITIONS = DEBUG;
				SWIFT_OPTIMIZATION_LEVEL = "-Onone";
			};
			name = Debug;
		};
		0433FDC4230CE84B00AC613A /* Release */ = {
			isa = XCBuildConfiguration;
			buildSettings = {
				ALWAYS_SEARCH_USER_PATHS = NO;
				CLANG_ANALYZER_NONNULL = YES;
				CLANG_ANALYZER_NUMBER_OBJECT_CONVERSION = YES_AGGRESSIVE;
				CLANG_CXX_LANGUAGE_STANDARD = "gnu++14";
				CLANG_CXX_LIBRARY = "libc++";
				CLANG_ENABLE_MODULES = YES;
				CLANG_ENABLE_OBJC_ARC = YES;
				CLANG_ENABLE_OBJC_WEAK = YES;
				CLANG_WARN_BLOCK_CAPTURE_AUTORELEASING = YES;
				CLANG_WARN_BOOL_CONVERSION = YES;
				CLANG_WARN_COMMA = YES;
				CLANG_WARN_CONSTANT_CONVERSION = YES;
				CLANG_WARN_DEPRECATED_OBJC_IMPLEMENTATIONS = YES;
				CLANG_WARN_DIRECT_OBJC_ISA_USAGE = YES_ERROR;
				CLANG_WARN_DOCUMENTATION_COMMENTS = YES;
				CLANG_WARN_EMPTY_BODY = YES;
				CLANG_WARN_ENUM_CONVERSION = YES;
				CLANG_WARN_INFINITE_RECURSION = YES;
				CLANG_WARN_INT_CONVERSION = YES;
				CLANG_WARN_NON_LITERAL_NULL_CONVERSION = YES;
				CLANG_WARN_OBJC_IMPLICIT_RETAIN_SELF = YES;
				CLANG_WARN_OBJC_LITERAL_CONVERSION = YES;
				CLANG_WARN_OBJC_ROOT_CLASS = YES_ERROR;
				CLANG_WARN_RANGE_LOOP_ANALYSIS = YES;
				CLANG_WARN_STRICT_PROTOTYPES = YES;
				CLANG_WARN_SUSPICIOUS_MOVE = YES;
				CLANG_WARN_UNGUARDED_AVAILABILITY = YES_AGGRESSIVE;
				CLANG_WARN_UNREACHABLE_CODE = YES;
				CLANG_WARN__DUPLICATE_METHOD_MATCH = YES;
				CODE_SIGN_IDENTITY = "iPhone Developer";
				COPY_PHASE_STRIP = NO;
				DEBUG_INFORMATION_FORMAT = "dwarf-with-dsym";
				ENABLE_NS_ASSERTIONS = NO;
				ENABLE_STRICT_OBJC_MSGSEND = YES;
				GCC_C_LANGUAGE_STANDARD = gnu11;
				GCC_NO_COMMON_BLOCKS = YES;
				GCC_WARN_64_TO_32_BIT_CONVERSION = YES;
				GCC_WARN_ABOUT_RETURN_TYPE = YES_ERROR;
				GCC_WARN_UNDECLARED_SELECTOR = YES;
				GCC_WARN_UNINITIALIZED_AUTOS = YES_AGGRESSIVE;
				GCC_WARN_UNUSED_FUNCTION = YES;
				GCC_WARN_UNUSED_VARIABLE = YES;
				IPHONEOS_DEPLOYMENT_TARGET = 12.2;
				MTL_ENABLE_DEBUG_INFO = NO;
				MTL_FAST_MATH = YES;
				SDKROOT = iphoneos;
				SWIFT_COMPILATION_MODE = wholemodule;
				SWIFT_OPTIMIZATION_LEVEL = "-O";
				VALIDATE_PRODUCT = YES;
			};
			name = Release;
		};
		0433FDC6230CE84B00AC613A /* Debug */ = {
			isa = XCBuildConfiguration;
			baseConfigurationReference = EBE1579ABE8255B77B14B2C1 /* Pods-idiom.debug.xcconfig */;
			buildSettings = {
				ASSETCATALOG_COMPILER_APPICON_NAME = AppIcon;
				CODE_SIGN_IDENTITY = "iPhone Developer";
				CODE_SIGN_STYLE = Automatic;
				DEVELOPMENT_TEAM = VP269QF67Y;
				INFOPLIST_FILE = idiom/Info.plist;
				IPHONEOS_DEPLOYMENT_TARGET = 10.0;
				LD_RUNPATH_SEARCH_PATHS = (
					"$(inherited)",
					"@executable_path/Frameworks",
				);
				PRODUCT_BUNDLE_IDENTIFIER = com.cheng.idiomstudy;
				PRODUCT_NAME = "$(TARGET_NAME)";
				PROVISIONING_PROFILE_SPECIFIER = "";
				SWIFT_OBJC_BRIDGING_HEADER = "$(PROJECT_DIR)/idiom/idiomHeader.h";
				SWIFT_VERSION = 5.0;
				TARGETED_DEVICE_FAMILY = 1;
			};
			name = Debug;
		};
		0433FDC7230CE84B00AC613A /* Release */ = {
			isa = XCBuildConfiguration;
			baseConfigurationReference = 4CBC5B88FD5BB0EE83B86DE9 /* Pods-idiom.release.xcconfig */;
			buildSettings = {
				ASSETCATALOG_COMPILER_APPICON_NAME = AppIcon;
				CODE_SIGN_IDENTITY = "iPhone Developer";
				CODE_SIGN_STYLE = Automatic;
				DEVELOPMENT_TEAM = VP269QF67Y;
				INFOPLIST_FILE = idiom/Info.plist;
				IPHONEOS_DEPLOYMENT_TARGET = 10.0;
				LD_RUNPATH_SEARCH_PATHS = (
					"$(inherited)",
					"@executable_path/Frameworks",
				);
				PRODUCT_BUNDLE_IDENTIFIER = com.cheng.idiomstudy;
				PRODUCT_NAME = "$(TARGET_NAME)";
				PROVISIONING_PROFILE_SPECIFIER = "";
				SWIFT_OBJC_BRIDGING_HEADER = "$(PROJECT_DIR)/idiom/idiomHeader.h";
				SWIFT_VERSION = 5.0;
				TARGETED_DEVICE_FAMILY = 1;
			};
			name = Release;
		};
		0433FDC9230CE84B00AC613A /* Debug */ = {
			isa = XCBuildConfiguration;
			buildSettings = {
				ALWAYS_EMBED_SWIFT_STANDARD_LIBRARIES = YES;
				BUNDLE_LOADER = "$(TEST_HOST)";
				CODE_SIGN_STYLE = Automatic;
				INFOPLIST_FILE = idiomTests/Info.plist;
				LD_RUNPATH_SEARCH_PATHS = (
					"$(inherited)",
					"@executable_path/Frameworks",
					"@loader_path/Frameworks",
				);
				PRODUCT_BUNDLE_IDENTIFIER = sadf.idiomTests;
				PRODUCT_NAME = "$(TARGET_NAME)";
				SWIFT_VERSION = 5.0;
				TARGETED_DEVICE_FAMILY = "1,2";
				TEST_HOST = "$(BUILT_PRODUCTS_DIR)/idiom.app/idiom";
			};
			name = Debug;
		};
		0433FDCA230CE84B00AC613A /* Release */ = {
			isa = XCBuildConfiguration;
			buildSettings = {
				ALWAYS_EMBED_SWIFT_STANDARD_LIBRARIES = YES;
				BUNDLE_LOADER = "$(TEST_HOST)";
				CODE_SIGN_STYLE = Automatic;
				INFOPLIST_FILE = idiomTests/Info.plist;
				LD_RUNPATH_SEARCH_PATHS = (
					"$(inherited)",
					"@executable_path/Frameworks",
					"@loader_path/Frameworks",
				);
				PRODUCT_BUNDLE_IDENTIFIER = sadf.idiomTests;
				PRODUCT_NAME = "$(TARGET_NAME)";
				SWIFT_VERSION = 5.0;
				TARGETED_DEVICE_FAMILY = "1,2";
				TEST_HOST = "$(BUILT_PRODUCTS_DIR)/idiom.app/idiom";
			};
			name = Release;
		};
		0433FDCC230CE84B00AC613A /* Debug */ = {
			isa = XCBuildConfiguration;
			buildSettings = {
				ALWAYS_EMBED_SWIFT_STANDARD_LIBRARIES = YES;
				CODE_SIGN_STYLE = Automatic;
				INFOPLIST_FILE = idiomUITests/Info.plist;
				LD_RUNPATH_SEARCH_PATHS = (
					"$(inherited)",
					"@executable_path/Frameworks",
					"@loader_path/Frameworks",
				);
				PRODUCT_BUNDLE_IDENTIFIER = sadf.idiomUITests;
				PRODUCT_NAME = "$(TARGET_NAME)";
				SWIFT_VERSION = 5.0;
				TARGETED_DEVICE_FAMILY = "1,2";
				TEST_TARGET_NAME = idiom;
			};
			name = Debug;
		};
		0433FDCD230CE84B00AC613A /* Release */ = {
			isa = XCBuildConfiguration;
			buildSettings = {
				ALWAYS_EMBED_SWIFT_STANDARD_LIBRARIES = YES;
				CODE_SIGN_STYLE = Automatic;
				INFOPLIST_FILE = idiomUITests/Info.plist;
				LD_RUNPATH_SEARCH_PATHS = (
					"$(inherited)",
					"@executable_path/Frameworks",
					"@loader_path/Frameworks",
				);
				PRODUCT_BUNDLE_IDENTIFIER = sadf.idiomUITests;
				PRODUCT_NAME = "$(TARGET_NAME)";
				SWIFT_VERSION = 5.0;
				TARGETED_DEVICE_FAMILY = "1,2";
				TEST_TARGET_NAME = idiom;
			};
			name = Release;
		};
/* End XCBuildConfiguration section */

/* Begin XCConfigurationList section */
		0433FD98230CE84A00AC613A /* Build configuration list for PBXProject "idiom" */ = {
			isa = XCConfigurationList;
			buildConfigurations = (
				0433FDC3230CE84B00AC613A /* Debug */,
				0433FDC4230CE84B00AC613A /* Release */,
			);
			defaultConfigurationIsVisible = 0;
			defaultConfigurationName = Release;
		};
		0433FDC5230CE84B00AC613A /* Build configuration list for PBXNativeTarget "idiom" */ = {
			isa = XCConfigurationList;
			buildConfigurations = (
				0433FDC6230CE84B00AC613A /* Debug */,
				0433FDC7230CE84B00AC613A /* Release */,
			);
			defaultConfigurationIsVisible = 0;
			defaultConfigurationName = Release;
		};
		0433FDC8230CE84B00AC613A /* Build configuration list for PBXNativeTarget "idiomTests" */ = {
			isa = XCConfigurationList;
			buildConfigurations = (
				0433FDC9230CE84B00AC613A /* Debug */,
				0433FDCA230CE84B00AC613A /* Release */,
			);
			defaultConfigurationIsVisible = 0;
			defaultConfigurationName = Release;
		};
		0433FDCB230CE84B00AC613A /* Build configuration list for PBXNativeTarget "idiomUITests" */ = {
			isa = XCConfigurationList;
			buildConfigurations = (
				0433FDCC230CE84B00AC613A /* Debug */,
				0433FDCD230CE84B00AC613A /* Release */,
			);
			defaultConfigurationIsVisible = 0;
			defaultConfigurationName = Release;
		};
/* End XCConfigurationList section */
	};
	rootObject = 0433FD95230CE84A00AC613A /* Project object */;
}
