PODS:
  - Alamofire (4.8.2)
  - CountdownLabel (4.0.1)
  - Differentiator (3.1.0)
  - IQKeyboardManager (6.4.0)
  - JCore (1.2.6)
  - JPush (3.1.0):
    - JCore (~> 1.2.0)
  - Kingfisher (5.6.0)
  - lottie-ios (3.1.2)
  - Moya/Core (13.0.1):
    - Alamofire (~> 4.1)
    - Result (~> 4.1)
  - Moya/RxSwift (13.0.1):
    - Moya/Core
    - RxSwift (~> 4.0)
  - ObjectMapper (3.4.2)
  - ReactorKit (1.2.1):
    - RxSwift (>= 4.0.0)
  - Result (4.1.0)
  - RxCocoa (4.5.0):
    - RxSwift (>= 4.4.2, ~> 4.4)
  - RxDataSources (3.1.0):
    - Differentiator (~> 3.0)
    - RxCocoa (~> 4.0)
    - RxSwift (~> 4.0)
  - RxSwift (4.5.0)
  - Shimmer (1.0.2)
  - SnapKit (5.0.1)
  - Then (2.5.0)
  - WSProgressHUD (1.1.3):
    - Shimmer
  - YYImage (1.0.4):
    - YYImage/Core (= 1.0.4)
  - YYImage/Core (1.0.4)

DEPENDENCIES:
  - Alamofire (= 4.8.2)
  - CountdownLabel
  - IQKeyboardManager
  - JPush (= 3.1.0)
  - Kingfisher (= 5.6.0)
  - lottie-ios
  - Moya/RxSwift (= 13.0.1)
  - ObjectMapper (= 3.4.2)
  - ReactorKit (= 1.2.1)
  - RxCocoa (= 4.5.0)
  - RxDataSources (= 3.1.0)
  - RxSwift (= 4.5.0)
  - SnapKit
  - Then
  - WSProgressHUD
  - YYImage

SPEC REPOS:
  https://github.com/cocoapods/specs.git:
    - Alamofire
    - CountdownLabel
    - Differentiator
    - IQKeyboardManager
    - JCore
    - JPush
    - Kingfisher
    - lottie-ios
    - Moya
    - ObjectMapper
    - ReactorKit
    - Result
    - RxCocoa
    - RxDataSources
    - RxSwift
    - Shimmer
    - SnapKit
    - Then
    - WSProgressHUD
    - YYImage

SPEC CHECKSUMS:
  Alamofire: ae5c501addb7afdbb13687d7f2f722c78734c2d3
  CountdownLabel: c9975e3f329140b5e7d1f45cd63b1300badd1712
  Differentiator: be49ca3408f0ecfc761e4c7763d20c62be01b9ad
  IQKeyboardManager: fcef267266379c003181fc3592f6bdb8bf4db839
  JCore: cae516dd2bf1a73b578ce6e1065abd49e709e0f7
  JPush: 5921e25ad13e0386351079217b009f2039084eac
  Kingfisher: 1a50df6880a60bae26f3e21a0df3d17b892f5e0b
  lottie-ios: 49cd85b1f24f61a7708ad7ec76a523ab2d0e3100
  Moya: f4a4b80ff2f8a4ffc208dfb31cd91636622fee6e
  ObjectMapper: 0d4402610f4e468903ae64629eec4784531e5c51
  ReactorKit: 8be57f0527ad1ac2963cd5c338274a46a01e57a3
  Result: bd966fac789cc6c1563440b348ab2598cc24d5c7
  RxCocoa: cbf70265dc65a981d4ac982e513c10cf23df24a0
  RxDataSources: a843bad90c29817f5923ec8163f4af2de084ceb3
  RxSwift: f172070dfd1a93d70a9ab97a5a01166206e1c575
  Shimmer: c5374be1c2b0c9e292fb05b339a513cf291cac86
  SnapKit: 97b92857e3df3a0c71833cce143274bf6ef8e5eb
  Then: 0157115e883545c77967b452fe74a1d25fb796e1
  WSProgressHUD: a0902809c8af112fb34b004fdc75c16eb85167a3
  YYImage: 1e1b62a9997399593e4b9c4ecfbbabbf1d3f3b54

PODFILE CHECKSUM: 8edfe587d68d4909be2161e7e9c1e0a9495fcdf4

COCOAPODS: 1.7.5
