// !$*UTF8*$!
{
	archiveVersion = 1;
	classes = {
	};
	objectVersion = 51;
	objects = {

/* Begin PBXBuildFile section */
		0433FDA1230CE84A00AC613A /* AppDelegate.swift in Sources */ = {isa = PBXBuildFile; fileRef = 0433FDA0230CE84A00AC613A /* AppDelegate.swift */; };
		0433FDA8230CE84B00AC613A /* Assets.xcassets in Resources */ = {isa = PBXBuildFile; fileRef = 0433FDA7230CE84B00AC613A /* Assets.xcassets */; };
		0433FDAB230CE84B00AC613A /* LaunchScreen.storyboard in Resources */ = {isa = PBXBuildFile; fileRef = 0433FDA9230CE84B00AC613A /* LaunchScreen.storyboard */; };
		080E9DD71A2D6D9003648347 /* Pods_ChengZiPuzzle.framework in Frameworks */ = {isa = PBXBuildFile; fileRef = ECE5E21FBDF7FBAB81B2F8B6 /* Pods_ChengZiPuzzle.framework */; };
		A90E4357233CA015006867E4 /* LaunchViewController.xib in Resources */ = {isa = PBXBuildFile; fileRef = A9138DAA233B7152009400A3 /* LaunchViewController.xib */; };
		A90E4358233CA015006867E4 /* LaunchViewController.swift in Sources */ = {isa = PBXBuildFile; fileRef = A9138DAD233B7152009400A3 /* LaunchViewController.swift */; };
		A90E435C233CA834006867E4 /* Observable+ObjectMapper.swift in Sources */ = {isa = PBXBuildFile; fileRef = A90E435B233CA833006867E4 /* Observable+ObjectMapper.swift */; };
		A90E435E233CA85F006867E4 /* Moya+ObjectMapper.swift in Sources */ = {isa = PBXBuildFile; fileRef = A90E435D233CA85F006867E4 /* Moya+ObjectMapper.swift */; };
		A9138E0F233B7170009400A3 /* GlobalImports.swift in Sources */ = {isa = PBXBuildFile; fileRef = A9138E0D233B716F009400A3 /* GlobalImports.swift */; };
		A9138E10233B7170009400A3 /* App.swift in Sources */ = {isa = PBXBuildFile; fileRef = A9138E0E233B7170009400A3 /* App.swift */; };
		A9138E11233B7170009400A3 /* AppError.swift in Sources */ = {isa = PBXBuildFile; fileRef = A9138E0C233B716F009400A3 /* AppError.swift */; };
		A9138E12233B7242009400A3 /* AppManager.swift in Sources */ = {isa = PBXBuildFile; fileRef = A9138E0B233B7163009400A3 /* AppManager.swift */; };
		A9138E13233B72AB009400A3 /* AppVersion.swift in Sources */ = {isa = PBXBuildFile; fileRef = A9138DBD233B7163009400A3 /* AppVersion.swift */; };
		A9138E14233B72B1009400A3 /* Rx+Codable.swift in Sources */ = {isa = PBXBuildFile; fileRef = A9138DC2233B7163009400A3 /* Rx+Codable.swift */; };
		A9138E15233B72B1009400A3 /* Response+Codable.swift in Sources */ = {isa = PBXBuildFile; fileRef = A9138DC3233B7163009400A3 /* Response+Codable.swift */; };
		A9138E16233B72B1009400A3 /* APIs.swift in Sources */ = {isa = PBXBuildFile; fileRef = A9138DC4233B7163009400A3 /* APIs.swift */; };
		A9138E17233B72B1009400A3 /* APIs+TopPage.swift in Sources */ = {isa = PBXBuildFile; fileRef = A9138DC5233B7163009400A3 /* APIs+TopPage.swift */; };
		A9138E18233B72B1009400A3 /* APITarget.swift in Sources */ = {isa = PBXBuildFile; fileRef = A9138DC6233B7163009400A3 /* APITarget.swift */; };
		A9138E19233B72BE009400A3 /* GlobalFunc.swift in Sources */ = {isa = PBXBuildFile; fileRef = A9138DD7233B7163009400A3 /* GlobalFunc.swift */; };
		A9138E1A233B72BE009400A3 /* GCD.swift in Sources */ = {isa = PBXBuildFile; fileRef = A9138DD8233B7163009400A3 /* GCD.swift */; };
		A9138E1B233B72BE009400A3 /* LoadJSON.swift in Sources */ = {isa = PBXBuildFile; fileRef = A9138DD9233B7163009400A3 /* LoadJSON.swift */; };
		A9138E1C233B72BE009400A3 /* ActivityIndicator.swift in Sources */ = {isa = PBXBuildFile; fileRef = A9138DDA233B7163009400A3 /* ActivityIndicator.swift */; };
		A9138E1D233B72BE009400A3 /* SNSShareItem.swift in Sources */ = {isa = PBXBuildFile; fileRef = A9138E00233B7163009400A3 /* SNSShareItem.swift */; };
		A9138E1E233B72BE009400A3 /* Keychain.swift in Sources */ = {isa = PBXBuildFile; fileRef = A9138E01233B7163009400A3 /* Keychain.swift */; };
		A9138E1F233B72BE009400A3 /* Cache.swift in Sources */ = {isa = PBXBuildFile; fileRef = A9138E02233B7163009400A3 /* Cache.swift */; };
		A9138E20233B72BE009400A3 /* FinancialInstrumentType.swift in Sources */ = {isa = PBXBuildFile; fileRef = A9138E03233B7163009400A3 /* FinancialInstrumentType.swift */; };
		A9138E21233B72BE009400A3 /* Const.swift in Sources */ = {isa = PBXBuildFile; fileRef = A9138E04233B7163009400A3 /* Const.swift */; };
		A9138E22233B72DC009400A3 /* XibInstantiatable.swift in Sources */ = {isa = PBXBuildFile; fileRef = A9138E06233B7163009400A3 /* XibInstantiatable.swift */; };
		A9138E23233B72DC009400A3 /* StoryboardInitializable.swift in Sources */ = {isa = PBXBuildFile; fileRef = A9138E07233B7163009400A3 /* StoryboardInitializable.swift */; };
		A9138E24233B72DC009400A3 /* DividingLineable.swift in Sources */ = {isa = PBXBuildFile; fileRef = A9138E08233B7163009400A3 /* DividingLineable.swift */; };
		A9138E25233B72DC009400A3 /* UserDefaultable.swift in Sources */ = {isa = PBXBuildFile; fileRef = A9138E09233B7163009400A3 /* UserDefaultable.swift */; };
		A9138E26233B72E5009400A3 /* Reactive+UIViewController.swift in Sources */ = {isa = PBXBuildFile; fileRef = A9138DDD233B7163009400A3 /* Reactive+UIViewController.swift */; };
		A9138E27233B72E5009400A3 /* UIImage+Additions.swift in Sources */ = {isa = PBXBuildFile; fileRef = A9138DDE233B7163009400A3 /* UIImage+Additions.swift */; };
		A9138E28233B72E5009400A3 /* UIView+Additions.swift in Sources */ = {isa = PBXBuildFile; fileRef = A9138DDF233B7163009400A3 /* UIView+Additions.swift */; };
		A9138E29233B72E5009400A3 /* UIColor+Hex.swift in Sources */ = {isa = PBXBuildFile; fileRef = A9138DE0233B7163009400A3 /* UIColor+Hex.swift */; };
		A9138E2A233B72E5009400A3 /* UIFont+Additions.swift in Sources */ = {isa = PBXBuildFile; fileRef = A9138DE1233B7163009400A3 /* UIFont+Additions.swift */; };
		A9138E2B233B72E5009400A3 /* UINavigation+Additions.swift in Sources */ = {isa = PBXBuildFile; fileRef = A9138DE2233B7163009400A3 /* UINavigation+Additions.swift */; };
		A9138E2C233B72E5009400A3 /* UIApplication+Additions.swift in Sources */ = {isa = PBXBuildFile; fileRef = A9138DE3233B7163009400A3 /* UIApplication+Additions.swift */; };
		A9138E2D233B72E5009400A3 /* UIDevice+Additions.swift in Sources */ = {isa = PBXBuildFile; fileRef = A9138DE4233B7163009400A3 /* UIDevice+Additions.swift */; };
		A9138E2E233B72E5009400A3 /* UIButton+Additions.swift in Sources */ = {isa = PBXBuildFile; fileRef = A9138DE5233B7163009400A3 /* UIButton+Additions.swift */; };
		A9138E2F233B72E5009400A3 /* UIButton+kf.swift in Sources */ = {isa = PBXBuildFile; fileRef = A9138DE6233B7163009400A3 /* UIButton+kf.swift */; };
		A9138E30233B72E5009400A3 /* UILabel+Font.swift in Sources */ = {isa = PBXBuildFile; fileRef = A9138DE7233B7163009400A3 /* UILabel+Font.swift */; };
		A9138E31233B72E5009400A3 /* UIEdgeInsets+Addtions.swift in Sources */ = {isa = PBXBuildFile; fileRef = A9138DE8233B7163009400A3 /* UIEdgeInsets+Addtions.swift */; };
		A9138E32233B72E5009400A3 /* UITableView+Additions.swift in Sources */ = {isa = PBXBuildFile; fileRef = A9138DE9233B7163009400A3 /* UITableView+Additions.swift */; };
		A9138E33233B72E5009400A3 /* UIActivityViewController+Addtions.swift in Sources */ = {isa = PBXBuildFile; fileRef = A9138DEA233B7163009400A3 /* UIActivityViewController+Addtions.swift */; };
		A9138E34233B72E5009400A3 /* UIScreen+Additions.swift in Sources */ = {isa = PBXBuildFile; fileRef = A9138DEB233B7163009400A3 /* UIScreen+Additions.swift */; };
		A9138E35233B72E5009400A3 /* UIImageView+kf.swift in Sources */ = {isa = PBXBuildFile; fileRef = A9138DEC233B7163009400A3 /* UIImageView+kf.swift */; };
		A9138E36233B72E5009400A3 /* UICollectionView+Additions.swift in Sources */ = {isa = PBXBuildFile; fileRef = A9138DED233B7163009400A3 /* UICollectionView+Additions.swift */; };
		A9138E37233B72EC009400A3 /* NSRecursiveLock+Additions.swift in Sources */ = {isa = PBXBuildFile; fileRef = A9138DEF233B7163009400A3 /* NSRecursiveLock+Additions.swift */; };
		A9138E38233B72EC009400A3 /* Date+Format.swift in Sources */ = {isa = PBXBuildFile; fileRef = A9138DF0233B7163009400A3 /* Date+Format.swift */; };
		A9138E39233B72EC009400A3 /* URL+Additions.swift in Sources */ = {isa = PBXBuildFile; fileRef = A9138DF1233B7163009400A3 /* URL+Additions.swift */; };
		A9138E3A233B72EC009400A3 /* Observable+Additions.swift in Sources */ = {isa = PBXBuildFile; fileRef = A9138DF2233B7163009400A3 /* Observable+Additions.swift */; };
		A9138E3B233B72EC009400A3 /* NSAttributedString+Additions.swift in Sources */ = {isa = PBXBuildFile; fileRef = A9138DF3233B7163009400A3 /* NSAttributedString+Additions.swift */; };
		A9138E3C233B72EC009400A3 /* NSObject+Additions.swift in Sources */ = {isa = PBXBuildFile; fileRef = A9138DF4233B7163009400A3 /* NSObject+Additions.swift */; };
		A9138E3D233B72EC009400A3 /* Optional+Additions.swift in Sources */ = {isa = PBXBuildFile; fileRef = A9138DF5233B7163009400A3 /* Optional+Additions.swift */; };
		A9138E3E233B72EC009400A3 /* Collection+Additions.swift in Sources */ = {isa = PBXBuildFile; fileRef = A9138DF6233B7163009400A3 /* Collection+Additions.swift */; };
		A9138E40233B72EC009400A3 /* Date+Additions.swift in Sources */ = {isa = PBXBuildFile; fileRef = A9138DF8233B7163009400A3 /* Date+Additions.swift */; };
		A9138E41233B72EC009400A3 /* Observable+Alert.swift in Sources */ = {isa = PBXBuildFile; fileRef = A9138DF9233B7163009400A3 /* Observable+Alert.swift */; };
		A9138E42233B72EC009400A3 /* UserDefault+Addtions.swift in Sources */ = {isa = PBXBuildFile; fileRef = A9138DFA233B7163009400A3 /* UserDefault+Addtions.swift */; };
		A9138E43233B72EC009400A3 /* Array+Additions.swift in Sources */ = {isa = PBXBuildFile; fileRef = A9138DFB233B7163009400A3 /* Array+Additions.swift */; };
		A9138E44233B72EC009400A3 /* Array+Math.swift in Sources */ = {isa = PBXBuildFile; fileRef = A9138DFC233B7163009400A3 /* Array+Math.swift */; };
		A9138E45233B72EC009400A3 /* String+Additions.swift in Sources */ = {isa = PBXBuildFile; fileRef = A9138DFD233B7163009400A3 /* String+Additions.swift */; };
		A9138E46233B72EC009400A3 /* Array+windowed.swift in Sources */ = {isa = PBXBuildFile; fileRef = A9138DFE233B7163009400A3 /* Array+windowed.swift */; };
		A9138E47233B72EC009400A3 /* Dictionary+Additions.swift in Sources */ = {isa = PBXBuildFile; fileRef = A9138DFF233B7163009400A3 /* Dictionary+Additions.swift */; };
		A9138E48233B7322009400A3 /* Alert.swift in Sources */ = {isa = PBXBuildFile; fileRef = A9138DC8233B7163009400A3 /* Alert.swift */; };
		A9138E49233B7322009400A3 /* BaseTableViewCell.swift in Sources */ = {isa = PBXBuildFile; fileRef = A9138DC9233B7163009400A3 /* BaseTableViewCell.swift */; };
		A9138E4A233B7322009400A3 /* Factories.swift in Sources */ = {isa = PBXBuildFile; fileRef = A9138DCA233B7163009400A3 /* Factories.swift */; };
		A9138E4B233B7322009400A3 /* BaseCollectionViewCell.swift in Sources */ = {isa = PBXBuildFile; fileRef = A9138DCE233B7163009400A3 /* BaseCollectionViewCell.swift */; };
		A9138E4D233B735B009400A3 /* WebViewController.swift in Sources */ = {isa = PBXBuildFile; fileRef = A9138DB7233B7152009400A3 /* WebViewController.swift */; };
		A9138E4E233B735B009400A3 /* WebViewController.storyboard in Resources */ = {isa = PBXBuildFile; fileRef = A9138DB8233B7152009400A3 /* WebViewController.storyboard */; };
		A9138E53233B7448009400A3 /* HomeViewController.swift in Sources */ = {isa = PBXBuildFile; fileRef = A9138E51233B7448009400A3 /* HomeViewController.swift */; };
		A9138E54233B7448009400A3 /* HomeViewController.xib in Resources */ = {isa = PBXBuildFile; fileRef = A9138E52233B7448009400A3 /* HomeViewController.xib */; };
		A93FE3E0237AEE2800264C49 /* Drip.wav in Resources */ = {isa = PBXBuildFile; fileRef = A93FE3DA237AEE2700264C49 /* Drip.wav */; };
		A93FE3E1237AEE2800264C49 /* Ka-Ching.wav in Resources */ = {isa = PBXBuildFile; fileRef = A93FE3DB237AEE2700264C49 /* Ka-Ching.wav */; };
		A93FE3E2237AEE2800264C49 /* Mining by Moonlight.mp3 in Resources */ = {isa = PBXBuildFile; fileRef = A93FE3DC237AEE2700264C49 /* Mining by Moonlight.mp3 */; };
		A93FE3E3237AEE2800264C49 /* Error.wav in Resources */ = {isa = PBXBuildFile; fileRef = A93FE3DD237AEE2700264C49 /* Error.wav */; };
		A93FE3E4237AEE2800264C49 /* Scrape.wav in Resources */ = {isa = PBXBuildFile; fileRef = A93FE3DE237AEE2700264C49 /* Scrape.wav */; };
		A93FE3E5237AEE2800264C49 /* Chomp.wav in Resources */ = {isa = PBXBuildFile; fileRef = A93FE3DF237AEE2800264C49 /* Chomp.wav */; };
		A9AE744823781D600087057E /* BaseViewController.swift in Sources */ = {isa = PBXBuildFile; fileRef = A9138DAE233B7152009400A3 /* BaseViewController.swift */; };
		A9AE744A23781D7A0087057E /* GamePhotoSelectViewController.swift in Sources */ = {isa = PBXBuildFile; fileRef = A9AE744923781D7A0087057E /* GamePhotoSelectViewController.swift */; };
		A9AE744C23781D8B0087057E /* GamePhotoSelectViewController.storyboard in Resources */ = {isa = PBXBuildFile; fileRef = A9AE744B23781D8B0087057E /* GamePhotoSelectViewController.storyboard */; };
		A9AE744E23781EC90087057E /* AppDelegate+JPush.swift in Sources */ = {isa = PBXBuildFile; fileRef = A9AE744D23781EC90087057E /* AppDelegate+JPush.swift */; };
		A9AE74512378265A0087057E /* GameSelectViewController.swift in Sources */ = {isa = PBXBuildFile; fileRef = A9AE74502378265A0087057E /* GameSelectViewController.swift */; };
		A9AE7453237826680087057E /* GameSelectViewController.storyboard in Resources */ = {isa = PBXBuildFile; fileRef = A9AE7452237826680087057E /* GameSelectViewController.storyboard */; };
		A9AE745623782AF90087057E /* FZZJ-TTMBFONT.ttf in Resources */ = {isa = PBXBuildFile; fileRef = A9AE745523782AF90087057E /* FZZJ-TTMBFONT.ttf */; };
		A9AE745B23783AD80087057E /* Puzzle.swift in Sources */ = {isa = PBXBuildFile; fileRef = A9AE745A23783AD80087057E /* Puzzle.swift */; };
		A9AE745E237847000087057E /* PuzzleImageCollectionViewCell.swift in Sources */ = {isa = PBXBuildFile; fileRef = A9AE745C237847000087057E /* PuzzleImageCollectionViewCell.swift */; };
		A9AE745F237847000087057E /* PuzzleImageCollectionViewCell.xib in Resources */ = {isa = PBXBuildFile; fileRef = A9AE745D237847000087057E /* PuzzleImageCollectionViewCell.xib */; };
		A9AE746223793C510087057E /* GameViewController.swift in Sources */ = {isa = PBXBuildFile; fileRef = A9AE746123793C510087057E /* GameViewController.swift */; };
		A9AE746523793C7C0087057E /* GameViewController.storyboard in Resources */ = {isa = PBXBuildFile; fileRef = A9AE746423793C7C0087057E /* GameViewController.storyboard */; };
		A9CA51D8237C3EEA00C29805 /* SettingsViewController.swift in Sources */ = {isa = PBXBuildFile; fileRef = A9CA51D6237C3EEA00C29805 /* SettingsViewController.swift */; };
		A9CA51D9237C3EEA00C29805 /* SettingsViewController.xib in Resources */ = {isa = PBXBuildFile; fileRef = A9CA51D7237C3EEA00C29805 /* SettingsViewController.xib */; };
		A9CA51DB237C450700C29805 /* AppMusicPlayer.swift in Sources */ = {isa = PBXBuildFile; fileRef = A9CA51DA237C450700C29805 /* AppMusicPlayer.swift */; };
		A9D1CEE72379487A00F5D51D /* BoardView.swift in Sources */ = {isa = PBXBuildFile; fileRef = A9D1CEE22379486800F5D51D /* BoardView.swift */; };
		A9D1CEE82379487E00F5D51D /* FifteenBoard.swift in Sources */ = {isa = PBXBuildFile; fileRef = A9D1CEE32379486800F5D51D /* FifteenBoard.swift */; };
		A9D1CEEA2379569A00F5D51D /* GameLevel.swift in Sources */ = {isa = PBXBuildFile; fileRef = A9D1CEE92379569A00F5D51D /* GameLevel.swift */; };
		A9D1CEEF237A7D3100F5D51D /* GameLevelViewController.swift in Sources */ = {isa = PBXBuildFile; fileRef = A9D1CEED237A7D3100F5D51D /* GameLevelViewController.swift */; };
		A9D1CEF0237A7D3100F5D51D /* GameLevelViewController.xib in Resources */ = {isa = PBXBuildFile; fileRef = A9D1CEEE237A7D3100F5D51D /* GameLevelViewController.xib */; };
/* End PBXBuildFile section */

/* Begin PBXFileReference section */
		0433FD9D230CE84A00AC613A /* ChengZiPuzzle.app */ = {isa = PBXFileReference; explicitFileType = wrapper.application; includeInIndex = 0; path = ChengZiPuzzle.app; sourceTree = BUILT_PRODUCTS_DIR; };
		0433FDA0230CE84A00AC613A /* AppDelegate.swift */ = {isa = PBXFileReference; lastKnownFileType = sourcecode.swift; path = AppDelegate.swift; sourceTree = "<group>"; };
		0433FDA7230CE84B00AC613A /* Assets.xcassets */ = {isa = PBXFileReference; lastKnownFileType = folder.assetcatalog; path = Assets.xcassets; sourceTree = "<group>"; };
		0433FDAA230CE84B00AC613A /* Base */ = {isa = PBXFileReference; lastKnownFileType = file.storyboard; name = Base; path = Base.lproj/LaunchScreen.storyboard; sourceTree = "<group>"; };
		0433FDAC230CE84B00AC613A /* Info.plist */ = {isa = PBXFileReference; lastKnownFileType = text.plist.xml; path = Info.plist; sourceTree = "<group>"; };
		043546E1230E65430020545F /* ChengZiBridgeHeader.h */ = {isa = PBXFileReference; lastKnownFileType = sourcecode.c.h; path = ChengZiBridgeHeader.h; sourceTree = "<group>"; };
		19948EE56C3220CD4B77349F /* Pods-ChengZiPuzzle.debug.xcconfig */ = {isa = PBXFileReference; includeInIndex = 1; lastKnownFileType = text.xcconfig; name = "Pods-ChengZiPuzzle.debug.xcconfig"; path = "Target Support Files/Pods-ChengZiPuzzle/Pods-ChengZiPuzzle.debug.xcconfig"; sourceTree = "<group>"; };
		2F8DA92F52F8D72DAADDF645 /* Pods-ChengZiPuzzle.release.xcconfig */ = {isa = PBXFileReference; includeInIndex = 1; lastKnownFileType = text.xcconfig; name = "Pods-ChengZiPuzzle.release.xcconfig"; path = "Target Support Files/Pods-ChengZiPuzzle/Pods-ChengZiPuzzle.release.xcconfig"; sourceTree = "<group>"; };
		A90E435B233CA833006867E4 /* Observable+ObjectMapper.swift */ = {isa = PBXFileReference; fileEncoding = 4; lastKnownFileType = sourcecode.swift; path = "Observable+ObjectMapper.swift"; sourceTree = "<group>"; };
		A90E435D233CA85F006867E4 /* Moya+ObjectMapper.swift */ = {isa = PBXFileReference; lastKnownFileType = sourcecode.swift; path = "Moya+ObjectMapper.swift"; sourceTree = "<group>"; };
		A9138DAA233B7152009400A3 /* LaunchViewController.xib */ = {isa = PBXFileReference; lastKnownFileType = file.xib; path = LaunchViewController.xib; sourceTree = "<group>"; };
		A9138DAD233B7152009400A3 /* LaunchViewController.swift */ = {isa = PBXFileReference; lastKnownFileType = sourcecode.swift; path = LaunchViewController.swift; sourceTree = "<group>"; };
		A9138DAE233B7152009400A3 /* BaseViewController.swift */ = {isa = PBXFileReference; lastKnownFileType = sourcecode.swift; path = BaseViewController.swift; sourceTree = "<group>"; };
		A9138DB7233B7152009400A3 /* WebViewController.swift */ = {isa = PBXFileReference; lastKnownFileType = sourcecode.swift; path = WebViewController.swift; sourceTree = "<group>"; };
		A9138DB8233B7152009400A3 /* WebViewController.storyboard */ = {isa = PBXFileReference; lastKnownFileType = file.storyboard; path = WebViewController.storyboard; sourceTree = "<group>"; };
		A9138DBD233B7163009400A3 /* AppVersion.swift */ = {isa = PBXFileReference; lastKnownFileType = sourcecode.swift; path = AppVersion.swift; sourceTree = "<group>"; };
		A9138DC2233B7163009400A3 /* Rx+Codable.swift */ = {isa = PBXFileReference; lastKnownFileType = sourcecode.swift; path = "Rx+Codable.swift"; sourceTree = "<group>"; };
		A9138DC3233B7163009400A3 /* Response+Codable.swift */ = {isa = PBXFileReference; lastKnownFileType = sourcecode.swift; path = "Response+Codable.swift"; sourceTree = "<group>"; };
		A9138DC4233B7163009400A3 /* APIs.swift */ = {isa = PBXFileReference; lastKnownFileType = sourcecode.swift; path = APIs.swift; sourceTree = "<group>"; };
		A9138DC5233B7163009400A3 /* APIs+TopPage.swift */ = {isa = PBXFileReference; lastKnownFileType = sourcecode.swift; path = "APIs+TopPage.swift"; sourceTree = "<group>"; };
		A9138DC6233B7163009400A3 /* APITarget.swift */ = {isa = PBXFileReference; lastKnownFileType = sourcecode.swift; path = APITarget.swift; sourceTree = "<group>"; };
		A9138DC8233B7163009400A3 /* Alert.swift */ = {isa = PBXFileReference; lastKnownFileType = sourcecode.swift; path = Alert.swift; sourceTree = "<group>"; };
		A9138DC9233B7163009400A3 /* BaseTableViewCell.swift */ = {isa = PBXFileReference; lastKnownFileType = sourcecode.swift; path = BaseTableViewCell.swift; sourceTree = "<group>"; };
		A9138DCA233B7163009400A3 /* Factories.swift */ = {isa = PBXFileReference; lastKnownFileType = sourcecode.swift; path = Factories.swift; sourceTree = "<group>"; };
		A9138DCE233B7163009400A3 /* BaseCollectionViewCell.swift */ = {isa = PBXFileReference; lastKnownFileType = sourcecode.swift; path = BaseCollectionViewCell.swift; sourceTree = "<group>"; };
		A9138DD7233B7163009400A3 /* GlobalFunc.swift */ = {isa = PBXFileReference; lastKnownFileType = sourcecode.swift; path = GlobalFunc.swift; sourceTree = "<group>"; };
		A9138DD8233B7163009400A3 /* GCD.swift */ = {isa = PBXFileReference; lastKnownFileType = sourcecode.swift; path = GCD.swift; sourceTree = "<group>"; };
		A9138DD9233B7163009400A3 /* LoadJSON.swift */ = {isa = PBXFileReference; lastKnownFileType = sourcecode.swift; path = LoadJSON.swift; sourceTree = "<group>"; };
		A9138DDA233B7163009400A3 /* ActivityIndicator.swift */ = {isa = PBXFileReference; lastKnownFileType = sourcecode.swift; path = ActivityIndicator.swift; sourceTree = "<group>"; };
		A9138DDD233B7163009400A3 /* Reactive+UIViewController.swift */ = {isa = PBXFileReference; lastKnownFileType = sourcecode.swift; path = "Reactive+UIViewController.swift"; sourceTree = "<group>"; };
		A9138DDE233B7163009400A3 /* UIImage+Additions.swift */ = {isa = PBXFileReference; lastKnownFileType = sourcecode.swift; path = "UIImage+Additions.swift"; sourceTree = "<group>"; };
		A9138DDF233B7163009400A3 /* UIView+Additions.swift */ = {isa = PBXFileReference; lastKnownFileType = sourcecode.swift; path = "UIView+Additions.swift"; sourceTree = "<group>"; };
		A9138DE0233B7163009400A3 /* UIColor+Hex.swift */ = {isa = PBXFileReference; lastKnownFileType = sourcecode.swift; path = "UIColor+Hex.swift"; sourceTree = "<group>"; };
		A9138DE1233B7163009400A3 /* UIFont+Additions.swift */ = {isa = PBXFileReference; lastKnownFileType = sourcecode.swift; path = "UIFont+Additions.swift"; sourceTree = "<group>"; };
		A9138DE2233B7163009400A3 /* UINavigation+Additions.swift */ = {isa = PBXFileReference; lastKnownFileType = sourcecode.swift; path = "UINavigation+Additions.swift"; sourceTree = "<group>"; };
		A9138DE3233B7163009400A3 /* UIApplication+Additions.swift */ = {isa = PBXFileReference; lastKnownFileType = sourcecode.swift; path = "UIApplication+Additions.swift"; sourceTree = "<group>"; };
		A9138DE4233B7163009400A3 /* UIDevice+Additions.swift */ = {isa = PBXFileReference; lastKnownFileType = sourcecode.swift; path = "UIDevice+Additions.swift"; sourceTree = "<group>"; };
		A9138DE5233B7163009400A3 /* UIButton+Additions.swift */ = {isa = PBXFileReference; lastKnownFileType = sourcecode.swift; path = "UIButton+Additions.swift"; sourceTree = "<group>"; };
		A9138DE6233B7163009400A3 /* UIButton+kf.swift */ = {isa = PBXFileReference; lastKnownFileType = sourcecode.swift; path = "UIButton+kf.swift"; sourceTree = "<group>"; };
		A9138DE7233B7163009400A3 /* UILabel+Font.swift */ = {isa = PBXFileReference; lastKnownFileType = sourcecode.swift; path = "UILabel+Font.swift"; sourceTree = "<group>"; };
		A9138DE8233B7163009400A3 /* UIEdgeInsets+Addtions.swift */ = {isa = PBXFileReference; lastKnownFileType = sourcecode.swift; path = "UIEdgeInsets+Addtions.swift"; sourceTree = "<group>"; };
		A9138DE9233B7163009400A3 /* UITableView+Additions.swift */ = {isa = PBXFileReference; lastKnownFileType = sourcecode.swift; path = "UITableView+Additions.swift"; sourceTree = "<group>"; };
		A9138DEA233B7163009400A3 /* UIActivityViewController+Addtions.swift */ = {isa = PBXFileReference; lastKnownFileType = sourcecode.swift; path = "UIActivityViewController+Addtions.swift"; sourceTree = "<group>"; };
		A9138DEB233B7163009400A3 /* UIScreen+Additions.swift */ = {isa = PBXFileReference; lastKnownFileType = sourcecode.swift; path = "UIScreen+Additions.swift"; sourceTree = "<group>"; };
		A9138DEC233B7163009400A3 /* UIImageView+kf.swift */ = {isa = PBXFileReference; lastKnownFileType = sourcecode.swift; path = "UIImageView+kf.swift"; sourceTree = "<group>"; };
		A9138DED233B7163009400A3 /* UICollectionView+Additions.swift */ = {isa = PBXFileReference; lastKnownFileType = sourcecode.swift; path = "UICollectionView+Additions.swift"; sourceTree = "<group>"; };
		A9138DEF233B7163009400A3 /* NSRecursiveLock+Additions.swift */ = {isa = PBXFileReference; lastKnownFileType = sourcecode.swift; path = "NSRecursiveLock+Additions.swift"; sourceTree = "<group>"; };
		A9138DF0233B7163009400A3 /* Date+Format.swift */ = {isa = PBXFileReference; lastKnownFileType = sourcecode.swift; path = "Date+Format.swift"; sourceTree = "<group>"; };
		A9138DF1233B7163009400A3 /* URL+Additions.swift */ = {isa = PBXFileReference; lastKnownFileType = sourcecode.swift; path = "URL+Additions.swift"; sourceTree = "<group>"; };
		A9138DF2233B7163009400A3 /* Observable+Additions.swift */ = {isa = PBXFileReference; lastKnownFileType = sourcecode.swift; path = "Observable+Additions.swift"; sourceTree = "<group>"; };
		A9138DF3233B7163009400A3 /* NSAttributedString+Additions.swift */ = {isa = PBXFileReference; lastKnownFileType = sourcecode.swift; path = "NSAttributedString+Additions.swift"; sourceTree = "<group>"; };
		A9138DF4233B7163009400A3 /* NSObject+Additions.swift */ = {isa = PBXFileReference; lastKnownFileType = sourcecode.swift; path = "NSObject+Additions.swift"; sourceTree = "<group>"; };
		A9138DF5233B7163009400A3 /* Optional+Additions.swift */ = {isa = PBXFileReference; lastKnownFileType = sourcecode.swift; path = "Optional+Additions.swift"; sourceTree = "<group>"; };
		A9138DF6233B7163009400A3 /* Collection+Additions.swift */ = {isa = PBXFileReference; lastKnownFileType = sourcecode.swift; path = "Collection+Additions.swift"; sourceTree = "<group>"; };
		A9138DF8233B7163009400A3 /* Date+Additions.swift */ = {isa = PBXFileReference; lastKnownFileType = sourcecode.swift; path = "Date+Additions.swift"; sourceTree = "<group>"; };
		A9138DF9233B7163009400A3 /* Observable+Alert.swift */ = {isa = PBXFileReference; lastKnownFileType = sourcecode.swift; path = "Observable+Alert.swift"; sourceTree = "<group>"; };
		A9138DFA233B7163009400A3 /* UserDefault+Addtions.swift */ = {isa = PBXFileReference; lastKnownFileType = sourcecode.swift; path = "UserDefault+Addtions.swift"; sourceTree = "<group>"; };
		A9138DFB233B7163009400A3 /* Array+Additions.swift */ = {isa = PBXFileReference; lastKnownFileType = sourcecode.swift; path = "Array+Additions.swift"; sourceTree = "<group>"; };
		A9138DFC233B7163009400A3 /* Array+Math.swift */ = {isa = PBXFileReference; lastKnownFileType = sourcecode.swift; path = "Array+Math.swift"; sourceTree = "<group>"; };
		A9138DFD233B7163009400A3 /* String+Additions.swift */ = {isa = PBXFileReference; lastKnownFileType = sourcecode.swift; path = "String+Additions.swift"; sourceTree = "<group>"; };
		A9138DFE233B7163009400A3 /* Array+windowed.swift */ = {isa = PBXFileReference; lastKnownFileType = sourcecode.swift; path = "Array+windowed.swift"; sourceTree = "<group>"; };
		A9138DFF233B7163009400A3 /* Dictionary+Additions.swift */ = {isa = PBXFileReference; lastKnownFileType = sourcecode.swift; path = "Dictionary+Additions.swift"; sourceTree = "<group>"; };
		A9138E00233B7163009400A3 /* SNSShareItem.swift */ = {isa = PBXFileReference; lastKnownFileType = sourcecode.swift; path = SNSShareItem.swift; sourceTree = "<group>"; };
		A9138E01233B7163009400A3 /* Keychain.swift */ = {isa = PBXFileReference; lastKnownFileType = sourcecode.swift; path = Keychain.swift; sourceTree = "<group>"; };
		A9138E02233B7163009400A3 /* Cache.swift */ = {isa = PBXFileReference; lastKnownFileType = sourcecode.swift; path = Cache.swift; sourceTree = "<group>"; };
		A9138E03233B7163009400A3 /* FinancialInstrumentType.swift */ = {isa = PBXFileReference; lastKnownFileType = sourcecode.swift; path = FinancialInstrumentType.swift; sourceTree = "<group>"; };
		A9138E04233B7163009400A3 /* Const.swift */ = {isa = PBXFileReference; lastKnownFileType = sourcecode.swift; path = Const.swift; sourceTree = "<group>"; };
		A9138E06233B7163009400A3 /* XibInstantiatable.swift */ = {isa = PBXFileReference; lastKnownFileType = sourcecode.swift; path = XibInstantiatable.swift; sourceTree = "<group>"; };
		A9138E07233B7163009400A3 /* StoryboardInitializable.swift */ = {isa = PBXFileReference; lastKnownFileType = sourcecode.swift; path = StoryboardInitializable.swift; sourceTree = "<group>"; };
		A9138E08233B7163009400A3 /* DividingLineable.swift */ = {isa = PBXFileReference; lastKnownFileType = sourcecode.swift; path = DividingLineable.swift; sourceTree = "<group>"; };
		A9138E09233B7163009400A3 /* UserDefaultable.swift */ = {isa = PBXFileReference; lastKnownFileType = sourcecode.swift; path = UserDefaultable.swift; sourceTree = "<group>"; };
		A9138E0B233B7163009400A3 /* AppManager.swift */ = {isa = PBXFileReference; lastKnownFileType = sourcecode.swift; path = AppManager.swift; sourceTree = "<group>"; };
		A9138E0C233B716F009400A3 /* AppError.swift */ = {isa = PBXFileReference; lastKnownFileType = sourcecode.swift; path = AppError.swift; sourceTree = "<group>"; };
		A9138E0D233B716F009400A3 /* GlobalImports.swift */ = {isa = PBXFileReference; lastKnownFileType = sourcecode.swift; path = GlobalImports.swift; sourceTree = "<group>"; };
		A9138E0E233B7170009400A3 /* App.swift */ = {isa = PBXFileReference; lastKnownFileType = sourcecode.swift; path = App.swift; sourceTree = "<group>"; };
		A9138E51233B7448009400A3 /* HomeViewController.swift */ = {isa = PBXFileReference; lastKnownFileType = sourcecode.swift; path = HomeViewController.swift; sourceTree = "<group>"; };
		A9138E52233B7448009400A3 /* HomeViewController.xib */ = {isa = PBXFileReference; lastKnownFileType = file.xib; path = HomeViewController.xib; sourceTree = "<group>"; };
		A9230B76235B2FAC00D821D3 /* Shimmer.framework */ = {isa = PBXFileReference; explicitFileType = wrapper.framework; path = Shimmer.framework; sourceTree = BUILT_PRODUCTS_DIR; };
		A9230B78235B305B00D821D3 /* Alamofire.framework */ = {isa = PBXFileReference; explicitFileType = wrapper.framework; path = Alamofire.framework; sourceTree = BUILT_PRODUCTS_DIR; };
		A93FE3DA237AEE2700264C49 /* Drip.wav */ = {isa = PBXFileReference; lastKnownFileType = audio.wav; path = Drip.wav; sourceTree = "<group>"; };
		A93FE3DB237AEE2700264C49 /* Ka-Ching.wav */ = {isa = PBXFileReference; lastKnownFileType = audio.wav; path = "Ka-Ching.wav"; sourceTree = "<group>"; };
		A93FE3DC237AEE2700264C49 /* Mining by Moonlight.mp3 */ = {isa = PBXFileReference; lastKnownFileType = audio.mp3; path = "Mining by Moonlight.mp3"; sourceTree = "<group>"; };
		A93FE3DD237AEE2700264C49 /* Error.wav */ = {isa = PBXFileReference; lastKnownFileType = audio.wav; path = Error.wav; sourceTree = "<group>"; };
		A93FE3DE237AEE2700264C49 /* Scrape.wav */ = {isa = PBXFileReference; lastKnownFileType = audio.wav; path = Scrape.wav; sourceTree = "<group>"; };
		A93FE3DF237AEE2800264C49 /* Chomp.wav */ = {isa = PBXFileReference; lastKnownFileType = audio.wav; path = Chomp.wav; sourceTree = "<group>"; };
		A94D0D1A235B2D0C0094952A /* MediaPlayer.framework */ = {isa = PBXFileReference; lastKnownFileType = wrapper.framework; name = MediaPlayer.framework; path = System/Library/Frameworks/MediaPlayer.framework; sourceTree = SDKROOT; };
		A94D0D1C235B2D700094952A /* GameController.framework */ = {isa = PBXFileReference; lastKnownFileType = wrapper.framework; name = GameController.framework; path = System/Library/Frameworks/GameController.framework; sourceTree = SDKROOT; };
		A9AE744923781D7A0087057E /* GamePhotoSelectViewController.swift */ = {isa = PBXFileReference; lastKnownFileType = sourcecode.swift; path = GamePhotoSelectViewController.swift; sourceTree = "<group>"; };
		A9AE744B23781D8B0087057E /* GamePhotoSelectViewController.storyboard */ = {isa = PBXFileReference; lastKnownFileType = file.storyboard; path = GamePhotoSelectViewController.storyboard; sourceTree = "<group>"; };
		A9AE744D23781EC90087057E /* AppDelegate+JPush.swift */ = {isa = PBXFileReference; lastKnownFileType = sourcecode.swift; path = "AppDelegate+JPush.swift"; sourceTree = "<group>"; };
		A9AE74502378265A0087057E /* GameSelectViewController.swift */ = {isa = PBXFileReference; lastKnownFileType = sourcecode.swift; path = GameSelectViewController.swift; sourceTree = "<group>"; };
		A9AE7452237826680087057E /* GameSelectViewController.storyboard */ = {isa = PBXFileReference; lastKnownFileType = file.storyboard; path = GameSelectViewController.storyboard; sourceTree = "<group>"; };
		A9AE745523782AF90087057E /* FZZJ-TTMBFONT.ttf */ = {isa = PBXFileReference; lastKnownFileType = file; path = "FZZJ-TTMBFONT.ttf"; sourceTree = "<group>"; };
		A9AE745A23783AD80087057E /* Puzzle.swift */ = {isa = PBXFileReference; lastKnownFileType = sourcecode.swift; path = Puzzle.swift; sourceTree = "<group>"; };
		A9AE745C237847000087057E /* PuzzleImageCollectionViewCell.swift */ = {isa = PBXFileReference; lastKnownFileType = sourcecode.swift; path = PuzzleImageCollectionViewCell.swift; sourceTree = "<group>"; };
		A9AE745D237847000087057E /* PuzzleImageCollectionViewCell.xib */ = {isa = PBXFileReference; lastKnownFileType = file.xib; path = PuzzleImageCollectionViewCell.xib; sourceTree = "<group>"; };
		A9AE746123793C510087057E /* GameViewController.swift */ = {isa = PBXFileReference; lastKnownFileType = sourcecode.swift; path = GameViewController.swift; sourceTree = "<group>"; };
		A9AE746423793C7C0087057E /* GameViewController.storyboard */ = {isa = PBXFileReference; lastKnownFileType = file.storyboard; path = GameViewController.storyboard; sourceTree = "<group>"; };
		A9CA51D6237C3EEA00C29805 /* SettingsViewController.swift */ = {isa = PBXFileReference; lastKnownFileType = sourcecode.swift; path = SettingsViewController.swift; sourceTree = "<group>"; };
		A9CA51D7237C3EEA00C29805 /* SettingsViewController.xib */ = {isa = PBXFileReference; lastKnownFileType = file.xib; path = SettingsViewController.xib; sourceTree = "<group>"; };
		A9CA51DA237C450700C29805 /* AppMusicPlayer.swift */ = {isa = PBXFileReference; lastKnownFileType = sourcecode.swift; path = AppMusicPlayer.swift; sourceTree = "<group>"; };
		A9D1CEE22379486800F5D51D /* BoardView.swift */ = {isa = PBXFileReference; lastKnownFileType = sourcecode.swift; path = BoardView.swift; sourceTree = "<group>"; };
		A9D1CEE32379486800F5D51D /* FifteenBoard.swift */ = {isa = PBXFileReference; lastKnownFileType = sourcecode.swift; path = FifteenBoard.swift; sourceTree = "<group>"; };
		A9D1CEE92379569A00F5D51D /* GameLevel.swift */ = {isa = PBXFileReference; lastKnownFileType = sourcecode.swift; path = GameLevel.swift; sourceTree = "<group>"; };
		A9D1CEED237A7D3100F5D51D /* GameLevelViewController.swift */ = {isa = PBXFileReference; lastKnownFileType = sourcecode.swift; path = GameLevelViewController.swift; sourceTree = "<group>"; };
		A9D1CEEE237A7D3100F5D51D /* GameLevelViewController.xib */ = {isa = PBXFileReference; lastKnownFileType = file.xib; path = GameLevelViewController.xib; sourceTree = "<group>"; };
		ECE5E21FBDF7FBAB81B2F8B6 /* Pods_ChengZiPuzzle.framework */ = {isa = PBXFileReference; explicitFileType = wrapper.framework; includeInIndex = 0; path = Pods_ChengZiPuzzle.framework; sourceTree = BUILT_PRODUCTS_DIR; };
/* End PBXFileReference section */

/* Begin PBXFrameworksBuildPhase section */
		0433FD9A230CE84A00AC613A /* Frameworks */ = {
			isa = PBXFrameworksBuildPhase;
			buildActionMask = 2147483647;
			files = (
				080E9DD71A2D6D9003648347 /* Pods_ChengZiPuzzle.framework in Frameworks */,
			);
			runOnlyForDeploymentPostprocessing = 0;
		};
/* End PBXFrameworksBuildPhase section */

/* Begin PBXGroup section */
		0433FD94230CE84A00AC613A = {
			isa = PBXGroup;
			children = (
				0433FD9F230CE84A00AC613A /* ChengZiPuzzle */,
				0433FD9E230CE84A00AC613A /* Products */,
				28E49E54BBFE1ED77FA4FB38 /* Frameworks */,
				9AEDBE2AECBB7EA49EDCBA43 /* Pods */,
			);
			sourceTree = "<group>";
		};
		0433FD9E230CE84A00AC613A /* Products */ = {
			isa = PBXGroup;
			children = (
				0433FD9D230CE84A00AC613A /* ChengZiPuzzle.app */,
			);
			name = Products;
			sourceTree = "<group>";
		};
		0433FD9F230CE84A00AC613A /* ChengZiPuzzle */ = {
			isa = PBXGroup;
			children = (
				0433FDAC230CE84B00AC613A /* Info.plist */,
				A9138E0E233B7170009400A3 /* App.swift */,
				A9138E0C233B716F009400A3 /* AppError.swift */,
				A9138E0D233B716F009400A3 /* GlobalImports.swift */,
				0433FDA0230CE84A00AC613A /* AppDelegate.swift */,
				A9AE744D23781EC90087057E /* AppDelegate+JPush.swift */,
				A9138E4F233B736D009400A3 /* Resources */,
				A9138E0A233B7163009400A3 /* Managers */,
				A9138DB9233B7163009400A3 /* Models */,
				A9138DC0233B7163009400A3 /* Service */,
				A9138DD6233B7163009400A3 /* Ultis */,
				A9138DC7233B7163009400A3 /* Views */,
				A9138DA8233B70DF009400A3 /* Screens */,
				043546E1230E65430020545F /* ChengZiBridgeHeader.h */,
			);
			path = ChengZiPuzzle;
			sourceTree = "<group>";
		};
		28E49E54BBFE1ED77FA4FB38 /* Frameworks */ = {
			isa = PBXGroup;
			children = (
				A9230B78235B305B00D821D3 /* Alamofire.framework */,
				A9230B76235B2FAC00D821D3 /* Shimmer.framework */,
				A94D0D1C235B2D700094952A /* GameController.framework */,
				A94D0D1A235B2D0C0094952A /* MediaPlayer.framework */,
				ECE5E21FBDF7FBAB81B2F8B6 /* Pods_ChengZiPuzzle.framework */,
			);
			name = Frameworks;
			sourceTree = "<group>";
		};
		9AEDBE2AECBB7EA49EDCBA43 /* Pods */ = {
			isa = PBXGroup;
			children = (
				19948EE56C3220CD4B77349F /* Pods-ChengZiPuzzle.debug.xcconfig */,
				2F8DA92F52F8D72DAADDF645 /* Pods-ChengZiPuzzle.release.xcconfig */,
			);
			path = Pods;
			sourceTree = "<group>";
		};
		A9138DA8233B70DF009400A3 /* Screens */ = {
			isa = PBXGroup;
			children = (
				A9CA51D1237C3E7400C29805 /* SettingPage */,
				A9D1CEEC237A7D1A00F5D51D /* GameLevel */,
				A9AE7466237944230087057E /* GamePage */,
				A9AE744F237824E40087057E /* GamePhotoPage */,
				A9AE744723781CD80087057E /* GameSelectPage */,
				A9138DAE233B7152009400A3 /* BaseViewController.swift */,
				A9138E50233B742F009400A3 /* Home */,
				A9138DA9233B7152009400A3 /* LaunchPage */,
				A9138DB6233B7152009400A3 /* Webview */,
			);
			path = Screens;
			sourceTree = "<group>";
		};
		A9138DA9233B7152009400A3 /* LaunchPage */ = {
			isa = PBXGroup;
			children = (
				A9138DAA233B7152009400A3 /* LaunchViewController.xib */,
				A9138DAD233B7152009400A3 /* LaunchViewController.swift */,
				0433FDA9230CE84B00AC613A /* LaunchScreen.storyboard */,
			);
			path = LaunchPage;
			sourceTree = "<group>";
		};
		A9138DB6233B7152009400A3 /* Webview */ = {
			isa = PBXGroup;
			children = (
				A9138DB7233B7152009400A3 /* WebViewController.swift */,
				A9138DB8233B7152009400A3 /* WebViewController.storyboard */,
			);
			path = Webview;
			sourceTree = "<group>";
		};
		A9138DB9233B7163009400A3 /* Models */ = {
			isa = PBXGroup;
			children = (
				A9138DBC233B7163009400A3 /* APIModel */,
				A9AE745A23783AD80087057E /* Puzzle.swift */,
				A9D1CEE92379569A00F5D51D /* GameLevel.swift */,
			);
			path = Models;
			sourceTree = "<group>";
		};
		A9138DBC233B7163009400A3 /* APIModel */ = {
			isa = PBXGroup;
			children = (
				A9138DBD233B7163009400A3 /* AppVersion.swift */,
			);
			path = APIModel;
			sourceTree = "<group>";
		};
		A9138DC0233B7163009400A3 /* Service */ = {
			isa = PBXGroup;
			children = (
				A9138DC1233B7163009400A3 /* Ultis */,
				A9138DC4233B7163009400A3 /* APIs.swift */,
				A9138DC5233B7163009400A3 /* APIs+TopPage.swift */,
				A9138DC6233B7163009400A3 /* APITarget.swift */,
			);
			path = Service;
			sourceTree = "<group>";
		};
		A9138DC1233B7163009400A3 /* Ultis */ = {
			isa = PBXGroup;
			children = (
				A90E435D233CA85F006867E4 /* Moya+ObjectMapper.swift */,
				A90E435B233CA833006867E4 /* Observable+ObjectMapper.swift */,
				A9138DC2233B7163009400A3 /* Rx+Codable.swift */,
				A9138DC3233B7163009400A3 /* Response+Codable.swift */,
			);
			path = Ultis;
			sourceTree = "<group>";
		};
		A9138DC7233B7163009400A3 /* Views */ = {
			isa = PBXGroup;
			children = (
				A9138DC8233B7163009400A3 /* Alert.swift */,
				A9138DC9233B7163009400A3 /* BaseTableViewCell.swift */,
				A9138DCA233B7163009400A3 /* Factories.swift */,
				A9138DCE233B7163009400A3 /* BaseCollectionViewCell.swift */,
			);
			path = Views;
			sourceTree = "<group>";
		};
		A9138DD6233B7163009400A3 /* Ultis */ = {
			isa = PBXGroup;
			children = (
				A9138DD7233B7163009400A3 /* GlobalFunc.swift */,
				A9138DD8233B7163009400A3 /* GCD.swift */,
				A9138DD9233B7163009400A3 /* LoadJSON.swift */,
				A9138DDA233B7163009400A3 /* ActivityIndicator.swift */,
				A9138DDB233B7163009400A3 /* Extensions */,
				A9138E00233B7163009400A3 /* SNSShareItem.swift */,
				A9138E01233B7163009400A3 /* Keychain.swift */,
				A9138E02233B7163009400A3 /* Cache.swift */,
				A9138E03233B7163009400A3 /* FinancialInstrumentType.swift */,
				A9138E04233B7163009400A3 /* Const.swift */,
				A9138E05233B7163009400A3 /* Protocols */,
			);
			path = Ultis;
			sourceTree = "<group>";
		};
		A9138DDB233B7163009400A3 /* Extensions */ = {
			isa = PBXGroup;
			children = (
				A9138DDC233B7163009400A3 /* UIKit */,
				A9138DEE233B7163009400A3 /* Foundation */,
			);
			path = Extensions;
			sourceTree = "<group>";
		};
		A9138DDC233B7163009400A3 /* UIKit */ = {
			isa = PBXGroup;
			children = (
				A9138DDD233B7163009400A3 /* Reactive+UIViewController.swift */,
				A9138DDE233B7163009400A3 /* UIImage+Additions.swift */,
				A9138DDF233B7163009400A3 /* UIView+Additions.swift */,
				A9138DE0233B7163009400A3 /* UIColor+Hex.swift */,
				A9138DE1233B7163009400A3 /* UIFont+Additions.swift */,
				A9138DE2233B7163009400A3 /* UINavigation+Additions.swift */,
				A9138DE3233B7163009400A3 /* UIApplication+Additions.swift */,
				A9138DE4233B7163009400A3 /* UIDevice+Additions.swift */,
				A9138DE5233B7163009400A3 /* UIButton+Additions.swift */,
				A9138DE6233B7163009400A3 /* UIButton+kf.swift */,
				A9138DE7233B7163009400A3 /* UILabel+Font.swift */,
				A9138DE8233B7163009400A3 /* UIEdgeInsets+Addtions.swift */,
				A9138DE9233B7163009400A3 /* UITableView+Additions.swift */,
				A9138DEA233B7163009400A3 /* UIActivityViewController+Addtions.swift */,
				A9138DEB233B7163009400A3 /* UIScreen+Additions.swift */,
				A9138DEC233B7163009400A3 /* UIImageView+kf.swift */,
				A9138DED233B7163009400A3 /* UICollectionView+Additions.swift */,
			);
			path = UIKit;
			sourceTree = "<group>";
		};
		A9138DEE233B7163009400A3 /* Foundation */ = {
			isa = PBXGroup;
			children = (
				A9138DEF233B7163009400A3 /* NSRecursiveLock+Additions.swift */,
				A9138DF0233B7163009400A3 /* Date+Format.swift */,
				A9138DF1233B7163009400A3 /* URL+Additions.swift */,
				A9138DF2233B7163009400A3 /* Observable+Additions.swift */,
				A9138DF3233B7163009400A3 /* NSAttributedString+Additions.swift */,
				A9138DF4233B7163009400A3 /* NSObject+Additions.swift */,
				A9138DF5233B7163009400A3 /* Optional+Additions.swift */,
				A9138DF6233B7163009400A3 /* Collection+Additions.swift */,
				A9138DF8233B7163009400A3 /* Date+Additions.swift */,
				A9138DF9233B7163009400A3 /* Observable+Alert.swift */,
				A9138DFA233B7163009400A3 /* UserDefault+Addtions.swift */,
				A9138DFB233B7163009400A3 /* Array+Additions.swift */,
				A9138DFC233B7163009400A3 /* Array+Math.swift */,
				A9138DFD233B7163009400A3 /* String+Additions.swift */,
				A9138DFE233B7163009400A3 /* Array+windowed.swift */,
				A9138DFF233B7163009400A3 /* Dictionary+Additions.swift */,
			);
			path = Foundation;
			sourceTree = "<group>";
		};
		A9138E05233B7163009400A3 /* Protocols */ = {
			isa = PBXGroup;
			children = (
				A9138E06233B7163009400A3 /* XibInstantiatable.swift */,
				A9138E07233B7163009400A3 /* StoryboardInitializable.swift */,
				A9138E08233B7163009400A3 /* DividingLineable.swift */,
				A9138E09233B7163009400A3 /* UserDefaultable.swift */,
			);
			path = Protocols;
			sourceTree = "<group>";
		};
		A9138E0A233B7163009400A3 /* Managers */ = {
			isa = PBXGroup;
			children = (
				A9138E0B233B7163009400A3 /* AppManager.swift */,
				A9CA51DA237C450700C29805 /* AppMusicPlayer.swift */,
			);
			path = Managers;
			sourceTree = "<group>";
		};
		A9138E4F233B736D009400A3 /* Resources */ = {
			isa = PBXGroup;
			children = (
				A93FE3D9237AEE1000264C49 /* Audios */,
				A9AE745423782A9B0087057E /* Fonts */,
				0433FDA7230CE84B00AC613A /* Assets.xcassets */,
			);
			path = Resources;
			sourceTree = "<group>";
		};
		A9138E50233B742F009400A3 /* Home */ = {
			isa = PBXGroup;
			children = (
				A9138E51233B7448009400A3 /* HomeViewController.swift */,
				A9138E52233B7448009400A3 /* HomeViewController.xib */,
			);
			path = Home;
			sourceTree = "<group>";
		};
		A93FE3D9237AEE1000264C49 /* Audios */ = {
			isa = PBXGroup;
			children = (
				A93FE3DF237AEE2800264C49 /* Chomp.wav */,
				A93FE3DA237AEE2700264C49 /* Drip.wav */,
				A93FE3DD237AEE2700264C49 /* Error.wav */,
				A93FE3DB237AEE2700264C49 /* Ka-Ching.wav */,
				A93FE3DC237AEE2700264C49 /* Mining by Moonlight.mp3 */,
				A93FE3DE237AEE2700264C49 /* Scrape.wav */,
			);
			path = Audios;
			sourceTree = "<group>";
		};
		A9AE744723781CD80087057E /* GameSelectPage */ = {
			isa = PBXGroup;
			children = (
				A9AE74502378265A0087057E /* GameSelectViewController.swift */,
				A9AE7452237826680087057E /* GameSelectViewController.storyboard */,
			);
			path = GameSelectPage;
			sourceTree = "<group>";
		};
		A9AE744F237824E40087057E /* GamePhotoPage */ = {
			isa = PBXGroup;
			children = (
				A9AE7459237839B40087057E /* View */,
				A9AE744923781D7A0087057E /* GamePhotoSelectViewController.swift */,
				A9AE744B23781D8B0087057E /* GamePhotoSelectViewController.storyboard */,
			);
			path = GamePhotoPage;
			sourceTree = "<group>";
		};
		A9AE745423782A9B0087057E /* Fonts */ = {
			isa = PBXGroup;
			children = (
				A9AE745523782AF90087057E /* FZZJ-TTMBFONT.ttf */,
			);
			path = Fonts;
			sourceTree = "<group>";
		};
		A9AE7459237839B40087057E /* View */ = {
			isa = PBXGroup;
			children = (
				A9AE745C237847000087057E /* PuzzleImageCollectionViewCell.swift */,
				A9AE745D237847000087057E /* PuzzleImageCollectionViewCell.xib */,
			);
			path = View;
			sourceTree = "<group>";
		};
		A9AE7466237944230087057E /* GamePage */ = {
			isa = PBXGroup;
			children = (
				A9D1CEEB2379806000F5D51D /* View */,
				A9AE746123793C510087057E /* GameViewController.swift */,
				A9AE746423793C7C0087057E /* GameViewController.storyboard */,
			);
			path = GamePage;
			sourceTree = "<group>";
		};
		A9CA51D1237C3E7400C29805 /* SettingPage */ = {
			isa = PBXGroup;
			children = (
				A9CA51D6237C3EEA00C29805 /* SettingsViewController.swift */,
				A9CA51D7237C3EEA00C29805 /* SettingsViewController.xib */,
			);
			path = SettingPage;
			sourceTree = "<group>";
		};
		A9D1CEEB2379806000F5D51D /* View */ = {
			isa = PBXGroup;
			children = (
				A9D1CEE22379486800F5D51D /* BoardView.swift */,
				A9D1CEE32379486800F5D51D /* FifteenBoard.swift */,
			);
			path = View;
			sourceTree = "<group>";
		};
		A9D1CEEC237A7D1A00F5D51D /* GameLevel */ = {
			isa = PBXGroup;
			children = (
				A9D1CEED237A7D3100F5D51D /* GameLevelViewController.swift */,
				A9D1CEEE237A7D3100F5D51D /* GameLevelViewController.xib */,
			);
			path = GameLevel;
			sourceTree = "<group>";
		};
/* End PBXGroup section */

/* Begin PBXNativeTarget section */
		0433FD9C230CE84A00AC613A /* ChengZiPuzzle */ = {
			isa = PBXNativeTarget;
			buildConfigurationList = 0433FDC5230CE84B00AC613A /* Build configuration list for PBXNativeTarget "ChengZiPuzzle" */;
			buildPhases = (
				36294FB3FBDE1B8CDF84D1BB /* [CP] Check Pods Manifest.lock */,
				0433FD99230CE84A00AC613A /* Sources */,
				0433FD9A230CE84A00AC613A /* Frameworks */,
				0433FD9B230CE84A00AC613A /* Resources */,
				3329FC22FC1C4500349BB350 /* [CP] Embed Pods Frameworks */,
			);
			buildRules = (
			);
			dependencies = (
			);
			name = ChengZiPuzzle;
			productName = ChengZiPuzzle;
			productReference = 0433FD9D230CE84A00AC613A /* ChengZiPuzzle.app */;
			productType = "com.apple.product-type.application";
		};
/* End PBXNativeTarget section */

/* Begin PBXProject section */
		0433FD95230CE84A00AC613A /* Project object */ = {
			isa = PBXProject;
			attributes = {
				LastSwiftUpdateCheck = 1020;
				LastUpgradeCheck = 1020;
				ORGANIZATIONNAME = chang;
				TargetAttributes = {
					0433FD9C230CE84A00AC613A = {
						CreatedOnToolsVersion = 10.2.1;
					};
				};
			};
			buildConfigurationList = 0433FD98230CE84A00AC613A /* Build configuration list for PBXProject "ChengZiPuzzle" */;
			compatibilityVersion = "Xcode 9.3";
			developmentRegion = en;
			hasScannedForEncodings = 0;
			knownRegions = (
				en,
				Base,
			);
			mainGroup = 0433FD94230CE84A00AC613A;
			productRefGroup = 0433FD9E230CE84A00AC613A /* Products */;
			projectDirPath = "";
			projectRoot = "";
			targets = (
				0433FD9C230CE84A00AC613A /* ChengZiPuzzle */,
			);
		};
/* End PBXProject section */

/* Begin PBXResourcesBuildPhase section */
		0433FD9B230CE84A00AC613A /* Resources */ = {
			isa = PBXResourcesBuildPhase;
			buildActionMask = 2147483647;
			files = (
				0433FDAB230CE84B00AC613A /* LaunchScreen.storyboard in Resources */,
				A9CA51D9237C3EEA00C29805 /* SettingsViewController.xib in Resources */,
				A9AE7453237826680087057E /* GameSelectViewController.storyboard in Resources */,
				0433FDA8230CE84B00AC613A /* Assets.xcassets in Resources */,
				A90E4357233CA015006867E4 /* LaunchViewController.xib in Resources */,
				A93FE3E4237AEE2800264C49 /* Scrape.wav in Resources */,
				A9AE745F237847000087057E /* PuzzleImageCollectionViewCell.xib in Resources */,
				A9AE745623782AF90087057E /* FZZJ-TTMBFONT.ttf in Resources */,
				A9D1CEF0237A7D3100F5D51D /* GameLevelViewController.xib in Resources */,
				A93FE3E2237AEE2800264C49 /* Mining by Moonlight.mp3 in Resources */,
				A93FE3E0237AEE2800264C49 /* Drip.wav in Resources */,
				A93FE3E5237AEE2800264C49 /* Chomp.wav in Resources */,
				A93FE3E3237AEE2800264C49 /* Error.wav in Resources */,
				A93FE3E1237AEE2800264C49 /* Ka-Ching.wav in Resources */,
				A9138E4E233B735B009400A3 /* WebViewController.storyboard in Resources */,
				A9AE746523793C7C0087057E /* GameViewController.storyboard in Resources */,
				A9138E54233B7448009400A3 /* HomeViewController.xib in Resources */,
				A9AE744C23781D8B0087057E /* GamePhotoSelectViewController.storyboard in Resources */,
			);
			runOnlyForDeploymentPostprocessing = 0;
		};
/* End PBXResourcesBuildPhase section */

/* Begin PBXShellScriptBuildPhase section */
		3329FC22FC1C4500349BB350 /* [CP] Embed Pods Frameworks */ = {
			isa = PBXShellScriptBuildPhase;
			buildActionMask = 2147483647;
			files = (
			);
			inputFileListPaths = (
				"${PODS_ROOT}/Target Support Files/Pods-ChengZiPuzzle/Pods-ChengZiPuzzle-frameworks-${CONFIGURATION}-input-files.xcfilelist",
			);
			name = "[CP] Embed Pods Frameworks";
			outputFileListPaths = (
				"${PODS_ROOT}/Target Support Files/Pods-ChengZiPuzzle/Pods-ChengZiPuzzle-frameworks-${CONFIGURATION}-output-files.xcfilelist",
			);
			runOnlyForDeploymentPostprocessing = 0;
			shellPath = /bin/sh;
			shellScript = "\"${PODS_ROOT}/Target Support Files/Pods-ChengZiPuzzle/Pods-ChengZiPuzzle-frameworks.sh\"\n";
			showEnvVarsInLog = 0;
		};
		36294FB3FBDE1B8CDF84D1BB /* [CP] Check Pods Manifest.lock */ = {
			isa = PBXShellScriptBuildPhase;
			buildActionMask = 2147483647;
			files = (
			);
			inputFileListPaths = (
			);
			inputPaths = (
				"${PODS_PODFILE_DIR_PATH}/Podfile.lock",
				"${PODS_ROOT}/Manifest.lock",
			);
			name = "[CP] Check Pods Manifest.lock";
			outputFileListPaths = (
			);
			outputPaths = (
				"$(DERIVED_FILE_DIR)/Pods-ChengZiPuzzle-checkManifestLockResult.txt",
			);
			runOnlyForDeploymentPostprocessing = 0;
			shellPath = /bin/sh;
			shellScript = "diff \"${PODS_PODFILE_DIR_PATH}/Podfile.lock\" \"${PODS_ROOT}/Manifest.lock\" > /dev/null\nif [ $? != 0 ] ; then\n    # print error to STDERR\n    echo \"error: The sandbox is not in sync with the Podfile.lock. Run 'pod install' or update your CocoaPods installation.\" >&2\n    exit 1\nfi\n# This output is used by Xcode 'outputs' to avoid re-running this script phase.\necho \"SUCCESS\" > \"${SCRIPT_OUTPUT_FILE_0}\"\n";
			showEnvVarsInLog = 0;
		};
/* End PBXShellScriptBuildPhase section */

/* Begin PBXSourcesBuildPhase section */
		0433FD99230CE84A00AC613A /* Sources */ = {
			isa = PBXSourcesBuildPhase;
			buildActionMask = 2147483647;
			files = (
				A9138E10233B7170009400A3 /* App.swift in Sources */,
				A9138E22233B72DC009400A3 /* XibInstantiatable.swift in Sources */,
				A9138E11233B7170009400A3 /* AppError.swift in Sources */,
				A9138E25233B72DC009400A3 /* UserDefaultable.swift in Sources */,
				A9138E53233B7448009400A3 /* HomeViewController.swift in Sources */,
				A9138E2D233B72E5009400A3 /* UIDevice+Additions.swift in Sources */,
				0433FDA1230CE84A00AC613A /* AppDelegate.swift in Sources */,
				A9D1CEEF237A7D3100F5D51D /* GameLevelViewController.swift in Sources */,
				A9138E3A233B72EC009400A3 /* Observable+Additions.swift in Sources */,
				A9D1CEEA2379569A00F5D51D /* GameLevel.swift in Sources */,
				A9138E2A233B72E5009400A3 /* UIFont+Additions.swift in Sources */,
				A90E435C233CA834006867E4 /* Observable+ObjectMapper.swift in Sources */,
				A9AE744823781D600087057E /* BaseViewController.swift in Sources */,
				A9138E1C233B72BE009400A3 /* ActivityIndicator.swift in Sources */,
				A9138E1A233B72BE009400A3 /* GCD.swift in Sources */,
				A9138E45233B72EC009400A3 /* String+Additions.swift in Sources */,
				A9138E20233B72BE009400A3 /* FinancialInstrumentType.swift in Sources */,
				A9138E19233B72BE009400A3 /* GlobalFunc.swift in Sources */,
				A9138E2B233B72E5009400A3 /* UINavigation+Additions.swift in Sources */,
				A9138E49233B7322009400A3 /* BaseTableViewCell.swift in Sources */,
				A9D1CEE82379487E00F5D51D /* FifteenBoard.swift in Sources */,
				A9AE74512378265A0087057E /* GameSelectViewController.swift in Sources */,
				A90E4358233CA015006867E4 /* LaunchViewController.swift in Sources */,
				A9CA51D8237C3EEA00C29805 /* SettingsViewController.swift in Sources */,
				A9138E1D233B72BE009400A3 /* SNSShareItem.swift in Sources */,
				A9138E48233B7322009400A3 /* Alert.swift in Sources */,
				A9138E17233B72B1009400A3 /* APIs+TopPage.swift in Sources */,
				A9138E30233B72E5009400A3 /* UILabel+Font.swift in Sources */,
				A9138E1F233B72BE009400A3 /* Cache.swift in Sources */,
				A9138E47233B72EC009400A3 /* Dictionary+Additions.swift in Sources */,
				A9138E3D233B72EC009400A3 /* Optional+Additions.swift in Sources */,
				A9138E18233B72B1009400A3 /* APITarget.swift in Sources */,
				A9138E28233B72E5009400A3 /* UIView+Additions.swift in Sources */,
				A9138E34233B72E5009400A3 /* UIScreen+Additions.swift in Sources */,
				A9138E40233B72EC009400A3 /* Date+Additions.swift in Sources */,
				A9138E23233B72DC009400A3 /* StoryboardInitializable.swift in Sources */,
				A9AE745B23783AD80087057E /* Puzzle.swift in Sources */,
				A90E435E233CA85F006867E4 /* Moya+ObjectMapper.swift in Sources */,
				A9138E37233B72EC009400A3 /* NSRecursiveLock+Additions.swift in Sources */,
				A9138E1E233B72BE009400A3 /* Keychain.swift in Sources */,
				A9138E2E233B72E5009400A3 /* UIButton+Additions.swift in Sources */,
				A9138E46233B72EC009400A3 /* Array+windowed.swift in Sources */,
				A9138E3C233B72EC009400A3 /* NSObject+Additions.swift in Sources */,
				A9138E13233B72AB009400A3 /* AppVersion.swift in Sources */,
				A9138E32233B72E5009400A3 /* UITableView+Additions.swift in Sources */,
				A9138E29233B72E5009400A3 /* UIColor+Hex.swift in Sources */,
				A9138E38233B72EC009400A3 /* Date+Format.swift in Sources */,
				A9138E4B233B7322009400A3 /* BaseCollectionViewCell.swift in Sources */,
				A9AE745E237847000087057E /* PuzzleImageCollectionViewCell.swift in Sources */,
				A9138E35233B72E5009400A3 /* UIImageView+kf.swift in Sources */,
				A9138E2F233B72E5009400A3 /* UIButton+kf.swift in Sources */,
				A9AE746223793C510087057E /* GameViewController.swift in Sources */,
				A9138E33233B72E5009400A3 /* UIActivityViewController+Addtions.swift in Sources */,
				A9AE744A23781D7A0087057E /* GamePhotoSelectViewController.swift in Sources */,
				A9138E12233B7242009400A3 /* AppManager.swift in Sources */,
				A9138E4A233B7322009400A3 /* Factories.swift in Sources */,
				A9138E44233B72EC009400A3 /* Array+Math.swift in Sources */,
				A9138E0F233B7170009400A3 /* GlobalImports.swift in Sources */,
				A9138E14233B72B1009400A3 /* Rx+Codable.swift in Sources */,
				A9138E4D233B735B009400A3 /* WebViewController.swift in Sources */,
				A9D1CEE72379487A00F5D51D /* BoardView.swift in Sources */,
				A9138E26233B72E5009400A3 /* Reactive+UIViewController.swift in Sources */,
				A9138E43233B72EC009400A3 /* Array+Additions.swift in Sources */,
				A9138E24233B72DC009400A3 /* DividingLineable.swift in Sources */,
				A9138E3E233B72EC009400A3 /* Collection+Additions.swift in Sources */,
				A9AE744E23781EC90087057E /* AppDelegate+JPush.swift in Sources */,
				A9138E2C233B72E5009400A3 /* UIApplication+Additions.swift in Sources */,
				A9138E42233B72EC009400A3 /* UserDefault+Addtions.swift in Sources */,
				A9CA51DB237C450700C29805 /* AppMusicPlayer.swift in Sources */,
				A9138E31233B72E5009400A3 /* UIEdgeInsets+Addtions.swift in Sources */,
				A9138E16233B72B1009400A3 /* APIs.swift in Sources */,
				A9138E15233B72B1009400A3 /* Response+Codable.swift in Sources */,
				A9138E41233B72EC009400A3 /* Observable+Alert.swift in Sources */,
				A9138E36233B72E5009400A3 /* UICollectionView+Additions.swift in Sources */,
				A9138E27233B72E5009400A3 /* UIImage+Additions.swift in Sources */,
				A9138E1B233B72BE009400A3 /* LoadJSON.swift in Sources */,
				A9138E21233B72BE009400A3 /* Const.swift in Sources */,
				A9138E39233B72EC009400A3 /* URL+Additions.swift in Sources */,
				A9138E3B233B72EC009400A3 /* NSAttributedString+Additions.swift in Sources */,
			);
			runOnlyForDeploymentPostprocessing = 0;
		};
/* End PBXSourcesBuildPhase section */

/* Begin PBXVariantGroup section */
		0433FDA9230CE84B00AC613A /* LaunchScreen.storyboard */ = {
			isa = PBXVariantGroup;
			children = (
				0433FDAA230CE84B00AC613A /* Base */,
			);
			name = LaunchScreen.storyboard;
			sourceTree = "<group>";
		};
/* End PBXVariantGroup section */

/* Begin XCBuildConfiguration section */
		0433FDC3230CE84B00AC613A /* Debug */ = {
			isa = XCBuildConfiguration;
			buildSettings = {
				ALWAYS_SEARCH_USER_PATHS = NO;
				CLANG_ANALYZER_NONNULL = YES;
				CLANG_ANALYZER_NUMBER_OBJECT_CONVERSION = YES_AGGRESSIVE;
				CLANG_CXX_LANGUAGE_STANDARD = "gnu++14";
				CLANG_CXX_LIBRARY = "libc++";
				CLANG_ENABLE_MODULES = YES;
				CLANG_ENABLE_OBJC_ARC = YES;
				CLANG_ENABLE_OBJC_WEAK = YES;
				CLANG_WARN_BLOCK_CAPTURE_AUTORELEASING = YES;
				CLANG_WARN_BOOL_CONVERSION = YES;
				CLANG_WARN_COMMA = YES;
				CLANG_WARN_CONSTANT_CONVERSION = YES;
				CLANG_WARN_DEPRECATED_OBJC_IMPLEMENTATIONS = YES;
				CLANG_WARN_DIRECT_OBJC_ISA_USAGE = YES_ERROR;
				CLANG_WARN_DOCUMENTATION_COMMENTS = YES;
				CLANG_WARN_EMPTY_BODY = YES;
				CLANG_WARN_ENUM_CONVERSION = YES;
				CLANG_WARN_INFINITE_RECURSION = YES;
				CLANG_WARN_INT_CONVERSION = YES;
				CLANG_WARN_NON_LITERAL_NULL_CONVERSION = YES;
				CLANG_WARN_OBJC_IMPLICIT_RETAIN_SELF = YES;
				CLANG_WARN_OBJC_LITERAL_CONVERSION = YES;
				CLANG_WARN_OBJC_ROOT_CLASS = YES_ERROR;
				CLANG_WARN_RANGE_LOOP_ANALYSIS = YES;
				CLANG_WARN_STRICT_PROTOTYPES = YES;
				CLANG_WARN_SUSPICIOUS_MOVE = YES;
				CLANG_WARN_UNGUARDED_AVAILABILITY = YES_AGGRESSIVE;
				CLANG_WARN_UNREACHABLE_CODE = YES;
				CLANG_WARN__DUPLICATE_METHOD_MATCH = YES;
				CODE_SIGN_IDENTITY = "iPhone Developer";
				COPY_PHASE_STRIP = NO;
				DEBUG_INFORMATION_FORMAT = dwarf;
				ENABLE_STRICT_OBJC_MSGSEND = YES;
				ENABLE_TESTABILITY = YES;
				GCC_C_LANGUAGE_STANDARD = gnu11;
				GCC_DYNAMIC_NO_PIC = NO;
				GCC_NO_COMMON_BLOCKS = YES;
				GCC_OPTIMIZATION_LEVEL = 0;
				GCC_PREPROCESSOR_DEFINITIONS = (
					"DEBUG=1",
					"$(inherited)",
				);
				GCC_WARN_64_TO_32_BIT_CONVERSION = YES;
				GCC_WARN_ABOUT_RETURN_TYPE = YES_ERROR;
				GCC_WARN_UNDECLARED_SELECTOR = YES;
				GCC_WARN_UNINITIALIZED_AUTOS = YES_AGGRESSIVE;
				GCC_WARN_UNUSED_FUNCTION = YES;
				GCC_WARN_UNUSED_VARIABLE = YES;
				IPHONEOS_DEPLOYMENT_TARGET = 12.2;
				MTL_ENABLE_DEBUG_INFO = INCLUDE_SOURCE;
				MTL_FAST_MATH = YES;
				ONLY_ACTIVE_ARCH = YES;
				SDKROOT = iphoneos;
				SWIFT_ACTIVE_COMPILATION_CONDITIONS = DEBUG;
				SWIFT_OPTIMIZATION_LEVEL = "-Onone";
			};
			name = Debug;
		};
		0433FDC4230CE84B00AC613A /* Release */ = {
			isa = XCBuildConfiguration;
			buildSettings = {
				ALWAYS_SEARCH_USER_PATHS = NO;
				CLANG_ANALYZER_NONNULL = YES;
				CLANG_ANALYZER_NUMBER_OBJECT_CONVERSION = YES_AGGRESSIVE;
				CLANG_CXX_LANGUAGE_STANDARD = "gnu++14";
				CLANG_CXX_LIBRARY = "libc++";
				CLANG_ENABLE_MODULES = YES;
				CLANG_ENABLE_OBJC_ARC = YES;
				CLANG_ENABLE_OBJC_WEAK = YES;
				CLANG_WARN_BLOCK_CAPTURE_AUTORELEASING = YES;
				CLANG_WARN_BOOL_CONVERSION = YES;
				CLANG_WARN_COMMA = YES;
				CLANG_WARN_CONSTANT_CONVERSION = YES;
				CLANG_WARN_DEPRECATED_OBJC_IMPLEMENTATIONS = YES;
				CLANG_WARN_DIRECT_OBJC_ISA_USAGE = YES_ERROR;
				CLANG_WARN_DOCUMENTATION_COMMENTS = YES;
				CLANG_WARN_EMPTY_BODY = YES;
				CLANG_WARN_ENUM_CONVERSION = YES;
				CLANG_WARN_INFINITE_RECURSION = YES;
				CLANG_WARN_INT_CONVERSION = YES;
				CLANG_WARN_NON_LITERAL_NULL_CONVERSION = YES;
				CLANG_WARN_OBJC_IMPLICIT_RETAIN_SELF = YES;
				CLANG_WARN_OBJC_LITERAL_CONVERSION = YES;
				CLANG_WARN_OBJC_ROOT_CLASS = YES_ERROR;
				CLANG_WARN_RANGE_LOOP_ANALYSIS = YES;
				CLANG_WARN_STRICT_PROTOTYPES = YES;
				CLANG_WARN_SUSPICIOUS_MOVE = YES;
				CLANG_WARN_UNGUARDED_AVAILABILITY = YES_AGGRESSIVE;
				CLANG_WARN_UNREACHABLE_CODE = YES;
				CLANG_WARN__DUPLICATE_METHOD_MATCH = YES;
				CODE_SIGN_IDENTITY = "iPhone Developer";
				COPY_PHASE_STRIP = NO;
				DEBUG_INFORMATION_FORMAT = "dwarf-with-dsym";
				ENABLE_NS_ASSERTIONS = NO;
				ENABLE_STRICT_OBJC_MSGSEND = YES;
				GCC_C_LANGUAGE_STANDARD = gnu11;
				GCC_NO_COMMON_BLOCKS = YES;
				GCC_WARN_64_TO_32_BIT_CONVERSION = YES;
				GCC_WARN_ABOUT_RETURN_TYPE = YES_ERROR;
				GCC_WARN_UNDECLARED_SELECTOR = YES;
				GCC_WARN_UNINITIALIZED_AUTOS = YES_AGGRESSIVE;
				GCC_WARN_UNUSED_FUNCTION = YES;
				GCC_WARN_UNUSED_VARIABLE = YES;
				IPHONEOS_DEPLOYMENT_TARGET = 12.2;
				MTL_ENABLE_DEBUG_INFO = NO;
				MTL_FAST_MATH = YES;
				SDKROOT = iphoneos;
				SWIFT_COMPILATION_MODE = wholemodule;
				SWIFT_OPTIMIZATION_LEVEL = "-O";
				VALIDATE_PRODUCT = YES;
			};
			name = Release;
		};
		0433FDC6230CE84B00AC613A /* Debug */ = {
			isa = XCBuildConfiguration;
			baseConfigurationReference = 19948EE56C3220CD4B77349F /* Pods-ChengZiPuzzle.debug.xcconfig */;
			buildSettings = {
				ASSETCATALOG_COMPILER_APPICON_NAME = AppIcon;
				CODE_SIGN_IDENTITY = "iPhone Distribution";
				CODE_SIGN_STYLE = Manual;
				DEVELOPMENT_TEAM = 3W4H92M776;
				ENABLE_BITCODE = NO;
				INFOPLIST_FILE = ChengZiPuzzle/Info.plist;
				IPHONEOS_DEPLOYMENT_TARGET = 10.0;
				LD_RUNPATH_SEARCH_PATHS = (
					"$(inherited)",
					"@executable_path/Frameworks",
				);
				PRODUCT_BUNDLE_IDENTIFIER = com.app.ChengZiPuzzle;
				PRODUCT_NAME = "$(TARGET_NAME)";
				PROVISIONING_PROFILE_SPECIFIER = distribution_profile;
				SWIFT_OBJC_BRIDGING_HEADER = "$(PROJECT_DIR)/ChengZiPuzzle/ChengZiBridgeHeader.h";
				SWIFT_VERSION = 5.0;
				TARGETED_DEVICE_FAMILY = 1;
			};
			name = Debug;
		};
		0433FDC7230CE84B00AC613A /* Release */ = {
			isa = XCBuildConfiguration;
			baseConfigurationReference = 2F8DA92F52F8D72DAADDF645 /* Pods-ChengZiPuzzle.release.xcconfig */;
			buildSettings = {
				ASSETCATALOG_COMPILER_APPICON_NAME = AppIcon;
				CODE_SIGN_IDENTITY = "iPhone Distribution";
				CODE_SIGN_STYLE = Manual;
				DEBUG_INFORMATION_FORMAT = dwarf;
				DEVELOPMENT_TEAM = 3W4H92M776;
				ENABLE_BITCODE = NO;
				INFOPLIST_FILE = ChengZiPuzzle/Info.plist;
				IPHONEOS_DEPLOYMENT_TARGET = 10.0;
				LD_RUNPATH_SEARCH_PATHS = (
					"$(inherited)",
					"@executable_path/Frameworks",
				);
				PRODUCT_BUNDLE_IDENTIFIER = com.app.ChengZiPuzzle;
				PRODUCT_NAME = "$(TARGET_NAME)";
				PROVISIONING_PROFILE_SPECIFIER = distribution_profile;
				SWIFT_OBJC_BRIDGING_HEADER = "$(PROJECT_DIR)/ChengZiPuzzle/ChengZiBridgeHeader.h";
				SWIFT_VERSION = 5.0;
				TARGETED_DEVICE_FAMILY = 1;
			};
			name = Release;
		};
/* End XCBuildConfiguration section */

/* Begin XCConfigurationList section */
		0433FD98230CE84A00AC613A /* Build configuration list for PBXProject "ChengZiPuzzle" */ = {
			isa = XCConfigurationList;
			buildConfigurations = (
				0433FDC3230CE84B00AC613A /* Debug */,
				0433FDC4230CE84B00AC613A /* Release */,
			);
			defaultConfigurationIsVisible = 0;
			defaultConfigurationName = Release;
		};
		0433FDC5230CE84B00AC613A /* Build configuration list for PBXNativeTarget "ChengZiPuzzle" */ = {
			isa = XCConfigurationList;
			buildConfigurations = (
				0433FDC6230CE84B00AC613A /* Debug */,
				0433FDC7230CE84B00AC613A /* Release */,
			);
			defaultConfigurationIsVisible = 0;
			defaultConfigurationName = Release;
		};
/* End XCConfigurationList section */
	};
	rootObject = 0433FD95230CE84A00AC613A /* Project object */;
}
