// !$*UTF8*$!
{
	archiveVersion = 1;
	classes = {
	};
	objectVersion = 51;
	objects = {

/* Begin PBXBuildFile section */
		0433FDA1230CE84A00AC613A /* AppDelegate.swift in Sources */ = {isa = PBXBuildFile; fileRef = 0433FDA0230CE84A00AC613A /* AppDelegate.swift */; };
		0433FDA3230CE84A00AC613A /* ViewController.swift in Sources */ = {isa = PBXBuildFile; fileRef = 0433FDA2230CE84A00AC613A /* ViewController.swift */; };
		0433FDA6230CE84A00AC613A /* Main.storyboard in Resources */ = {isa = PBXBuildFile; fileRef = 0433FDA4230CE84A00AC613A /* Main.storyboard */; };
		0433FDA8230CE84B00AC613A /* Assets.xcassets in Resources */ = {isa = PBXBuildFile; fileRef = 0433FDA7230CE84B00AC613A /* Assets.xcassets */; };
		0433FDAB230CE84B00AC613A /* LaunchScreen.storyboard in Resources */ = {isa = PBXBuildFile; fileRef = 0433FDA9230CE84B00AC613A /* LaunchScreen.storyboard */; };
		0433FDB6230CE84B00AC613A /* idiomTests.swift in Sources */ = {isa = PBXBuildFile; fileRef = 0433FDB5230CE84B00AC613A /* idiomTests.swift */; };
		0433FDC1230CE84B00AC613A /* idiomUITests.swift in Sources */ = {isa = PBXBuildFile; fileRef = 0433FDC0230CE84B00AC613A /* idiomUITests.swift */; };
		0433FDCF230CE85E00AC613A /* idoimlist.plist in Resources */ = {isa = PBXBuildFile; fileRef = 0433FDCE230CE85D00AC613A /* idoimlist.plist */; };
		04342B12230EF42300B1489C /* StarViewController.swift in Sources */ = {isa = PBXBuildFile; fileRef = 04342B11230EF42300B1489C /* StarViewController.swift */; };
		043546E3230E6D210020545F /* ExtendViewController.swift in Sources */ = {isa = PBXBuildFile; fileRef = 043546E2230E6D210020545F /* ExtendViewController.swift */; };
		043546E9230E7AFA0020545F /* ToolsViewController.m in Sources */ = {isa = PBXBuildFile; fileRef = 043546E8230E7AFA0020545F /* ToolsViewController.m */; };
		043546EB230E7E7D0020545F /* IdiomHomeViewController.swift in Sources */ = {isa = PBXBuildFile; fileRef = 043546EA230E7E7D0020545F /* IdiomHomeViewController.swift */; };
		043546ED230E84150020545F /* IdiomSearchsViewController.swift in Sources */ = {isa = PBXBuildFile; fileRef = 043546EC230E84150020545F /* IdiomSearchsViewController.swift */; };
		04382DD6E0AEAB516CC68BC9 /* Pods_IdiomBus.framework in Frameworks */ = {isa = PBXBuildFile; fileRef = 978CB33BB7B6D1F57EEB3A44 /* Pods_IdiomBus.framework */; };
		A90E4347233C7A85006867E4 /* IdiomSearchViewController.swift in Sources */ = {isa = PBXBuildFile; fileRef = A90E4345233C7A85006867E4 /* IdiomSearchViewController.swift */; };
		A90E4348233C7A85006867E4 /* IdiomSearchViewController.xib in Resources */ = {isa = PBXBuildFile; fileRef = A90E4346233C7A85006867E4 /* IdiomSearchViewController.xib */; };
		A90E434A233C897C006867E4 /* SearchResultModel.swift in Sources */ = {isa = PBXBuildFile; fileRef = A90E4349233C897C006867E4 /* SearchResultModel.swift */; };
		A90E434E233C8EA6006867E4 /* FavoriteViewController.swift in Sources */ = {isa = PBXBuildFile; fileRef = A90E434C233C8EA6006867E4 /* FavoriteViewController.swift */; };
		A90E434F233C8EA6006867E4 /* FavoriteViewController.xib in Resources */ = {isa = PBXBuildFile; fileRef = A90E434D233C8EA6006867E4 /* FavoriteViewController.xib */; };
		A90E4353233C908A006867E4 /* IdiomDescViewController.swift in Sources */ = {isa = PBXBuildFile; fileRef = A90E4351233C908A006867E4 /* IdiomDescViewController.swift */; };
		A90E4354233C908A006867E4 /* IdiomDescViewController.xib in Resources */ = {isa = PBXBuildFile; fileRef = A90E4352233C908A006867E4 /* IdiomDescViewController.xib */; };
		A90E4356233C9696006867E4 /* IdiomDescModel.swift in Sources */ = {isa = PBXBuildFile; fileRef = A90E4355233C9696006867E4 /* IdiomDescModel.swift */; };
		A90E4357233CA015006867E4 /* LaunchViewController.xib in Resources */ = {isa = PBXBuildFile; fileRef = A9138DAA233B7152009400A3 /* LaunchViewController.xib */; };
		A90E4358233CA015006867E4 /* LaunchViewController.swift in Sources */ = {isa = PBXBuildFile; fileRef = A9138DAD233B7152009400A3 /* LaunchViewController.swift */; };
		A90E435C233CA834006867E4 /* Observable+ObjectMapper.swift in Sources */ = {isa = PBXBuildFile; fileRef = A90E435B233CA833006867E4 /* Observable+ObjectMapper.swift */; };
		A90E435E233CA85F006867E4 /* Moya+ObjectMapper.swift in Sources */ = {isa = PBXBuildFile; fileRef = A90E435D233CA85F006867E4 /* Moya+ObjectMapper.swift */; };
		A9138E0F233B7170009400A3 /* GlobalImports.swift in Sources */ = {isa = PBXBuildFile; fileRef = A9138E0D233B716F009400A3 /* GlobalImports.swift */; };
		A9138E10233B7170009400A3 /* App.swift in Sources */ = {isa = PBXBuildFile; fileRef = A9138E0E233B7170009400A3 /* App.swift */; };
		A9138E11233B7170009400A3 /* AppError.swift in Sources */ = {isa = PBXBuildFile; fileRef = A9138E0C233B716F009400A3 /* AppError.swift */; };
		A9138E12233B7242009400A3 /* AppManager.swift in Sources */ = {isa = PBXBuildFile; fileRef = A9138E0B233B7163009400A3 /* AppManager.swift */; };
		A9138E13233B72AB009400A3 /* AppVersion.swift in Sources */ = {isa = PBXBuildFile; fileRef = A9138DBD233B7163009400A3 /* AppVersion.swift */; };
		A9138E14233B72B1009400A3 /* Rx+Codable.swift in Sources */ = {isa = PBXBuildFile; fileRef = A9138DC2233B7163009400A3 /* Rx+Codable.swift */; };
		A9138E15233B72B1009400A3 /* Response+Codable.swift in Sources */ = {isa = PBXBuildFile; fileRef = A9138DC3233B7163009400A3 /* Response+Codable.swift */; };
		A9138E16233B72B1009400A3 /* APIs.swift in Sources */ = {isa = PBXBuildFile; fileRef = A9138DC4233B7163009400A3 /* APIs.swift */; };
		A9138E17233B72B1009400A3 /* APIs+TopPage.swift in Sources */ = {isa = PBXBuildFile; fileRef = A9138DC5233B7163009400A3 /* APIs+TopPage.swift */; };
		A9138E18233B72B1009400A3 /* APITarget.swift in Sources */ = {isa = PBXBuildFile; fileRef = A9138DC6233B7163009400A3 /* APITarget.swift */; };
		A9138E19233B72BE009400A3 /* GlobalFunc.swift in Sources */ = {isa = PBXBuildFile; fileRef = A9138DD7233B7163009400A3 /* GlobalFunc.swift */; };
		A9138E1A233B72BE009400A3 /* GCD.swift in Sources */ = {isa = PBXBuildFile; fileRef = A9138DD8233B7163009400A3 /* GCD.swift */; };
		A9138E1B233B72BE009400A3 /* LoadJSON.swift in Sources */ = {isa = PBXBuildFile; fileRef = A9138DD9233B7163009400A3 /* LoadJSON.swift */; };
		A9138E1C233B72BE009400A3 /* ActivityIndicator.swift in Sources */ = {isa = PBXBuildFile; fileRef = A9138DDA233B7163009400A3 /* ActivityIndicator.swift */; };
		A9138E1D233B72BE009400A3 /* SNSShareItem.swift in Sources */ = {isa = PBXBuildFile; fileRef = A9138E00233B7163009400A3 /* SNSShareItem.swift */; };
		A9138E1E233B72BE009400A3 /* Keychain.swift in Sources */ = {isa = PBXBuildFile; fileRef = A9138E01233B7163009400A3 /* Keychain.swift */; };
		A9138E1F233B72BE009400A3 /* Cache.swift in Sources */ = {isa = PBXBuildFile; fileRef = A9138E02233B7163009400A3 /* Cache.swift */; };
		A9138E20233B72BE009400A3 /* FinancialInstrumentType.swift in Sources */ = {isa = PBXBuildFile; fileRef = A9138E03233B7163009400A3 /* FinancialInstrumentType.swift */; };
		A9138E21233B72BE009400A3 /* Const.swift in Sources */ = {isa = PBXBuildFile; fileRef = A9138E04233B7163009400A3 /* Const.swift */; };
		A9138E22233B72DC009400A3 /* XibInstantiatable.swift in Sources */ = {isa = PBXBuildFile; fileRef = A9138E06233B7163009400A3 /* XibInstantiatable.swift */; };
		A9138E23233B72DC009400A3 /* StoryboardInitializable.swift in Sources */ = {isa = PBXBuildFile; fileRef = A9138E07233B7163009400A3 /* StoryboardInitializable.swift */; };
		A9138E24233B72DC009400A3 /* DividingLineable.swift in Sources */ = {isa = PBXBuildFile; fileRef = A9138E08233B7163009400A3 /* DividingLineable.swift */; };
		A9138E25233B72DC009400A3 /* UserDefaultable.swift in Sources */ = {isa = PBXBuildFile; fileRef = A9138E09233B7163009400A3 /* UserDefaultable.swift */; };
		A9138E26233B72E5009400A3 /* Reactive+UIViewController.swift in Sources */ = {isa = PBXBuildFile; fileRef = A9138DDD233B7163009400A3 /* Reactive+UIViewController.swift */; };
		A9138E27233B72E5009400A3 /* UIImage+Additions.swift in Sources */ = {isa = PBXBuildFile; fileRef = A9138DDE233B7163009400A3 /* UIImage+Additions.swift */; };
		A9138E28233B72E5009400A3 /* UIView+Additions.swift in Sources */ = {isa = PBXBuildFile; fileRef = A9138DDF233B7163009400A3 /* UIView+Additions.swift */; };
		A9138E29233B72E5009400A3 /* UIColor+Hex.swift in Sources */ = {isa = PBXBuildFile; fileRef = A9138DE0233B7163009400A3 /* UIColor+Hex.swift */; };
		A9138E2A233B72E5009400A3 /* UIFont+Additions.swift in Sources */ = {isa = PBXBuildFile; fileRef = A9138DE1233B7163009400A3 /* UIFont+Additions.swift */; };
		A9138E2B233B72E5009400A3 /* UINavigation+Additions.swift in Sources */ = {isa = PBXBuildFile; fileRef = A9138DE2233B7163009400A3 /* UINavigation+Additions.swift */; };
		A9138E2C233B72E5009400A3 /* UIApplication+Additions.swift in Sources */ = {isa = PBXBuildFile; fileRef = A9138DE3233B7163009400A3 /* UIApplication+Additions.swift */; };
		A9138E2D233B72E5009400A3 /* UIDevice+Additions.swift in Sources */ = {isa = PBXBuildFile; fileRef = A9138DE4233B7163009400A3 /* UIDevice+Additions.swift */; };
		A9138E2E233B72E5009400A3 /* UIButton+Additions.swift in Sources */ = {isa = PBXBuildFile; fileRef = A9138DE5233B7163009400A3 /* UIButton+Additions.swift */; };
		A9138E2F233B72E5009400A3 /* UIButton+kf.swift in Sources */ = {isa = PBXBuildFile; fileRef = A9138DE6233B7163009400A3 /* UIButton+kf.swift */; };
		A9138E30233B72E5009400A3 /* UILabel+Font.swift in Sources */ = {isa = PBXBuildFile; fileRef = A9138DE7233B7163009400A3 /* UILabel+Font.swift */; };
		A9138E31233B72E5009400A3 /* UIEdgeInsets+Addtions.swift in Sources */ = {isa = PBXBuildFile; fileRef = A9138DE8233B7163009400A3 /* UIEdgeInsets+Addtions.swift */; };
		A9138E32233B72E5009400A3 /* UITableView+Additions.swift in Sources */ = {isa = PBXBuildFile; fileRef = A9138DE9233B7163009400A3 /* UITableView+Additions.swift */; };
		A9138E33233B72E5009400A3 /* UIActivityViewController+Addtions.swift in Sources */ = {isa = PBXBuildFile; fileRef = A9138DEA233B7163009400A3 /* UIActivityViewController+Addtions.swift */; };
		A9138E34233B72E5009400A3 /* UIScreen+Additions.swift in Sources */ = {isa = PBXBuildFile; fileRef = A9138DEB233B7163009400A3 /* UIScreen+Additions.swift */; };
		A9138E35233B72E5009400A3 /* UIImageView+kf.swift in Sources */ = {isa = PBXBuildFile; fileRef = A9138DEC233B7163009400A3 /* UIImageView+kf.swift */; };
		A9138E36233B72E5009400A3 /* UICollectionView+Additions.swift in Sources */ = {isa = PBXBuildFile; fileRef = A9138DED233B7163009400A3 /* UICollectionView+Additions.swift */; };
		A9138E37233B72EC009400A3 /* NSRecursiveLock+Additions.swift in Sources */ = {isa = PBXBuildFile; fileRef = A9138DEF233B7163009400A3 /* NSRecursiveLock+Additions.swift */; };
		A9138E38233B72EC009400A3 /* Date+Format.swift in Sources */ = {isa = PBXBuildFile; fileRef = A9138DF0233B7163009400A3 /* Date+Format.swift */; };
		A9138E39233B72EC009400A3 /* URL+Additions.swift in Sources */ = {isa = PBXBuildFile; fileRef = A9138DF1233B7163009400A3 /* URL+Additions.swift */; };
		A9138E3A233B72EC009400A3 /* Observable+Additions.swift in Sources */ = {isa = PBXBuildFile; fileRef = A9138DF2233B7163009400A3 /* Observable+Additions.swift */; };
		A9138E3B233B72EC009400A3 /* NSAttributedString+Additions.swift in Sources */ = {isa = PBXBuildFile; fileRef = A9138DF3233B7163009400A3 /* NSAttributedString+Additions.swift */; };
		A9138E3C233B72EC009400A3 /* NSObject+Additions.swift in Sources */ = {isa = PBXBuildFile; fileRef = A9138DF4233B7163009400A3 /* NSObject+Additions.swift */; };
		A9138E3D233B72EC009400A3 /* Optional+Additions.swift in Sources */ = {isa = PBXBuildFile; fileRef = A9138DF5233B7163009400A3 /* Optional+Additions.swift */; };
		A9138E3E233B72EC009400A3 /* Collection+Additions.swift in Sources */ = {isa = PBXBuildFile; fileRef = A9138DF6233B7163009400A3 /* Collection+Additions.swift */; };
		A9138E40233B72EC009400A3 /* Date+Additions.swift in Sources */ = {isa = PBXBuildFile; fileRef = A9138DF8233B7163009400A3 /* Date+Additions.swift */; };
		A9138E41233B72EC009400A3 /* Observable+Alert.swift in Sources */ = {isa = PBXBuildFile; fileRef = A9138DF9233B7163009400A3 /* Observable+Alert.swift */; };
		A9138E42233B72EC009400A3 /* UserDefault+Addtions.swift in Sources */ = {isa = PBXBuildFile; fileRef = A9138DFA233B7163009400A3 /* UserDefault+Addtions.swift */; };
		A9138E43233B72EC009400A3 /* Array+Additions.swift in Sources */ = {isa = PBXBuildFile; fileRef = A9138DFB233B7163009400A3 /* Array+Additions.swift */; };
		A9138E44233B72EC009400A3 /* Array+Math.swift in Sources */ = {isa = PBXBuildFile; fileRef = A9138DFC233B7163009400A3 /* Array+Math.swift */; };
		A9138E45233B72EC009400A3 /* String+Additions.swift in Sources */ = {isa = PBXBuildFile; fileRef = A9138DFD233B7163009400A3 /* String+Additions.swift */; };
		A9138E46233B72EC009400A3 /* Array+windowed.swift in Sources */ = {isa = PBXBuildFile; fileRef = A9138DFE233B7163009400A3 /* Array+windowed.swift */; };
		A9138E47233B72EC009400A3 /* Dictionary+Additions.swift in Sources */ = {isa = PBXBuildFile; fileRef = A9138DFF233B7163009400A3 /* Dictionary+Additions.swift */; };
		A9138E48233B7322009400A3 /* Alert.swift in Sources */ = {isa = PBXBuildFile; fileRef = A9138DC8233B7163009400A3 /* Alert.swift */; };
		A9138E49233B7322009400A3 /* BaseTableViewCell.swift in Sources */ = {isa = PBXBuildFile; fileRef = A9138DC9233B7163009400A3 /* BaseTableViewCell.swift */; };
		A9138E4A233B7322009400A3 /* Factories.swift in Sources */ = {isa = PBXBuildFile; fileRef = A9138DCA233B7163009400A3 /* Factories.swift */; };
		A9138E4B233B7322009400A3 /* BaseCollectionViewCell.swift in Sources */ = {isa = PBXBuildFile; fileRef = A9138DCE233B7163009400A3 /* BaseCollectionViewCell.swift */; };
		A9138E4C233B732E009400A3 /* BaseViewController.swift in Sources */ = {isa = PBXBuildFile; fileRef = A9138DAE233B7152009400A3 /* BaseViewController.swift */; };
		A9138E4D233B735B009400A3 /* WebViewController.swift in Sources */ = {isa = PBXBuildFile; fileRef = A9138DB7233B7152009400A3 /* WebViewController.swift */; };
		A9138E4E233B735B009400A3 /* WebViewController.storyboard in Resources */ = {isa = PBXBuildFile; fileRef = A9138DB8233B7152009400A3 /* WebViewController.storyboard */; };
		A9138E53233B7448009400A3 /* HomeViewController.swift in Sources */ = {isa = PBXBuildFile; fileRef = A9138E51233B7448009400A3 /* HomeViewController.swift */; };
		A9138E54233B7448009400A3 /* HomeViewController.xib in Resources */ = {isa = PBXBuildFile; fileRef = A9138E52233B7448009400A3 /* HomeViewController.xib */; };
		A9138E58233B7BA9009400A3 /* WriteIdiomViewController.swift in Sources */ = {isa = PBXBuildFile; fileRef = A9138E56233B7BA9009400A3 /* WriteIdiomViewController.swift */; };
		A9138E59233B7BA9009400A3 /* WriteIdiomViewController.xib in Resources */ = {isa = PBXBuildFile; fileRef = A9138E57233B7BA9009400A3 /* WriteIdiomViewController.xib */; };
/* End PBXBuildFile section */

/* Begin PBXContainerItemProxy section */
		0433FDB2230CE84B00AC613A /* PBXContainerItemProxy */ = {
			isa = PBXContainerItemProxy;
			containerPortal = 0433FD95230CE84A00AC613A /* Project object */;
			proxyType = 1;
			remoteGlobalIDString = 0433FD9C230CE84A00AC613A;
			remoteInfo = IdiomBus;
		};
		0433FDBD230CE84B00AC613A /* PBXContainerItemProxy */ = {
			isa = PBXContainerItemProxy;
			containerPortal = 0433FD95230CE84A00AC613A /* Project object */;
			proxyType = 1;
			remoteGlobalIDString = 0433FD9C230CE84A00AC613A;
			remoteInfo = IdiomBus;
		};
/* End PBXContainerItemProxy section */

/* Begin PBXFileReference section */
		0433FD9D230CE84A00AC613A /* IdiomBus.app */ = {isa = PBXFileReference; explicitFileType = wrapper.application; includeInIndex = 0; path = IdiomBus.app; sourceTree = BUILT_PRODUCTS_DIR; };
		0433FDA0230CE84A00AC613A /* AppDelegate.swift */ = {isa = PBXFileReference; lastKnownFileType = sourcecode.swift; path = AppDelegate.swift; sourceTree = "<group>"; };
		0433FDA2230CE84A00AC613A /* ViewController.swift */ = {isa = PBXFileReference; lastKnownFileType = sourcecode.swift; path = ViewController.swift; sourceTree = "<group>"; };
		0433FDA5230CE84A00AC613A /* Base */ = {isa = PBXFileReference; lastKnownFileType = file.storyboard; name = Base; path = Base.lproj/Main.storyboard; sourceTree = "<group>"; };
		0433FDA7230CE84B00AC613A /* Assets.xcassets */ = {isa = PBXFileReference; lastKnownFileType = folder.assetcatalog; path = Assets.xcassets; sourceTree = "<group>"; };
		0433FDAA230CE84B00AC613A /* Base */ = {isa = PBXFileReference; lastKnownFileType = file.storyboard; name = Base; path = Base.lproj/LaunchScreen.storyboard; sourceTree = "<group>"; };
		0433FDAC230CE84B00AC613A /* Info.plist */ = {isa = PBXFileReference; lastKnownFileType = text.plist.xml; path = Info.plist; sourceTree = "<group>"; };
		0433FDB1230CE84B00AC613A /* idiomTests.xctest */ = {isa = PBXFileReference; explicitFileType = wrapper.cfbundle; includeInIndex = 0; path = idiomTests.xctest; sourceTree = BUILT_PRODUCTS_DIR; };
		0433FDB5230CE84B00AC613A /* idiomTests.swift */ = {isa = PBXFileReference; lastKnownFileType = sourcecode.swift; path = idiomTests.swift; sourceTree = "<group>"; };
		0433FDB7230CE84B00AC613A /* Info.plist */ = {isa = PBXFileReference; lastKnownFileType = text.plist.xml; path = Info.plist; sourceTree = "<group>"; };
		0433FDBC230CE84B00AC613A /* idiomUITests.xctest */ = {isa = PBXFileReference; explicitFileType = wrapper.cfbundle; includeInIndex = 0; path = idiomUITests.xctest; sourceTree = BUILT_PRODUCTS_DIR; };
		0433FDC0230CE84B00AC613A /* idiomUITests.swift */ = {isa = PBXFileReference; lastKnownFileType = sourcecode.swift; path = idiomUITests.swift; sourceTree = "<group>"; };
		0433FDC2230CE84B00AC613A /* Info.plist */ = {isa = PBXFileReference; lastKnownFileType = text.plist.xml; path = Info.plist; sourceTree = "<group>"; };
		0433FDCE230CE85D00AC613A /* idoimlist.plist */ = {isa = PBXFileReference; fileEncoding = 4; lastKnownFileType = text.plist.xml; path = idoimlist.plist; sourceTree = "<group>"; };
		04342B11230EF42300B1489C /* StarViewController.swift */ = {isa = PBXFileReference; lastKnownFileType = sourcecode.swift; path = StarViewController.swift; sourceTree = "<group>"; };
		043546E1230E65430020545F /* idiomHeader.h */ = {isa = PBXFileReference; lastKnownFileType = sourcecode.c.h; path = idiomHeader.h; sourceTree = "<group>"; };
		043546E2230E6D210020545F /* ExtendViewController.swift */ = {isa = PBXFileReference; lastKnownFileType = sourcecode.swift; path = ExtendViewController.swift; sourceTree = "<group>"; };
		043546E7230E7AFA0020545F /* ToolsViewController.h */ = {isa = PBXFileReference; lastKnownFileType = sourcecode.c.h; path = ToolsViewController.h; sourceTree = "<group>"; };
		043546E8230E7AFA0020545F /* ToolsViewController.m */ = {isa = PBXFileReference; lastKnownFileType = sourcecode.c.objc; path = ToolsViewController.m; sourceTree = "<group>"; };
		043546EA230E7E7D0020545F /* IdiomHomeViewController.swift */ = {isa = PBXFileReference; lastKnownFileType = sourcecode.swift; path = IdiomHomeViewController.swift; sourceTree = "<group>"; };
		043546EC230E84150020545F /* IdiomSearchsViewController.swift */ = {isa = PBXFileReference; lastKnownFileType = sourcecode.swift; path = IdiomSearchsViewController.swift; sourceTree = "<group>"; };
		470166ECAF3A60BDCA841334 /* libPods-idiomTests.a */ = {isa = PBXFileReference; explicitFileType = archive.ar; includeInIndex = 0; path = "libPods-idiomTests.a"; sourceTree = BUILT_PRODUCTS_DIR; };
		4CBC5B88FD5BB0EE83B86DE9 /* Pods-IdiomBus.release.xcconfig */ = {isa = PBXFileReference; includeInIndex = 1; lastKnownFileType = text.xcconfig; name = "Pods-IdiomBus.release.xcconfig"; path = "Pods/Target Support Files/Pods-IdiomBus/Pods-IdiomBus.release.xcconfig"; sourceTree = "<group>"; };
		7586761E882039B2EC9FBDBF /* libPods-idiomUITests.a */ = {isa = PBXFileReference; explicitFileType = archive.ar; includeInIndex = 0; path = "libPods-idiomUITests.a"; sourceTree = BUILT_PRODUCTS_DIR; };
		978CB33BB7B6D1F57EEB3A44 /* Pods_IdiomBus.framework */ = {isa = PBXFileReference; explicitFileType = wrapper.framework; includeInIndex = 0; path = Pods_IdiomBus.framework; sourceTree = BUILT_PRODUCTS_DIR; };
		A90E4345233C7A85006867E4 /* IdiomSearchViewController.swift */ = {isa = PBXFileReference; lastKnownFileType = sourcecode.swift; path = IdiomSearchViewController.swift; sourceTree = "<group>"; };
		A90E4346233C7A85006867E4 /* IdiomSearchViewController.xib */ = {isa = PBXFileReference; lastKnownFileType = file.xib; path = IdiomSearchViewController.xib; sourceTree = "<group>"; };
		A90E4349233C897C006867E4 /* SearchResultModel.swift */ = {isa = PBXFileReference; lastKnownFileType = sourcecode.swift; path = SearchResultModel.swift; sourceTree = "<group>"; };
		A90E434C233C8EA6006867E4 /* FavoriteViewController.swift */ = {isa = PBXFileReference; lastKnownFileType = sourcecode.swift; path = FavoriteViewController.swift; sourceTree = "<group>"; };
		A90E434D233C8EA6006867E4 /* FavoriteViewController.xib */ = {isa = PBXFileReference; lastKnownFileType = file.xib; path = FavoriteViewController.xib; sourceTree = "<group>"; };
		A90E4351233C908A006867E4 /* IdiomDescViewController.swift */ = {isa = PBXFileReference; lastKnownFileType = sourcecode.swift; path = IdiomDescViewController.swift; sourceTree = "<group>"; };
		A90E4352233C908A006867E4 /* IdiomDescViewController.xib */ = {isa = PBXFileReference; lastKnownFileType = file.xib; path = IdiomDescViewController.xib; sourceTree = "<group>"; };
		A90E4355233C9696006867E4 /* IdiomDescModel.swift */ = {isa = PBXFileReference; lastKnownFileType = sourcecode.swift; path = IdiomDescModel.swift; sourceTree = "<group>"; };
		A90E435B233CA833006867E4 /* Observable+ObjectMapper.swift */ = {isa = PBXFileReference; fileEncoding = 4; lastKnownFileType = sourcecode.swift; path = "Observable+ObjectMapper.swift"; sourceTree = "<group>"; };
		A90E435D233CA85F006867E4 /* Moya+ObjectMapper.swift */ = {isa = PBXFileReference; lastKnownFileType = sourcecode.swift; path = "Moya+ObjectMapper.swift"; sourceTree = "<group>"; };
		A9138DAA233B7152009400A3 /* LaunchViewController.xib */ = {isa = PBXFileReference; lastKnownFileType = file.xib; path = LaunchViewController.xib; sourceTree = "<group>"; };
		A9138DAD233B7152009400A3 /* LaunchViewController.swift */ = {isa = PBXFileReference; lastKnownFileType = sourcecode.swift; path = LaunchViewController.swift; sourceTree = "<group>"; };
		A9138DAE233B7152009400A3 /* BaseViewController.swift */ = {isa = PBXFileReference; lastKnownFileType = sourcecode.swift; path = BaseViewController.swift; sourceTree = "<group>"; };
		A9138DB7233B7152009400A3 /* WebViewController.swift */ = {isa = PBXFileReference; lastKnownFileType = sourcecode.swift; path = WebViewController.swift; sourceTree = "<group>"; };
		A9138DB8233B7152009400A3 /* WebViewController.storyboard */ = {isa = PBXFileReference; lastKnownFileType = file.storyboard; path = WebViewController.storyboard; sourceTree = "<group>"; };
		A9138DBD233B7163009400A3 /* AppVersion.swift */ = {isa = PBXFileReference; lastKnownFileType = sourcecode.swift; path = AppVersion.swift; sourceTree = "<group>"; };
		A9138DC2233B7163009400A3 /* Rx+Codable.swift */ = {isa = PBXFileReference; lastKnownFileType = sourcecode.swift; path = "Rx+Codable.swift"; sourceTree = "<group>"; };
		A9138DC3233B7163009400A3 /* Response+Codable.swift */ = {isa = PBXFileReference; lastKnownFileType = sourcecode.swift; path = "Response+Codable.swift"; sourceTree = "<group>"; };
		A9138DC4233B7163009400A3 /* APIs.swift */ = {isa = PBXFileReference; lastKnownFileType = sourcecode.swift; path = APIs.swift; sourceTree = "<group>"; };
		A9138DC5233B7163009400A3 /* APIs+TopPage.swift */ = {isa = PBXFileReference; lastKnownFileType = sourcecode.swift; path = "APIs+TopPage.swift"; sourceTree = "<group>"; };
		A9138DC6233B7163009400A3 /* APITarget.swift */ = {isa = PBXFileReference; lastKnownFileType = sourcecode.swift; path = APITarget.swift; sourceTree = "<group>"; };
		A9138DC8233B7163009400A3 /* Alert.swift */ = {isa = PBXFileReference; lastKnownFileType = sourcecode.swift; path = Alert.swift; sourceTree = "<group>"; };
		A9138DC9233B7163009400A3 /* BaseTableViewCell.swift */ = {isa = PBXFileReference; lastKnownFileType = sourcecode.swift; path = BaseTableViewCell.swift; sourceTree = "<group>"; };
		A9138DCA233B7163009400A3 /* Factories.swift */ = {isa = PBXFileReference; lastKnownFileType = sourcecode.swift; path = Factories.swift; sourceTree = "<group>"; };
		A9138DCE233B7163009400A3 /* BaseCollectionViewCell.swift */ = {isa = PBXFileReference; lastKnownFileType = sourcecode.swift; path = BaseCollectionViewCell.swift; sourceTree = "<group>"; };
		A9138DD7233B7163009400A3 /* GlobalFunc.swift */ = {isa = PBXFileReference; lastKnownFileType = sourcecode.swift; path = GlobalFunc.swift; sourceTree = "<group>"; };
		A9138DD8233B7163009400A3 /* GCD.swift */ = {isa = PBXFileReference; lastKnownFileType = sourcecode.swift; path = GCD.swift; sourceTree = "<group>"; };
		A9138DD9233B7163009400A3 /* LoadJSON.swift */ = {isa = PBXFileReference; lastKnownFileType = sourcecode.swift; path = LoadJSON.swift; sourceTree = "<group>"; };
		A9138DDA233B7163009400A3 /* ActivityIndicator.swift */ = {isa = PBXFileReference; lastKnownFileType = sourcecode.swift; path = ActivityIndicator.swift; sourceTree = "<group>"; };
		A9138DDD233B7163009400A3 /* Reactive+UIViewController.swift */ = {isa = PBXFileReference; lastKnownFileType = sourcecode.swift; path = "Reactive+UIViewController.swift"; sourceTree = "<group>"; };
		A9138DDE233B7163009400A3 /* UIImage+Additions.swift */ = {isa = PBXFileReference; lastKnownFileType = sourcecode.swift; path = "UIImage+Additions.swift"; sourceTree = "<group>"; };
		A9138DDF233B7163009400A3 /* UIView+Additions.swift */ = {isa = PBXFileReference; lastKnownFileType = sourcecode.swift; path = "UIView+Additions.swift"; sourceTree = "<group>"; };
		A9138DE0233B7163009400A3 /* UIColor+Hex.swift */ = {isa = PBXFileReference; lastKnownFileType = sourcecode.swift; path = "UIColor+Hex.swift"; sourceTree = "<group>"; };
		A9138DE1233B7163009400A3 /* UIFont+Additions.swift */ = {isa = PBXFileReference; lastKnownFileType = sourcecode.swift; path = "UIFont+Additions.swift"; sourceTree = "<group>"; };
		A9138DE2233B7163009400A3 /* UINavigation+Additions.swift */ = {isa = PBXFileReference; lastKnownFileType = sourcecode.swift; path = "UINavigation+Additions.swift"; sourceTree = "<group>"; };
		A9138DE3233B7163009400A3 /* UIApplication+Additions.swift */ = {isa = PBXFileReference; lastKnownFileType = sourcecode.swift; path = "UIApplication+Additions.swift"; sourceTree = "<group>"; };
		A9138DE4233B7163009400A3 /* UIDevice+Additions.swift */ = {isa = PBXFileReference; lastKnownFileType = sourcecode.swift; path = "UIDevice+Additions.swift"; sourceTree = "<group>"; };
		A9138DE5233B7163009400A3 /* UIButton+Additions.swift */ = {isa = PBXFileReference; lastKnownFileType = sourcecode.swift; path = "UIButton+Additions.swift"; sourceTree = "<group>"; };
		A9138DE6233B7163009400A3 /* UIButton+kf.swift */ = {isa = PBXFileReference; lastKnownFileType = sourcecode.swift; path = "UIButton+kf.swift"; sourceTree = "<group>"; };
		A9138DE7233B7163009400A3 /* UILabel+Font.swift */ = {isa = PBXFileReference; lastKnownFileType = sourcecode.swift; path = "UILabel+Font.swift"; sourceTree = "<group>"; };
		A9138DE8233B7163009400A3 /* UIEdgeInsets+Addtions.swift */ = {isa = PBXFileReference; lastKnownFileType = sourcecode.swift; path = "UIEdgeInsets+Addtions.swift"; sourceTree = "<group>"; };
		A9138DE9233B7163009400A3 /* UITableView+Additions.swift */ = {isa = PBXFileReference; lastKnownFileType = sourcecode.swift; path = "UITableView+Additions.swift"; sourceTree = "<group>"; };
		A9138DEA233B7163009400A3 /* UIActivityViewController+Addtions.swift */ = {isa = PBXFileReference; lastKnownFileType = sourcecode.swift; path = "UIActivityViewController+Addtions.swift"; sourceTree = "<group>"; };
		A9138DEB233B7163009400A3 /* UIScreen+Additions.swift */ = {isa = PBXFileReference; lastKnownFileType = sourcecode.swift; path = "UIScreen+Additions.swift"; sourceTree = "<group>"; };
		A9138DEC233B7163009400A3 /* UIImageView+kf.swift */ = {isa = PBXFileReference; lastKnownFileType = sourcecode.swift; path = "UIImageView+kf.swift"; sourceTree = "<group>"; };
		A9138DED233B7163009400A3 /* UICollectionView+Additions.swift */ = {isa = PBXFileReference; lastKnownFileType = sourcecode.swift; path = "UICollectionView+Additions.swift"; sourceTree = "<group>"; };
		A9138DEF233B7163009400A3 /* NSRecursiveLock+Additions.swift */ = {isa = PBXFileReference; lastKnownFileType = sourcecode.swift; path = "NSRecursiveLock+Additions.swift"; sourceTree = "<group>"; };
		A9138DF0233B7163009400A3 /* Date+Format.swift */ = {isa = PBXFileReference; lastKnownFileType = sourcecode.swift; path = "Date+Format.swift"; sourceTree = "<group>"; };
		A9138DF1233B7163009400A3 /* URL+Additions.swift */ = {isa = PBXFileReference; lastKnownFileType = sourcecode.swift; path = "URL+Additions.swift"; sourceTree = "<group>"; };
		A9138DF2233B7163009400A3 /* Observable+Additions.swift */ = {isa = PBXFileReference; lastKnownFileType = sourcecode.swift; path = "Observable+Additions.swift"; sourceTree = "<group>"; };
		A9138DF3233B7163009400A3 /* NSAttributedString+Additions.swift */ = {isa = PBXFileReference; lastKnownFileType = sourcecode.swift; path = "NSAttributedString+Additions.swift"; sourceTree = "<group>"; };
		A9138DF4233B7163009400A3 /* NSObject+Additions.swift */ = {isa = PBXFileReference; lastKnownFileType = sourcecode.swift; path = "NSObject+Additions.swift"; sourceTree = "<group>"; };
		A9138DF5233B7163009400A3 /* Optional+Additions.swift */ = {isa = PBXFileReference; lastKnownFileType = sourcecode.swift; path = "Optional+Additions.swift"; sourceTree = "<group>"; };
		A9138DF6233B7163009400A3 /* Collection+Additions.swift */ = {isa = PBXFileReference; lastKnownFileType = sourcecode.swift; path = "Collection+Additions.swift"; sourceTree = "<group>"; };
		A9138DF8233B7163009400A3 /* Date+Additions.swift */ = {isa = PBXFileReference; lastKnownFileType = sourcecode.swift; path = "Date+Additions.swift"; sourceTree = "<group>"; };
		A9138DF9233B7163009400A3 /* Observable+Alert.swift */ = {isa = PBXFileReference; lastKnownFileType = sourcecode.swift; path = "Observable+Alert.swift"; sourceTree = "<group>"; };
		A9138DFA233B7163009400A3 /* UserDefault+Addtions.swift */ = {isa = PBXFileReference; lastKnownFileType = sourcecode.swift; path = "UserDefault+Addtions.swift"; sourceTree = "<group>"; };
		A9138DFB233B7163009400A3 /* Array+Additions.swift */ = {isa = PBXFileReference; lastKnownFileType = sourcecode.swift; path = "Array+Additions.swift"; sourceTree = "<group>"; };
		A9138DFC233B7163009400A3 /* Array+Math.swift */ = {isa = PBXFileReference; lastKnownFileType = sourcecode.swift; path = "Array+Math.swift"; sourceTree = "<group>"; };
		A9138DFD233B7163009400A3 /* String+Additions.swift */ = {isa = PBXFileReference; lastKnownFileType = sourcecode.swift; path = "String+Additions.swift"; sourceTree = "<group>"; };
		A9138DFE233B7163009400A3 /* Array+windowed.swift */ = {isa = PBXFileReference; lastKnownFileType = sourcecode.swift; path = "Array+windowed.swift"; sourceTree = "<group>"; };
		A9138DFF233B7163009400A3 /* Dictionary+Additions.swift */ = {isa = PBXFileReference; lastKnownFileType = sourcecode.swift; path = "Dictionary+Additions.swift"; sourceTree = "<group>"; };
		A9138E00233B7163009400A3 /* SNSShareItem.swift */ = {isa = PBXFileReference; lastKnownFileType = sourcecode.swift; path = SNSShareItem.swift; sourceTree = "<group>"; };
		A9138E01233B7163009400A3 /* Keychain.swift */ = {isa = PBXFileReference; lastKnownFileType = sourcecode.swift; path = Keychain.swift; sourceTree = "<group>"; };
		A9138E02233B7163009400A3 /* Cache.swift */ = {isa = PBXFileReference; lastKnownFileType = sourcecode.swift; path = Cache.swift; sourceTree = "<group>"; };
		A9138E03233B7163009400A3 /* FinancialInstrumentType.swift */ = {isa = PBXFileReference; lastKnownFileType = sourcecode.swift; path = FinancialInstrumentType.swift; sourceTree = "<group>"; };
		A9138E04233B7163009400A3 /* Const.swift */ = {isa = PBXFileReference; lastKnownFileType = sourcecode.swift; path = Const.swift; sourceTree = "<group>"; };
		A9138E06233B7163009400A3 /* XibInstantiatable.swift */ = {isa = PBXFileReference; lastKnownFileType = sourcecode.swift; path = XibInstantiatable.swift; sourceTree = "<group>"; };
		A9138E07233B7163009400A3 /* StoryboardInitializable.swift */ = {isa = PBXFileReference; lastKnownFileType = sourcecode.swift; path = StoryboardInitializable.swift; sourceTree = "<group>"; };
		A9138E08233B7163009400A3 /* DividingLineable.swift */ = {isa = PBXFileReference; lastKnownFileType = sourcecode.swift; path = DividingLineable.swift; sourceTree = "<group>"; };
		A9138E09233B7163009400A3 /* UserDefaultable.swift */ = {isa = PBXFileReference; lastKnownFileType = sourcecode.swift; path = UserDefaultable.swift; sourceTree = "<group>"; };
		A9138E0B233B7163009400A3 /* AppManager.swift */ = {isa = PBXFileReference; lastKnownFileType = sourcecode.swift; path = AppManager.swift; sourceTree = "<group>"; };
		A9138E0C233B716F009400A3 /* AppError.swift */ = {isa = PBXFileReference; lastKnownFileType = sourcecode.swift; path = AppError.swift; sourceTree = "<group>"; };
		A9138E0D233B716F009400A3 /* GlobalImports.swift */ = {isa = PBXFileReference; lastKnownFileType = sourcecode.swift; path = GlobalImports.swift; sourceTree = "<group>"; };
		A9138E0E233B7170009400A3 /* App.swift */ = {isa = PBXFileReference; lastKnownFileType = sourcecode.swift; path = App.swift; sourceTree = "<group>"; };
		A9138E51233B7448009400A3 /* HomeViewController.swift */ = {isa = PBXFileReference; lastKnownFileType = sourcecode.swift; path = HomeViewController.swift; sourceTree = "<group>"; };
		A9138E52233B7448009400A3 /* HomeViewController.xib */ = {isa = PBXFileReference; lastKnownFileType = file.xib; path = HomeViewController.xib; sourceTree = "<group>"; };
		A9138E56233B7BA9009400A3 /* WriteIdiomViewController.swift */ = {isa = PBXFileReference; lastKnownFileType = sourcecode.swift; path = WriteIdiomViewController.swift; sourceTree = "<group>"; };
		A9138E57233B7BA9009400A3 /* WriteIdiomViewController.xib */ = {isa = PBXFileReference; lastKnownFileType = file.xib; path = WriteIdiomViewController.xib; sourceTree = "<group>"; };
		EBE1579ABE8255B77B14B2C1 /* Pods-IdiomBus.debug.xcconfig */ = {isa = PBXFileReference; includeInIndex = 1; lastKnownFileType = text.xcconfig; name = "Pods-IdiomBus.debug.xcconfig"; path = "Pods/Target Support Files/Pods-IdiomBus/Pods-IdiomBus.debug.xcconfig"; sourceTree = "<group>"; };
/* End PBXFileReference section */

/* Begin PBXFrameworksBuildPhase section */
		0433FD9A230CE84A00AC613A /* Frameworks */ = {
			isa = PBXFrameworksBuildPhase;
			buildActionMask = 2147483647;
			files = (
				04382DD6E0AEAB516CC68BC9 /* Pods_IdiomBus.framework in Frameworks */,
			);
			runOnlyForDeploymentPostprocessing = 0;
		};
		0433FDAE230CE84B00AC613A /* Frameworks */ = {
			isa = PBXFrameworksBuildPhase;
			buildActionMask = 2147483647;
			files = (
			);
			runOnlyForDeploymentPostprocessing = 0;
		};
		0433FDB9230CE84B00AC613A /* Frameworks */ = {
			isa = PBXFrameworksBuildPhase;
			buildActionMask = 2147483647;
			files = (
			);
			runOnlyForDeploymentPostprocessing = 0;
		};
/* End PBXFrameworksBuildPhase section */

/* Begin PBXGroup section */
		0433FD94230CE84A00AC613A = {
			isa = PBXGroup;
			children = (
				0433FD9F230CE84A00AC613A /* IdiomBus */,
				0433FDB4230CE84B00AC613A /* idiomTests */,
				0433FDBF230CE84B00AC613A /* idiomUITests */,
				0433FD9E230CE84A00AC613A /* Products */,
				87A33916544AC9B0B7FBB8B1 /* Pods */,
				28E49E54BBFE1ED77FA4FB38 /* Frameworks */,
			);
			sourceTree = "<group>";
		};
		0433FD9E230CE84A00AC613A /* Products */ = {
			isa = PBXGroup;
			children = (
				0433FD9D230CE84A00AC613A /* IdiomBus.app */,
				0433FDB1230CE84B00AC613A /* idiomTests.xctest */,
				0433FDBC230CE84B00AC613A /* idiomUITests.xctest */,
			);
			name = Products;
			sourceTree = "<group>";
		};
		0433FD9F230CE84A00AC613A /* IdiomBus */ = {
			isa = PBXGroup;
			children = (
				A9138E0E233B7170009400A3 /* App.swift */,
				A9138E0C233B716F009400A3 /* AppError.swift */,
				A9138E0D233B716F009400A3 /* GlobalImports.swift */,
				0433FDA0230CE84A00AC613A /* AppDelegate.swift */,
				A9138E4F233B736D009400A3 /* Resources */,
				A9138E0A233B7163009400A3 /* Managers */,
				A9138DB9233B7163009400A3 /* Models */,
				A9138DC0233B7163009400A3 /* Service */,
				A9138DD6233B7163009400A3 /* Ultis */,
				A9138DC7233B7163009400A3 /* Views */,
				A9138DA8233B70DF009400A3 /* Screens */,
				0433FDA2230CE84A00AC613A /* ViewController.swift */,
				0433FDA4230CE84A00AC613A /* Main.storyboard */,
				0433FDAC230CE84B00AC613A /* Info.plist */,
				043546E1230E65430020545F /* idiomHeader.h */,
				043546E2230E6D210020545F /* ExtendViewController.swift */,
				043546E7230E7AFA0020545F /* ToolsViewController.h */,
				043546E8230E7AFA0020545F /* ToolsViewController.m */,
				043546EA230E7E7D0020545F /* IdiomHomeViewController.swift */,
				043546EC230E84150020545F /* IdiomSearchsViewController.swift */,
				04342B11230EF42300B1489C /* StarViewController.swift */,
			);
			path = IdiomBus;
			sourceTree = "<group>";
		};
		0433FDB4230CE84B00AC613A /* idiomTests */ = {
			isa = PBXGroup;
			children = (
				0433FDB5230CE84B00AC613A /* idiomTests.swift */,
				0433FDB7230CE84B00AC613A /* Info.plist */,
			);
			path = idiomTests;
			sourceTree = "<group>";
		};
		0433FDBF230CE84B00AC613A /* idiomUITests */ = {
			isa = PBXGroup;
			children = (
				0433FDC0230CE84B00AC613A /* idiomUITests.swift */,
				0433FDC2230CE84B00AC613A /* Info.plist */,
			);
			path = idiomUITests;
			sourceTree = "<group>";
		};
		28E49E54BBFE1ED77FA4FB38 /* Frameworks */ = {
			isa = PBXGroup;
			children = (
				470166ECAF3A60BDCA841334 /* libPods-idiomTests.a */,
				7586761E882039B2EC9FBDBF /* libPods-idiomUITests.a */,
				978CB33BB7B6D1F57EEB3A44 /* Pods_IdiomBus.framework */,
			);
			name = Frameworks;
			sourceTree = "<group>";
		};
		87A33916544AC9B0B7FBB8B1 /* Pods */ = {
			isa = PBXGroup;
			children = (
				EBE1579ABE8255B77B14B2C1 /* Pods-IdiomBus.debug.xcconfig */,
				4CBC5B88FD5BB0EE83B86DE9 /* Pods-IdiomBus.release.xcconfig */,
			);
			name = Pods;
			sourceTree = "<group>";
		};
		A90E4344233C7A72006867E4 /* SearchPage */ = {
			isa = PBXGroup;
			children = (
				A90E4345233C7A85006867E4 /* IdiomSearchViewController.swift */,
				A90E4346233C7A85006867E4 /* IdiomSearchViewController.xib */,
			);
			path = SearchPage;
			sourceTree = "<group>";
		};
		A90E434B233C8E93006867E4 /* FavoritePage */ = {
			isa = PBXGroup;
			children = (
				A90E434C233C8EA6006867E4 /* FavoriteViewController.swift */,
				A90E434D233C8EA6006867E4 /* FavoriteViewController.xib */,
			);
			path = FavoritePage;
			sourceTree = "<group>";
		};
		A90E4350233C906F006867E4 /* IdiomDescPage */ = {
			isa = PBXGroup;
			children = (
				A90E4351233C908A006867E4 /* IdiomDescViewController.swift */,
				A90E4352233C908A006867E4 /* IdiomDescViewController.xib */,
			);
			path = IdiomDescPage;
			sourceTree = "<group>";
		};
		A9138DA8233B70DF009400A3 /* Screens */ = {
			isa = PBXGroup;
			children = (
				A90E4350233C906F006867E4 /* IdiomDescPage */,
				A90E434B233C8E93006867E4 /* FavoritePage */,
				A90E4344233C7A72006867E4 /* SearchPage */,
				A9138E55233B7B7C009400A3 /* WriteLyricPage */,
				A9138E50233B742F009400A3 /* Home */,
				A9138DAE233B7152009400A3 /* BaseViewController.swift */,
				A9138DA9233B7152009400A3 /* LaunchPage */,
				A9138DB6233B7152009400A3 /* Webview */,
			);
			path = Screens;
			sourceTree = "<group>";
		};
		A9138DA9233B7152009400A3 /* LaunchPage */ = {
			isa = PBXGroup;
			children = (
				A9138DAA233B7152009400A3 /* LaunchViewController.xib */,
				A9138DAD233B7152009400A3 /* LaunchViewController.swift */,
				0433FDA9230CE84B00AC613A /* LaunchScreen.storyboard */,
			);
			path = LaunchPage;
			sourceTree = "<group>";
		};
		A9138DB6233B7152009400A3 /* Webview */ = {
			isa = PBXGroup;
			children = (
				A9138DB7233B7152009400A3 /* WebViewController.swift */,
				A9138DB8233B7152009400A3 /* WebViewController.storyboard */,
			);
			path = Webview;
			sourceTree = "<group>";
		};
		A9138DB9233B7163009400A3 /* Models */ = {
			isa = PBXGroup;
			children = (
				A9138DBC233B7163009400A3 /* APIModel */,
			);
			path = Models;
			sourceTree = "<group>";
		};
		A9138DBC233B7163009400A3 /* APIModel */ = {
			isa = PBXGroup;
			children = (
				A9138DBD233B7163009400A3 /* AppVersion.swift */,
				A90E4349233C897C006867E4 /* SearchResultModel.swift */,
				A90E4355233C9696006867E4 /* IdiomDescModel.swift */,
			);
			path = APIModel;
			sourceTree = "<group>";
		};
		A9138DC0233B7163009400A3 /* Service */ = {
			isa = PBXGroup;
			children = (
				A9138DC1233B7163009400A3 /* Ultis */,
				A9138DC4233B7163009400A3 /* APIs.swift */,
				A9138DC5233B7163009400A3 /* APIs+TopPage.swift */,
				A9138DC6233B7163009400A3 /* APITarget.swift */,
			);
			path = Service;
			sourceTree = "<group>";
		};
		A9138DC1233B7163009400A3 /* Ultis */ = {
			isa = PBXGroup;
			children = (
				A90E435D233CA85F006867E4 /* Moya+ObjectMapper.swift */,
				A90E435B233CA833006867E4 /* Observable+ObjectMapper.swift */,
				A9138DC2233B7163009400A3 /* Rx+Codable.swift */,
				A9138DC3233B7163009400A3 /* Response+Codable.swift */,
			);
			path = Ultis;
			sourceTree = "<group>";
		};
		A9138DC7233B7163009400A3 /* Views */ = {
			isa = PBXGroup;
			children = (
				A9138DC8233B7163009400A3 /* Alert.swift */,
				A9138DC9233B7163009400A3 /* BaseTableViewCell.swift */,
				A9138DCA233B7163009400A3 /* Factories.swift */,
				A9138DCE233B7163009400A3 /* BaseCollectionViewCell.swift */,
			);
			path = Views;
			sourceTree = "<group>";
		};
		A9138DD6233B7163009400A3 /* Ultis */ = {
			isa = PBXGroup;
			children = (
				A9138DD7233B7163009400A3 /* GlobalFunc.swift */,
				A9138DD8233B7163009400A3 /* GCD.swift */,
				A9138DD9233B7163009400A3 /* LoadJSON.swift */,
				A9138DDA233B7163009400A3 /* ActivityIndicator.swift */,
				A9138DDB233B7163009400A3 /* Extensions */,
				A9138E00233B7163009400A3 /* SNSShareItem.swift */,
				A9138E01233B7163009400A3 /* Keychain.swift */,
				A9138E02233B7163009400A3 /* Cache.swift */,
				A9138E03233B7163009400A3 /* FinancialInstrumentType.swift */,
				A9138E04233B7163009400A3 /* Const.swift */,
				A9138E05233B7163009400A3 /* Protocols */,
			);
			path = Ultis;
			sourceTree = "<group>";
		};
		A9138DDB233B7163009400A3 /* Extensions */ = {
			isa = PBXGroup;
			children = (
				A9138DDC233B7163009400A3 /* UIKit */,
				A9138DEE233B7163009400A3 /* Foundation */,
			);
			path = Extensions;
			sourceTree = "<group>";
		};
		A9138DDC233B7163009400A3 /* UIKit */ = {
			isa = PBXGroup;
			children = (
				A9138DDD233B7163009400A3 /* Reactive+UIViewController.swift */,
				A9138DDE233B7163009400A3 /* UIImage+Additions.swift */,
				A9138DDF233B7163009400A3 /* UIView+Additions.swift */,
				A9138DE0233B7163009400A3 /* UIColor+Hex.swift */,
				A9138DE1233B7163009400A3 /* UIFont+Additions.swift */,
				A9138DE2233B7163009400A3 /* UINavigation+Additions.swift */,
				A9138DE3233B7163009400A3 /* UIApplication+Additions.swift */,
				A9138DE4233B7163009400A3 /* UIDevice+Additions.swift */,
				A9138DE5233B7163009400A3 /* UIButton+Additions.swift */,
				A9138DE6233B7163009400A3 /* UIButton+kf.swift */,
				A9138DE7233B7163009400A3 /* UILabel+Font.swift */,
				A9138DE8233B7163009400A3 /* UIEdgeInsets+Addtions.swift */,
				A9138DE9233B7163009400A3 /* UITableView+Additions.swift */,
				A9138DEA233B7163009400A3 /* UIActivityViewController+Addtions.swift */,
				A9138DEB233B7163009400A3 /* UIScreen+Additions.swift */,
				A9138DEC233B7163009400A3 /* UIImageView+kf.swift */,
				A9138DED233B7163009400A3 /* UICollectionView+Additions.swift */,
			);
			path = UIKit;
			sourceTree = "<group>";
		};
		A9138DEE233B7163009400A3 /* Foundation */ = {
			isa = PBXGroup;
			children = (
				A9138DEF233B7163009400A3 /* NSRecursiveLock+Additions.swift */,
				A9138DF0233B7163009400A3 /* Date+Format.swift */,
				A9138DF1233B7163009400A3 /* URL+Additions.swift */,
				A9138DF2233B7163009400A3 /* Observable+Additions.swift */,
				A9138DF3233B7163009400A3 /* NSAttributedString+Additions.swift */,
				A9138DF4233B7163009400A3 /* NSObject+Additions.swift */,
				A9138DF5233B7163009400A3 /* Optional+Additions.swift */,
				A9138DF6233B7163009400A3 /* Collection+Additions.swift */,
				A9138DF8233B7163009400A3 /* Date+Additions.swift */,
				A9138DF9233B7163009400A3 /* Observable+Alert.swift */,
				A9138DFA233B7163009400A3 /* UserDefault+Addtions.swift */,
				A9138DFB233B7163009400A3 /* Array+Additions.swift */,
				A9138DFC233B7163009400A3 /* Array+Math.swift */,
				A9138DFD233B7163009400A3 /* String+Additions.swift */,
				A9138DFE233B7163009400A3 /* Array+windowed.swift */,
				A9138DFF233B7163009400A3 /* Dictionary+Additions.swift */,
			);
			path = Foundation;
			sourceTree = "<group>";
		};
		A9138E05233B7163009400A3 /* Protocols */ = {
			isa = PBXGroup;
			children = (
				A9138E06233B7163009400A3 /* XibInstantiatable.swift */,
				A9138E07233B7163009400A3 /* StoryboardInitializable.swift */,
				A9138E08233B7163009400A3 /* DividingLineable.swift */,
				A9138E09233B7163009400A3 /* UserDefaultable.swift */,
			);
			path = Protocols;
			sourceTree = "<group>";
		};
		A9138E0A233B7163009400A3 /* Managers */ = {
			isa = PBXGroup;
			children = (
				A9138E0B233B7163009400A3 /* AppManager.swift */,
			);
			path = Managers;
			sourceTree = "<group>";
		};
		A9138E4F233B736D009400A3 /* Resources */ = {
			isa = PBXGroup;
			children = (
				0433FDA7230CE84B00AC613A /* Assets.xcassets */,
				0433FDCE230CE85D00AC613A /* idoimlist.plist */,
			);
			path = Resources;
			sourceTree = "<group>";
		};
		A9138E50233B742F009400A3 /* Home */ = {
			isa = PBXGroup;
			children = (
				A9138E51233B7448009400A3 /* HomeViewController.swift */,
				A9138E52233B7448009400A3 /* HomeViewController.xib */,
			);
			path = Home;
			sourceTree = "<group>";
		};
		A9138E55233B7B7C009400A3 /* WriteLyricPage */ = {
			isa = PBXGroup;
			children = (
				A9138E56233B7BA9009400A3 /* WriteIdiomViewController.swift */,
				A9138E57233B7BA9009400A3 /* WriteIdiomViewController.xib */,
			);
			path = WriteLyricPage;
			sourceTree = "<group>";
		};
/* End PBXGroup section */

/* Begin PBXNativeTarget section */
		0433FD9C230CE84A00AC613A /* IdiomBus */ = {
			isa = PBXNativeTarget;
			buildConfigurationList = 0433FDC5230CE84B00AC613A /* Build configuration list for PBXNativeTarget "IdiomBus" */;
			buildPhases = (
				78F44954BD12F5AAFF4E2407 /* [CP] Check Pods Manifest.lock */,
				0433FD99230CE84A00AC613A /* Sources */,
				0433FD9A230CE84A00AC613A /* Frameworks */,
				0433FD9B230CE84A00AC613A /* Resources */,
				49D5313D34706925959FA134 /* [CP] Embed Pods Frameworks */,
			);
			buildRules = (
			);
			dependencies = (
			);
			name = IdiomBus;
			productName = IdiomBus;
			productReference = 0433FD9D230CE84A00AC613A /* IdiomBus.app */;
			productType = "com.apple.product-type.application";
		};
		0433FDB0230CE84B00AC613A /* idiomTests */ = {
			isa = PBXNativeTarget;
			buildConfigurationList = 0433FDC8230CE84B00AC613A /* Build configuration list for PBXNativeTarget "idiomTests" */;
			buildPhases = (
				0433FDAD230CE84B00AC613A /* Sources */,
				0433FDAE230CE84B00AC613A /* Frameworks */,
				0433FDAF230CE84B00AC613A /* Resources */,
			);
			buildRules = (
			);
			dependencies = (
				0433FDB3230CE84B00AC613A /* PBXTargetDependency */,
			);
			name = idiomTests;
			productName = idiomTests;
			productReference = 0433FDB1230CE84B00AC613A /* idiomTests.xctest */;
			productType = "com.apple.product-type.bundle.unit-test";
		};
		0433FDBB230CE84B00AC613A /* idiomUITests */ = {
			isa = PBXNativeTarget;
			buildConfigurationList = 0433FDCB230CE84B00AC613A /* Build configuration list for PBXNativeTarget "idiomUITests" */;
			buildPhases = (
				0433FDB8230CE84B00AC613A /* Sources */,
				0433FDB9230CE84B00AC613A /* Frameworks */,
				0433FDBA230CE84B00AC613A /* Resources */,
			);
			buildRules = (
			);
			dependencies = (
				0433FDBE230CE84B00AC613A /* PBXTargetDependency */,
			);
			name = idiomUITests;
			productName = idiomUITests;
			productReference = 0433FDBC230CE84B00AC613A /* idiomUITests.xctest */;
			productType = "com.apple.product-type.bundle.ui-testing";
		};
/* End PBXNativeTarget section */

/* Begin PBXProject section */
		0433FD95230CE84A00AC613A /* Project object */ = {
			isa = PBXProject;
			attributes = {
				LastSwiftUpdateCheck = 1020;
				LastUpgradeCheck = 1020;
				ORGANIZATIONNAME = chang;
				TargetAttributes = {
					0433FD9C230CE84A00AC613A = {
						CreatedOnToolsVersion = 10.2.1;
					};
					0433FDB0230CE84B00AC613A = {
						CreatedOnToolsVersion = 10.2.1;
						TestTargetID = 0433FD9C230CE84A00AC613A;
					};
					0433FDBB230CE84B00AC613A = {
						CreatedOnToolsVersion = 10.2.1;
						TestTargetID = 0433FD9C230CE84A00AC613A;
					};
				};
			};
			buildConfigurationList = 0433FD98230CE84A00AC613A /* Build configuration list for PBXProject "IdiomBus" */;
			compatibilityVersion = "Xcode 9.3";
			developmentRegion = en;
			hasScannedForEncodings = 0;
			knownRegions = (
				en,
				Base,
			);
			mainGroup = 0433FD94230CE84A00AC613A;
			productRefGroup = 0433FD9E230CE84A00AC613A /* Products */;
			projectDirPath = "";
			projectRoot = "";
			targets = (
				0433FD9C230CE84A00AC613A /* IdiomBus */,
				0433FDB0230CE84B00AC613A /* idiomTests */,
				0433FDBB230CE84B00AC613A /* idiomUITests */,
			);
		};
/* End PBXProject section */

/* Begin PBXResourcesBuildPhase section */
		0433FD9B230CE84A00AC613A /* Resources */ = {
			isa = PBXResourcesBuildPhase;
			buildActionMask = 2147483647;
			files = (
				0433FDAB230CE84B00AC613A /* LaunchScreen.storyboard in Resources */,
				0433FDA8230CE84B00AC613A /* Assets.xcassets in Resources */,
				0433FDA6230CE84A00AC613A /* Main.storyboard in Resources */,
				A9138E59233B7BA9009400A3 /* WriteIdiomViewController.xib in Resources */,
				A90E4354233C908A006867E4 /* IdiomDescViewController.xib in Resources */,
				0433FDCF230CE85E00AC613A /* idoimlist.plist in Resources */,
				A90E4348233C7A85006867E4 /* IdiomSearchViewController.xib in Resources */,
				A90E4357233CA015006867E4 /* LaunchViewController.xib in Resources */,
				A9138E4E233B735B009400A3 /* WebViewController.storyboard in Resources */,
				A9138E54233B7448009400A3 /* HomeViewController.xib in Resources */,
				A90E434F233C8EA6006867E4 /* FavoriteViewController.xib in Resources */,
			);
			runOnlyForDeploymentPostprocessing = 0;
		};
		0433FDAF230CE84B00AC613A /* Resources */ = {
			isa = PBXResourcesBuildPhase;
			buildActionMask = 2147483647;
			files = (
			);
			runOnlyForDeploymentPostprocessing = 0;
		};
		0433FDBA230CE84B00AC613A /* Resources */ = {
			isa = PBXResourcesBuildPhase;
			buildActionMask = 2147483647;
			files = (
			);
			runOnlyForDeploymentPostprocessing = 0;
		};
/* End PBXResourcesBuildPhase section */

/* Begin PBXShellScriptBuildPhase section */
		49D5313D34706925959FA134 /* [CP] Embed Pods Frameworks */ = {
			isa = PBXShellScriptBuildPhase;
			buildActionMask = 2147483647;
			files = (
			);
			inputFileListPaths = (
				"${PODS_ROOT}/Target Support Files/Pods-IdiomBus/Pods-IdiomBus-frameworks-${CONFIGURATION}-input-files.xcfilelist",
			);
			name = "[CP] Embed Pods Frameworks";
			outputFileListPaths = (
				"${PODS_ROOT}/Target Support Files/Pods-IdiomBus/Pods-IdiomBus-frameworks-${CONFIGURATION}-output-files.xcfilelist",
			);
			runOnlyForDeploymentPostprocessing = 0;
			shellPath = /bin/sh;
			shellScript = "\"${PODS_ROOT}/Target Support Files/Pods-IdiomBus/Pods-IdiomBus-frameworks.sh\"\n";
			showEnvVarsInLog = 0;
		};
		78F44954BD12F5AAFF4E2407 /* [CP] Check Pods Manifest.lock */ = {
			isa = PBXShellScriptBuildPhase;
			buildActionMask = 2147483647;
			files = (
			);
			inputFileListPaths = (
			);
			inputPaths = (
				"${PODS_PODFILE_DIR_PATH}/Podfile.lock",
				"${PODS_ROOT}/Manifest.lock",
			);
			name = "[CP] Check Pods Manifest.lock";
			outputFileListPaths = (
			);
			outputPaths = (
				"$(DERIVED_FILE_DIR)/Pods-IdiomBus-checkManifestLockResult.txt",
			);
			runOnlyForDeploymentPostprocessing = 0;
			shellPath = /bin/sh;
			shellScript = "diff \"${PODS_PODFILE_DIR_PATH}/Podfile.lock\" \"${PODS_ROOT}/Manifest.lock\" > /dev/null\nif [ $? != 0 ] ; then\n    # print error to STDERR\n    echo \"error: The sandbox is not in sync with the Podfile.lock. Run 'pod install' or update your CocoaPods installation.\" >&2\n    exit 1\nfi\n# This output is used by Xcode 'outputs' to avoid re-running this script phase.\necho \"SUCCESS\" > \"${SCRIPT_OUTPUT_FILE_0}\"\n";
			showEnvVarsInLog = 0;
		};
/* End PBXShellScriptBuildPhase section */

/* Begin PBXSourcesBuildPhase section */
		0433FD99230CE84A00AC613A /* Sources */ = {
			isa = PBXSourcesBuildPhase;
			buildActionMask = 2147483647;
			files = (
				A9138E10233B7170009400A3 /* App.swift in Sources */,
				A90E4353233C908A006867E4 /* IdiomDescViewController.swift in Sources */,
				0433FDA3230CE84A00AC613A /* ViewController.swift in Sources */,
				A9138E22233B72DC009400A3 /* XibInstantiatable.swift in Sources */,
				A9138E11233B7170009400A3 /* AppError.swift in Sources */,
				A9138E25233B72DC009400A3 /* UserDefaultable.swift in Sources */,
				A9138E53233B7448009400A3 /* HomeViewController.swift in Sources */,
				A9138E2D233B72E5009400A3 /* UIDevice+Additions.swift in Sources */,
				0433FDA1230CE84A00AC613A /* AppDelegate.swift in Sources */,
				A90E434E233C8EA6006867E4 /* FavoriteViewController.swift in Sources */,
				A9138E3A233B72EC009400A3 /* Observable+Additions.swift in Sources */,
				A9138E2A233B72E5009400A3 /* UIFont+Additions.swift in Sources */,
				A90E435C233CA834006867E4 /* Observable+ObjectMapper.swift in Sources */,
				A9138E1C233B72BE009400A3 /* ActivityIndicator.swift in Sources */,
				A9138E1A233B72BE009400A3 /* GCD.swift in Sources */,
				A9138E45233B72EC009400A3 /* String+Additions.swift in Sources */,
				A9138E20233B72BE009400A3 /* FinancialInstrumentType.swift in Sources */,
				A9138E19233B72BE009400A3 /* GlobalFunc.swift in Sources */,
				A9138E2B233B72E5009400A3 /* UINavigation+Additions.swift in Sources */,
				A9138E49233B7322009400A3 /* BaseTableViewCell.swift in Sources */,
				A90E4358233CA015006867E4 /* LaunchViewController.swift in Sources */,
				A9138E1D233B72BE009400A3 /* SNSShareItem.swift in Sources */,
				043546EB230E7E7D0020545F /* IdiomHomeViewController.swift in Sources */,
				A9138E48233B7322009400A3 /* Alert.swift in Sources */,
				A9138E17233B72B1009400A3 /* APIs+TopPage.swift in Sources */,
				A9138E30233B72E5009400A3 /* UILabel+Font.swift in Sources */,
				A9138E1F233B72BE009400A3 /* Cache.swift in Sources */,
				A9138E47233B72EC009400A3 /* Dictionary+Additions.swift in Sources */,
				A9138E3D233B72EC009400A3 /* Optional+Additions.swift in Sources */,
				A9138E18233B72B1009400A3 /* APITarget.swift in Sources */,
				A9138E4C233B732E009400A3 /* BaseViewController.swift in Sources */,
				A9138E58233B7BA9009400A3 /* WriteIdiomViewController.swift in Sources */,
				A9138E28233B72E5009400A3 /* UIView+Additions.swift in Sources */,
				A9138E34233B72E5009400A3 /* UIScreen+Additions.swift in Sources */,
				A9138E40233B72EC009400A3 /* Date+Additions.swift in Sources */,
				A9138E23233B72DC009400A3 /* StoryboardInitializable.swift in Sources */,
				A90E435E233CA85F006867E4 /* Moya+ObjectMapper.swift in Sources */,
				A9138E37233B72EC009400A3 /* NSRecursiveLock+Additions.swift in Sources */,
				A9138E1E233B72BE009400A3 /* Keychain.swift in Sources */,
				A9138E2E233B72E5009400A3 /* UIButton+Additions.swift in Sources */,
				A90E4356233C9696006867E4 /* IdiomDescModel.swift in Sources */,
				043546E3230E6D210020545F /* ExtendViewController.swift in Sources */,
				A9138E46233B72EC009400A3 /* Array+windowed.swift in Sources */,
				A9138E3C233B72EC009400A3 /* NSObject+Additions.swift in Sources */,
				A9138E13233B72AB009400A3 /* AppVersion.swift in Sources */,
				043546E9230E7AFA0020545F /* ToolsViewController.m in Sources */,
				A9138E32233B72E5009400A3 /* UITableView+Additions.swift in Sources */,
				A90E4347233C7A85006867E4 /* IdiomSearchViewController.swift in Sources */,
				A9138E29233B72E5009400A3 /* UIColor+Hex.swift in Sources */,
				A9138E38233B72EC009400A3 /* Date+Format.swift in Sources */,
				A90E434A233C897C006867E4 /* SearchResultModel.swift in Sources */,
				A9138E4B233B7322009400A3 /* BaseCollectionViewCell.swift in Sources */,
				A9138E35233B72E5009400A3 /* UIImageView+kf.swift in Sources */,
				A9138E2F233B72E5009400A3 /* UIButton+kf.swift in Sources */,
				A9138E33233B72E5009400A3 /* UIActivityViewController+Addtions.swift in Sources */,
				A9138E12233B7242009400A3 /* AppManager.swift in Sources */,
				A9138E4A233B7322009400A3 /* Factories.swift in Sources */,
				A9138E44233B72EC009400A3 /* Array+Math.swift in Sources */,
				A9138E0F233B7170009400A3 /* GlobalImports.swift in Sources */,
				A9138E14233B72B1009400A3 /* Rx+Codable.swift in Sources */,
				04342B12230EF42300B1489C /* StarViewController.swift in Sources */,
				043546ED230E84150020545F /* IdiomSearchsViewController.swift in Sources */,
				A9138E4D233B735B009400A3 /* WebViewController.swift in Sources */,
				A9138E26233B72E5009400A3 /* Reactive+UIViewController.swift in Sources */,
				A9138E43233B72EC009400A3 /* Array+Additions.swift in Sources */,
				A9138E24233B72DC009400A3 /* DividingLineable.swift in Sources */,
				A9138E3E233B72EC009400A3 /* Collection+Additions.swift in Sources */,
				A9138E2C233B72E5009400A3 /* UIApplication+Additions.swift in Sources */,
				A9138E42233B72EC009400A3 /* UserDefault+Addtions.swift in Sources */,
				A9138E31233B72E5009400A3 /* UIEdgeInsets+Addtions.swift in Sources */,
				A9138E16233B72B1009400A3 /* APIs.swift in Sources */,
				A9138E15233B72B1009400A3 /* Response+Codable.swift in Sources */,
				A9138E41233B72EC009400A3 /* Observable+Alert.swift in Sources */,
				A9138E36233B72E5009400A3 /* UICollectionView+Additions.swift in Sources */,
				A9138E27233B72E5009400A3 /* UIImage+Additions.swift in Sources */,
				A9138E1B233B72BE009400A3 /* LoadJSON.swift in Sources */,
				A9138E21233B72BE009400A3 /* Const.swift in Sources */,
				A9138E39233B72EC009400A3 /* URL+Additions.swift in Sources */,
				A9138E3B233B72EC009400A3 /* NSAttributedString+Additions.swift in Sources */,
			);
			runOnlyForDeploymentPostprocessing = 0;
		};
		0433FDAD230CE84B00AC613A /* Sources */ = {
			isa = PBXSourcesBuildPhase;
			buildActionMask = 2147483647;
			files = (
				0433FDB6230CE84B00AC613A /* idiomTests.swift in Sources */,
			);
			runOnlyForDeploymentPostprocessing = 0;
		};
		0433FDB8230CE84B00AC613A /* Sources */ = {
			isa = PBXSourcesBuildPhase;
			buildActionMask = 2147483647;
			files = (
				0433FDC1230CE84B00AC613A /* idiomUITests.swift in Sources */,
			);
			runOnlyForDeploymentPostprocessing = 0;
		};
/* End PBXSourcesBuildPhase section */

/* Begin PBXTargetDependency section */
		0433FDB3230CE84B00AC613A /* PBXTargetDependency */ = {
			isa = PBXTargetDependency;
			target = 0433FD9C230CE84A00AC613A /* IdiomBus */;
			targetProxy = 0433FDB2230CE84B00AC613A /* PBXContainerItemProxy */;
		};
		0433FDBE230CE84B00AC613A /* PBXTargetDependency */ = {
			isa = PBXTargetDependency;
			target = 0433FD9C230CE84A00AC613A /* IdiomBus */;
			targetProxy = 0433FDBD230CE84B00AC613A /* PBXContainerItemProxy */;
		};
/* End PBXTargetDependency section */

/* Begin PBXVariantGroup section */
		0433FDA4230CE84A00AC613A /* Main.storyboard */ = {
			isa = PBXVariantGroup;
			children = (
				0433FDA5230CE84A00AC613A /* Base */,
			);
			name = Main.storyboard;
			sourceTree = "<group>";
		};
		0433FDA9230CE84B00AC613A /* LaunchScreen.storyboard */ = {
			isa = PBXVariantGroup;
			children = (
				0433FDAA230CE84B00AC613A /* Base */,
			);
			name = LaunchScreen.storyboard;
			sourceTree = "<group>";
		};
/* End PBXVariantGroup section */

/* Begin XCBuildConfiguration section */
		0433FDC3230CE84B00AC613A /* Debug */ = {
			isa = XCBuildConfiguration;
			buildSettings = {
				ALWAYS_SEARCH_USER_PATHS = NO;
				CLANG_ANALYZER_NONNULL = YES;
				CLANG_ANALYZER_NUMBER_OBJECT_CONVERSION = YES_AGGRESSIVE;
				CLANG_CXX_LANGUAGE_STANDARD = "gnu++14";
				CLANG_CXX_LIBRARY = "libc++";
				CLANG_ENABLE_MODULES = YES;
				CLANG_ENABLE_OBJC_ARC = YES;
				CLANG_ENABLE_OBJC_WEAK = YES;
				CLANG_WARN_BLOCK_CAPTURE_AUTORELEASING = YES;
				CLANG_WARN_BOOL_CONVERSION = YES;
				CLANG_WARN_COMMA = YES;
				CLANG_WARN_CONSTANT_CONVERSION = YES;
				CLANG_WARN_DEPRECATED_OBJC_IMPLEMENTATIONS = YES;
				CLANG_WARN_DIRECT_OBJC_ISA_USAGE = YES_ERROR;
				CLANG_WARN_DOCUMENTATION_COMMENTS = YES;
				CLANG_WARN_EMPTY_BODY = YES;
				CLANG_WARN_ENUM_CONVERSION = YES;
				CLANG_WARN_INFINITE_RECURSION = YES;
				CLANG_WARN_INT_CONVERSION = YES;
				CLANG_WARN_NON_LITERAL_NULL_CONVERSION = YES;
				CLANG_WARN_OBJC_IMPLICIT_RETAIN_SELF = YES;
				CLANG_WARN_OBJC_LITERAL_CONVERSION = YES;
				CLANG_WARN_OBJC_ROOT_CLASS = YES_ERROR;
				CLANG_WARN_RANGE_LOOP_ANALYSIS = YES;
				CLANG_WARN_STRICT_PROTOTYPES = YES;
				CLANG_WARN_SUSPICIOUS_MOVE = YES;
				CLANG_WARN_UNGUARDED_AVAILABILITY = YES_AGGRESSIVE;
				CLANG_WARN_UNREACHABLE_CODE = YES;
				CLANG_WARN__DUPLICATE_METHOD_MATCH = YES;
				CODE_SIGN_IDENTITY = "iPhone Developer";
				COPY_PHASE_STRIP = NO;
				DEBUG_INFORMATION_FORMAT = dwarf;
				ENABLE_STRICT_OBJC_MSGSEND = YES;
				ENABLE_TESTABILITY = YES;
				GCC_C_LANGUAGE_STANDARD = gnu11;
				GCC_DYNAMIC_NO_PIC = NO;
				GCC_NO_COMMON_BLOCKS = YES;
				GCC_OPTIMIZATION_LEVEL = 0;
				GCC_PREPROCESSOR_DEFINITIONS = (
					"DEBUG=1",
					"$(inherited)",
				);
				GCC_WARN_64_TO_32_BIT_CONVERSION = YES;
				GCC_WARN_ABOUT_RETURN_TYPE = YES_ERROR;
				GCC_WARN_UNDECLARED_SELECTOR = YES;
				GCC_WARN_UNINITIALIZED_AUTOS = YES_AGGRESSIVE;
				GCC_WARN_UNUSED_FUNCTION = YES;
				GCC_WARN_UNUSED_VARIABLE = YES;
				IPHONEOS_DEPLOYMENT_TARGET = 12.2;
				MTL_ENABLE_DEBUG_INFO = INCLUDE_SOURCE;
				MTL_FAST_MATH = YES;
				ONLY_ACTIVE_ARCH = YES;
				SDKROOT = iphoneos;
				SWIFT_ACTIVE_COMPILATION_CONDITIONS = DEBUG;
				SWIFT_OPTIMIZATION_LEVEL = "-Onone";
			};
			name = Debug;
		};
		0433FDC4230CE84B00AC613A /* Release */ = {
			isa = XCBuildConfiguration;
			buildSettings = {
				ALWAYS_SEARCH_USER_PATHS = NO;
				CLANG_ANALYZER_NONNULL = YES;
				CLANG_ANALYZER_NUMBER_OBJECT_CONVERSION = YES_AGGRESSIVE;
				CLANG_CXX_LANGUAGE_STANDARD = "gnu++14";
				CLANG_CXX_LIBRARY = "libc++";
				CLANG_ENABLE_MODULES = YES;
				CLANG_ENABLE_OBJC_ARC = YES;
				CLANG_ENABLE_OBJC_WEAK = YES;
				CLANG_WARN_BLOCK_CAPTURE_AUTORELEASING = YES;
				CLANG_WARN_BOOL_CONVERSION = YES;
				CLANG_WARN_COMMA = YES;
				CLANG_WARN_CONSTANT_CONVERSION = YES;
				CLANG_WARN_DEPRECATED_OBJC_IMPLEMENTATIONS = YES;
				CLANG_WARN_DIRECT_OBJC_ISA_USAGE = YES_ERROR;
				CLANG_WARN_DOCUMENTATION_COMMENTS = YES;
				CLANG_WARN_EMPTY_BODY = YES;
				CLANG_WARN_ENUM_CONVERSION = YES;
				CLANG_WARN_INFINITE_RECURSION = YES;
				CLANG_WARN_INT_CONVERSION = YES;
				CLANG_WARN_NON_LITERAL_NULL_CONVERSION = YES;
				CLANG_WARN_OBJC_IMPLICIT_RETAIN_SELF = YES;
				CLANG_WARN_OBJC_LITERAL_CONVERSION = YES;
				CLANG_WARN_OBJC_ROOT_CLASS = YES_ERROR;
				CLANG_WARN_RANGE_LOOP_ANALYSIS = YES;
				CLANG_WARN_STRICT_PROTOTYPES = YES;
				CLANG_WARN_SUSPICIOUS_MOVE = YES;
				CLANG_WARN_UNGUARDED_AVAILABILITY = YES_AGGRESSIVE;
				CLANG_WARN_UNREACHABLE_CODE = YES;
				CLANG_WARN__DUPLICATE_METHOD_MATCH = YES;
				CODE_SIGN_IDENTITY = "iPhone Developer";
				COPY_PHASE_STRIP = NO;
				DEBUG_INFORMATION_FORMAT = "dwarf-with-dsym";
				ENABLE_NS_ASSERTIONS = NO;
				ENABLE_STRICT_OBJC_MSGSEND = YES;
				GCC_C_LANGUAGE_STANDARD = gnu11;
				GCC_NO_COMMON_BLOCKS = YES;
				GCC_WARN_64_TO_32_BIT_CONVERSION = YES;
				GCC_WARN_ABOUT_RETURN_TYPE = YES_ERROR;
				GCC_WARN_UNDECLARED_SELECTOR = YES;
				GCC_WARN_UNINITIALIZED_AUTOS = YES_AGGRESSIVE;
				GCC_WARN_UNUSED_FUNCTION = YES;
				GCC_WARN_UNUSED_VARIABLE = YES;
				IPHONEOS_DEPLOYMENT_TARGET = 12.2;
				MTL_ENABLE_DEBUG_INFO = NO;
				MTL_FAST_MATH = YES;
				SDKROOT = iphoneos;
				SWIFT_COMPILATION_MODE = wholemodule;
				SWIFT_OPTIMIZATION_LEVEL = "-O";
				VALIDATE_PRODUCT = YES;
			};
			name = Release;
		};
		0433FDC6230CE84B00AC613A /* Debug */ = {
			isa = XCBuildConfiguration;
			baseConfigurationReference = EBE1579ABE8255B77B14B2C1 /* Pods-IdiomBus.debug.xcconfig */;
			buildSettings = {
				ASSETCATALOG_COMPILER_APPICON_NAME = AppIcon;
				CODE_SIGN_IDENTITY = "iPhone Distribution";
				CODE_SIGN_STYLE = Manual;
				DEVELOPMENT_TEAM = 5X2WH4D5N8;
				INFOPLIST_FILE = IdiomBus/Info.plist;
				IPHONEOS_DEPLOYMENT_TARGET = 10.0;
				LD_RUNPATH_SEARCH_PATHS = (
					"$(inherited)",
					"@executable_path/Frameworks",
				);
				PRODUCT_BUNDLE_IDENTIFIER = com.cheng.idiomBus;
				PRODUCT_NAME = "$(TARGET_NAME)";
				PROVISIONING_PROFILE_SPECIFIER = distribution_profile;
				SWIFT_OBJC_BRIDGING_HEADER = "$(PROJECT_DIR)/IdiomBus/idiomHeader.h";
				SWIFT_VERSION = 5.0;
				TARGETED_DEVICE_FAMILY = 1;
			};
			name = Debug;
		};
		0433FDC7230CE84B00AC613A /* Release */ = {
			isa = XCBuildConfiguration;
			baseConfigurationReference = 4CBC5B88FD5BB0EE83B86DE9 /* Pods-IdiomBus.release.xcconfig */;
			buildSettings = {
				ASSETCATALOG_COMPILER_APPICON_NAME = AppIcon;
				CODE_SIGN_IDENTITY = "iPhone Distribution";
				CODE_SIGN_STYLE = Manual;
				DEBUG_INFORMATION_FORMAT = dwarf;
				DEVELOPMENT_TEAM = 5X2WH4D5N8;
				INFOPLIST_FILE = IdiomBus/Info.plist;
				IPHONEOS_DEPLOYMENT_TARGET = 10.0;
				LD_RUNPATH_SEARCH_PATHS = (
					"$(inherited)",
					"@executable_path/Frameworks",
				);
				PRODUCT_BUNDLE_IDENTIFIER = com.cheng.idiomBus;
				PRODUCT_NAME = "$(TARGET_NAME)";
				PROVISIONING_PROFILE_SPECIFIER = distribution_profile;
				SWIFT_OBJC_BRIDGING_HEADER = "$(PROJECT_DIR)/IdiomBus/idiomHeader.h";
				SWIFT_VERSION = 5.0;
				TARGETED_DEVICE_FAMILY = 1;
			};
			name = Release;
		};
		0433FDC9230CE84B00AC613A /* Debug */ = {
			isa = XCBuildConfiguration;
			buildSettings = {
				ALWAYS_EMBED_SWIFT_STANDARD_LIBRARIES = YES;
				BUNDLE_LOADER = "$(TEST_HOST)";
				CODE_SIGN_STYLE = Automatic;
				INFOPLIST_FILE = idiomTests/Info.plist;
				LD_RUNPATH_SEARCH_PATHS = (
					"$(inherited)",
					"@executable_path/Frameworks",
					"@loader_path/Frameworks",
				);
				PRODUCT_BUNDLE_IDENTIFIER = sadf.idiomTests;
				PRODUCT_NAME = "$(TARGET_NAME)";
				SWIFT_VERSION = 5.0;
				TARGETED_DEVICE_FAMILY = "1,2";
				TEST_HOST = "$(BUILT_PRODUCTS_DIR)/IdiomBus.app/IdiomBus";
			};
			name = Debug;
		};
		0433FDCA230CE84B00AC613A /* Release */ = {
			isa = XCBuildConfiguration;
			buildSettings = {
				ALWAYS_EMBED_SWIFT_STANDARD_LIBRARIES = YES;
				BUNDLE_LOADER = "$(TEST_HOST)";
				CODE_SIGN_STYLE = Automatic;
				INFOPLIST_FILE = idiomTests/Info.plist;
				LD_RUNPATH_SEARCH_PATHS = (
					"$(inherited)",
					"@executable_path/Frameworks",
					"@loader_path/Frameworks",
				);
				PRODUCT_BUNDLE_IDENTIFIER = sadf.idiomTests;
				PRODUCT_NAME = "$(TARGET_NAME)";
				SWIFT_VERSION = 5.0;
				TARGETED_DEVICE_FAMILY = "1,2";
				TEST_HOST = "$(BUILT_PRODUCTS_DIR)/IdiomBus.app/IdiomBus";
			};
			name = Release;
		};
		0433FDCC230CE84B00AC613A /* Debug */ = {
			isa = XCBuildConfiguration;
			buildSettings = {
				ALWAYS_EMBED_SWIFT_STANDARD_LIBRARIES = YES;
				CODE_SIGN_STYLE = Automatic;
				INFOPLIST_FILE = idiomUITests/Info.plist;
				LD_RUNPATH_SEARCH_PATHS = (
					"$(inherited)",
					"@executable_path/Frameworks",
					"@loader_path/Frameworks",
				);
				PRODUCT_BUNDLE_IDENTIFIER = sadf.idiomUITests;
				PRODUCT_NAME = "$(TARGET_NAME)";
				SWIFT_VERSION = 5.0;
				TARGETED_DEVICE_FAMILY = "1,2";
				TEST_TARGET_NAME = IdiomBus;
			};
			name = Debug;
		};
		0433FDCD230CE84B00AC613A /* Release */ = {
			isa = XCBuildConfiguration;
			buildSettings = {
				ALWAYS_EMBED_SWIFT_STANDARD_LIBRARIES = YES;
				CODE_SIGN_STYLE = Automatic;
				INFOPLIST_FILE = idiomUITests/Info.plist;
				LD_RUNPATH_SEARCH_PATHS = (
					"$(inherited)",
					"@executable_path/Frameworks",
					"@loader_path/Frameworks",
				);
				PRODUCT_BUNDLE_IDENTIFIER = sadf.idiomUITests;
				PRODUCT_NAME = "$(TARGET_NAME)";
				SWIFT_VERSION = 5.0;
				TARGETED_DEVICE_FAMILY = "1,2";
				TEST_TARGET_NAME = IdiomBus;
			};
			name = Release;
		};
/* End XCBuildConfiguration section */

/* Begin XCConfigurationList section */
		0433FD98230CE84A00AC613A /* Build configuration list for PBXProject "IdiomBus" */ = {
			isa = XCConfigurationList;
			buildConfigurations = (
				0433FDC3230CE84B00AC613A /* Debug */,
				0433FDC4230CE84B00AC613A /* Release */,
			);
			defaultConfigurationIsVisible = 0;
			defaultConfigurationName = Release;
		};
		0433FDC5230CE84B00AC613A /* Build configuration list for PBXNativeTarget "IdiomBus" */ = {
			isa = XCConfigurationList;
			buildConfigurations = (
				0433FDC6230CE84B00AC613A /* Debug */,
				0433FDC7230CE84B00AC613A /* Release */,
			);
			defaultConfigurationIsVisible = 0;
			defaultConfigurationName = Release;
		};
		0433FDC8230CE84B00AC613A /* Build configuration list for PBXNativeTarget "idiomTests" */ = {
			isa = XCConfigurationList;
			buildConfigurations = (
				0433FDC9230CE84B00AC613A /* Debug */,
				0433FDCA230CE84B00AC613A /* Release */,
			);
			defaultConfigurationIsVisible = 0;
			defaultConfigurationName = Release;
		};
		0433FDCB230CE84B00AC613A /* Build configuration list for PBXNativeTarget "idiomUITests" */ = {
			isa = XCConfigurationList;
			buildConfigurations = (
				0433FDCC230CE84B00AC613A /* Debug */,
				0433FDCD230CE84B00AC613A /* Release */,
			);
			defaultConfigurationIsVisible = 0;
			defaultConfigurationName = Release;
		};
/* End XCConfigurationList section */
	};
	rootObject = 0433FD95230CE84A00AC613A /* Project object */;
}
